// !$*UTF8*$!
{
	archiveVersion = 1;
	classes = {
	};
	objectVersion = 46;
	objects = {

/* Begin PBXBuildFile section */
		AD1CF5341A68B45A00FA8F45 /* TBActionClockView.m in Sources */ = {isa = PBXBuildFile; fileRef = AD1CF5331A68B45A00FA8F45 /* TBActionClockView.m */; };
		AD37B3FE1A574B0100605351 /* main.m in Sources */ = {isa = PBXBuildFile; fileRef = AD37B3FD1A574B0100605351 /* main.m */; };
		AD37B4011A574B0100605351 /* TBAppDelegate.m in Sources */ = {isa = PBXBuildFile; fileRef = AD37B4001A574B0100605351 /* TBAppDelegate.m */; };
		AD37B4041A574B0100605351 /* TBTournamentsViewController.m in Sources */ = {isa = PBXBuildFile; fileRef = AD37B4031A574B0100605351 /* TBTournamentsViewController.m */; };
		AD37B4071A574B0100605351 /* TBRemoteClockViewController.m in Sources */ = {isa = PBXBuildFile; fileRef = AD37B4061A574B0100605351 /* TBRemoteClockViewController.m */; };
		AD37B40A1A574B0100605351 /* Main.storyboard in Resources */ = {isa = PBXBuildFile; fileRef = AD37B4081A574B0100605351 /* Main.storyboard */; };
		AD37B40C1A574B0100605351 /* Images.xcassets in Resources */ = {isa = PBXBuildFile; fileRef = AD37B40B1A574B0100605351 /* Images.xcassets */; };
		AD37B40F1A574B0100605351 /* LaunchScreen.xib in Resources */ = {isa = PBXBuildFile; fileRef = AD37B40D1A574B0100605351 /* LaunchScreen.xib */; };
		AD37B4251A5750B000605351 /* UIKit.framework in Frameworks */ = {isa = PBXBuildFile; fileRef = AD37B4241A5750B000605351 /* UIKit.framework */; };
		AD49306A1A87F63D008B1DCD /* FBKVOController.m in Sources */ = {isa = PBXBuildFile; fileRef = AD4930671A87F63D008B1DCD /* FBKVOController.m */; };
		AD49306B1A87F63D008B1DCD /* NSObject+FBKVOController.m in Sources */ = {isa = PBXBuildFile; fileRef = AD4930691A87F63D008B1DCD /* NSObject+FBKVOController.m */; };
		ADA121C81B0051410083D8AB /* libTournamentKit.a in Frameworks */ = {isa = PBXBuildFile; fileRef = ADA121C71B0051410083D8AB /* libTournamentKit.a */; };
		ADF9B9051A74881B00F2729F /* CFNetwork.framework in Frameworks */ = {isa = PBXBuildFile; fileRef = ADF9B9041A74881B00F2729F /* CFNetwork.framework */; };
		ADF9B90A1A75448200F2729F /* CoreGraphics.framework in Frameworks */ = {isa = PBXBuildFile; fileRef = AD1CF5351A68D6A000FA8F45 /* CoreGraphics.framework */; };
/* End PBXBuildFile section */

/* Begin PBXFileReference section */
		AD1CF5321A68B45A00FA8F45 /* TBActionClockView.h */ = {isa = PBXFileReference; fileEncoding = 4; lastKnownFileType = sourcecode.c.h; path = TBActionClockView.h; sourceTree = "<group>"; };
		AD1CF5331A68B45A00FA8F45 /* TBActionClockView.m */ = {isa = PBXFileReference; fileEncoding = 4; lastKnownFileType = sourcecode.c.objc; path = TBActionClockView.m; sourceTree = "<group>"; };
		AD1CF5351A68D6A000FA8F45 /* CoreGraphics.framework */ = {isa = PBXFileReference; lastKnownFileType = wrapper.framework; name = CoreGraphics.framework; path = System/Library/Frameworks/CoreGraphics.framework; sourceTree = SDKROOT; };
		AD37B3F81A574B0100605351 /* TBRemote.app */ = {isa = PBXFileReference; explicitFileType = wrapper.application; includeInIndex = 0; path = TBRemote.app; sourceTree = BUILT_PRODUCTS_DIR; };
		AD37B3FC1A574B0100605351 /* Info.plist */ = {isa = PBXFileReference; lastKnownFileType = text.plist.xml; path = Info.plist; sourceTree = "<group>"; };
		AD37B3FD1A574B0100605351 /* main.m */ = {isa = PBXFileReference; lastKnownFileType = sourcecode.c.objc; path = main.m; sourceTree = "<group>"; };
		AD37B3FF1A574B0100605351 /* TBAppDelegate.h */ = {isa = PBXFileReference; lastKnownFileType = sourcecode.c.h; path = TBAppDelegate.h; sourceTree = "<group>"; };
		AD37B4001A574B0100605351 /* TBAppDelegate.m */ = {isa = PBXFileReference; lastKnownFileType = sourcecode.c.objc; path = TBAppDelegate.m; sourceTree = "<group>"; };
		AD37B4021A574B0100605351 /* TBTournamentsViewController.h */ = {isa = PBXFileReference; lastKnownFileType = sourcecode.c.h; path = TBTournamentsViewController.h; sourceTree = "<group>"; };
		AD37B4031A574B0100605351 /* TBTournamentsViewController.m */ = {isa = PBXFileReference; lastKnownFileType = sourcecode.c.objc; path = TBTournamentsViewController.m; sourceTree = "<group>"; };
		AD37B4051A574B0100605351 /* TBRemoteClockViewController.h */ = {isa = PBXFileReference; lastKnownFileType = sourcecode.c.h; path = TBRemoteClockViewController.h; sourceTree = "<group>"; };
		AD37B4061A574B0100605351 /* TBRemoteClockViewController.m */ = {isa = PBXFileReference; lastKnownFileType = sourcecode.c.objc; path = TBRemoteClockViewController.m; sourceTree = "<group>"; };
		AD37B4091A574B0100605351 /* Base */ = {isa = PBXFileReference; lastKnownFileType = file.storyboard; name = Base; path = Base.lproj/Main.storyboard; sourceTree = "<group>"; };
		AD37B40B1A574B0100605351 /* Images.xcassets */ = {isa = PBXFileReference; lastKnownFileType = folder.assetcatalog; path = Images.xcassets; sourceTree = "<group>"; };
		AD37B40E1A574B0100605351 /* Base */ = {isa = PBXFileReference; lastKnownFileType = file.xib; name = Base; path = Base.lproj/LaunchScreen.xib; sourceTree = "<group>"; };
		AD37B4241A5750B000605351 /* UIKit.framework */ = {isa = PBXFileReference; lastKnownFileType = wrapper.framework; name = UIKit.framework; path = System/Library/Frameworks/UIKit.framework; sourceTree = SDKROOT; };
		AD4930661A87F63D008B1DCD /* FBKVOController.h */ = {isa = PBXFileReference; fileEncoding = 4; lastKnownFileType = sourcecode.c.h; path = FBKVOController.h; sourceTree = "<group>"; };
		AD4930671A87F63D008B1DCD /* FBKVOController.m */ = {isa = PBXFileReference; fileEncoding = 4; lastKnownFileType = sourcecode.c.objc; path = FBKVOController.m; sourceTree = "<group>"; };
		AD4930681A87F63D008B1DCD /* NSObject+FBKVOController.h */ = {isa = PBXFileReference; fileEncoding = 4; lastKnownFileType = sourcecode.c.h; path = "NSObject+FBKVOController.h"; sourceTree = "<group>"; };
		AD4930691A87F63D008B1DCD /* NSObject+FBKVOController.m */ = {isa = PBXFileReference; fileEncoding = 4; lastKnownFileType = sourcecode.c.objc; path = "NSObject+FBKVOController.m"; sourceTree = "<group>"; };
		ADA121C71B0051410083D8AB /* libTournamentKit.a */ = {isa = PBXFileReference; lastKnownFileType = archive.ar; name = libTournamentKit.a; path = "build/Debug-iphoneos/libTournamentKit.a"; sourceTree = "<group>"; };
		ADF9B9041A74881B00F2729F /* CFNetwork.framework */ = {isa = PBXFileReference; lastKnownFileType = wrapper.framework; name = CFNetwork.framework; path = System/Library/Frameworks/CFNetwork.framework; sourceTree = SDKROOT; };
		ADFA14DE1A6ACDF700611E6B /* TournamentKit.framework */ = {isa = PBXFileReference; lastKnownFileType = wrapper.framework; name = TournamentKit.framework; path = "../../Library/Developer/Xcode/DerivedData/td-gthwrjjcxccbyaganrpuaqshoxjq/Build/Products/Debug/TournamentKit.framework"; sourceTree = "<group>"; };
/* End PBXFileReference section */

/* Begin PBXFrameworksBuildPhase section */
		AD37B3F51A574B0100605351 /* Frameworks */ = {
			isa = PBXFrameworksBuildPhase;
			buildActionMask = 2147483647;
			files = (
				ADA121C81B0051410083D8AB /* libTournamentKit.a in Frameworks */,
				AD37B4251A5750B000605351 /* UIKit.framework in Frameworks */,
				ADF9B90A1A75448200F2729F /* CoreGraphics.framework in Frameworks */,
				ADF9B9051A74881B00F2729F /* CFNetwork.framework in Frameworks */,
			);
			runOnlyForDeploymentPostprocessing = 0;
		};
/* End PBXFrameworksBuildPhase section */

/* Begin PBXGroup section */
		AD37B3EF1A574B0100605351 = {
			isa = PBXGroup;
			children = (
				AD37B3FA1A574B0100605351 /* TBRemote */,
				AD37B4281A5750DA00605351 /* Frameworks */,
				AD37B3F91A574B0100605351 /* Products */,
			);
			sourceTree = "<group>";
		};
		AD37B3F91A574B0100605351 /* Products */ = {
			isa = PBXGroup;
			children = (
				AD37B3F81A574B0100605351 /* TBRemote.app */,
			);
			name = Products;
			sourceTree = "<group>";
		};
		AD37B3FA1A574B0100605351 /* TBRemote */ = {
			isa = PBXGroup;
			children = (
				AD1CF5321A68B45A00FA8F45 /* TBActionClockView.h */,
				AD1CF5331A68B45A00FA8F45 /* TBActionClockView.m */,
				AD37B3FF1A574B0100605351 /* TBAppDelegate.h */,
				AD37B4001A574B0100605351 /* TBAppDelegate.m */,
				AD37B4021A574B0100605351 /* TBTournamentsViewController.h */,
				AD37B4031A574B0100605351 /* TBTournamentsViewController.m */,
				AD37B4051A574B0100605351 /* TBRemoteClockViewController.h */,
				AD37B4061A574B0100605351 /* TBRemoteClockViewController.m */,
				AD37B4081A574B0100605351 /* Main.storyboard */,
				AD37B40B1A574B0100605351 /* Images.xcassets */,
				AD37B40D1A574B0100605351 /* LaunchScreen.xib */,
				AD37B3FB1A574B0100605351 /* Supporting Files */,
			);
			path = TBRemote;
			sourceTree = "<group>";
		};
		AD37B3FB1A574B0100605351 /* Supporting Files */ = {
			isa = PBXGroup;
			children = (
				AD4930661A87F63D008B1DCD /* FBKVOController.h */,
				AD4930671A87F63D008B1DCD /* FBKVOController.m */,
				AD4930681A87F63D008B1DCD /* NSObject+FBKVOController.h */,
				AD4930691A87F63D008B1DCD /* NSObject+FBKVOController.m */,
				AD37B3FC1A574B0100605351 /* Info.plist */,
				AD37B3FD1A574B0100605351 /* main.m */,
			);
			name = "Supporting Files";
			sourceTree = "<group>";
		};
		AD37B4281A5750DA00605351 /* Frameworks */ = {
			isa = PBXGroup;
			children = (
				ADA121C71B0051410083D8AB /* libTournamentKit.a */,
				AD37B4241A5750B000605351 /* UIKit.framework */,
				ADF9B9041A74881B00F2729F /* CFNetwork.framework */,
				ADFA14DE1A6ACDF700611E6B /* TournamentKit.framework */,
				AD1CF5351A68D6A000FA8F45 /* CoreGraphics.framework */,
			);
			name = Frameworks;
			sourceTree = "<group>";
		};
/* End PBXGroup section */

/* Begin PBXNativeTarget section */
		AD37B3F71A574B0100605351 /* TBRemote */ = {
			isa = PBXNativeTarget;
			buildConfigurationList = AD37B41E1A574B0100605351 /* Build configuration list for PBXNativeTarget "TBRemote" */;
			buildPhases = (
				AD37B3F41A574B0100605351 /* Sources */,
				AD37B3F51A574B0100605351 /* Frameworks */,
				AD37B3F61A574B0100605351 /* Resources */,
			);
			buildRules = (
			);
			dependencies = (
			);
			name = TBRemote;
			productName = TBRemote;
			productReference = AD37B3F81A574B0100605351 /* TBRemote.app */;
			productType = "com.apple.product-type.application";
		};
/* End PBXNativeTarget section */

/* Begin PBXProject section */
		AD37B3F01A574B0100605351 /* Project object */ = {
			isa = PBXProject;
			attributes = {
				LastUpgradeCheck = 0610;
				ORGANIZATIONNAME = "HDna Studio";
				TargetAttributes = {
					AD37B3F71A574B0100605351 = {
						CreatedOnToolsVersion = 6.1;
					};
				};
			};
			buildConfigurationList = AD37B3F31A574B0100605351 /* Build configuration list for PBXProject "TBRemote" */;
			compatibilityVersion = "Xcode 3.2";
			developmentRegion = English;
			hasScannedForEncodings = 0;
			knownRegions = (
				en,
				Base,
			);
			mainGroup = AD37B3EF1A574B0100605351;
			productRefGroup = AD37B3F91A574B0100605351 /* Products */;
			projectDirPath = "";
			projectRoot = "";
			targets = (
				AD37B3F71A574B0100605351 /* TBRemote */,
			);
		};
/* End PBXProject section */

/* Begin PBXResourcesBuildPhase section */
		AD37B3F61A574B0100605351 /* Resources */ = {
			isa = PBXResourcesBuildPhase;
			buildActionMask = 2147483647;
			files = (
				AD37B40A1A574B0100605351 /* Main.storyboard in Resources */,
				AD37B40F1A574B0100605351 /* LaunchScreen.xib in Resources */,
				AD37B40C1A574B0100605351 /* Images.xcassets in Resources */,
			);
			runOnlyForDeploymentPostprocessing = 0;
		};
/* End PBXResourcesBuildPhase section */

/* Begin PBXSourcesBuildPhase section */
		AD37B3F41A574B0100605351 /* Sources */ = {
			isa = PBXSourcesBuildPhase;
			buildActionMask = 2147483647;
			files = (
				AD37B4071A574B0100605351 /* TBRemoteClockViewController.m in Sources */,
				AD37B4011A574B0100605351 /* TBAppDelegate.m in Sources */,
				AD1CF5341A68B45A00FA8F45 /* TBActionClockView.m in Sources */,
				AD37B4041A574B0100605351 /* TBTournamentsViewController.m in Sources */,
				AD49306A1A87F63D008B1DCD /* FBKVOController.m in Sources */,
				AD37B3FE1A574B0100605351 /* main.m in Sources */,
				AD49306B1A87F63D008B1DCD /* NSObject+FBKVOController.m in Sources */,
			);
			runOnlyForDeploymentPostprocessing = 0;
		};
/* End PBXSourcesBuildPhase section */

/* Begin PBXVariantGroup section */
		AD37B4081A574B0100605351 /* Main.storyboard */ = {
			isa = PBXVariantGroup;
			children = (
				AD37B4091A574B0100605351 /* Base */,
			);
			name = Main.storyboard;
			sourceTree = "<group>";
		};
		AD37B40D1A574B0100605351 /* LaunchScreen.xib */ = {
			isa = PBXVariantGroup;
			children = (
				AD37B40E1A574B0100605351 /* Base */,
			);
			name = LaunchScreen.xib;
			sourceTree = "<group>";
		};
/* End PBXVariantGroup section */

/* Begin XCBuildConfiguration section */
		AD37B41C1A574B0100605351 /* Debug */ = {
			isa = XCBuildConfiguration;
			buildSettings = {
				CLANG_ENABLE_OBJC_ARC = YES;
				CLANG_WARN_BOOL_CONVERSION = YES;
				CLANG_WARN_CONSTANT_CONVERSION = YES;
				CLANG_WARN_DIRECT_OBJC_ISA_USAGE = YES_ERROR;
				CLANG_WARN_EMPTY_BODY = YES;
				CLANG_WARN_ENUM_CONVERSION = YES;
				CLANG_WARN_INT_CONVERSION = YES;
				CLANG_WARN_OBJC_ROOT_CLASS = YES_ERROR;
				CLANG_WARN_UNREACHABLE_CODE = YES;
				CLANG_WARN__DUPLICATE_METHOD_MATCH = YES;
				"CODE_SIGN_IDENTITY[sdk=iphoneos*]" = "iPhone Developer";
				COPY_PHASE_STRIP = NO;
				ENABLE_STRICT_OBJC_MSGSEND = YES;
				GCC_OPTIMIZATION_LEVEL = 0;
				GCC_PREPROCESSOR_DEFINITIONS = (
					"DEBUG=1",
					"$(inherited)",
				);
				GCC_WARN_64_TO_32_BIT_CONVERSION = YES;
				GCC_WARN_ABOUT_RETURN_TYPE = YES_ERROR;
				GCC_WARN_UNDECLARED_SELECTOR = YES;
				GCC_WARN_UNINITIALIZED_AUTOS = YES_AGGRESSIVE;
				GCC_WARN_UNUSED_FUNCTION = YES;
				GCC_WARN_UNUSED_VARIABLE = YES;
				MTL_ENABLE_DEBUG_INFO = YES;
				ONLY_ACTIVE_ARCH = YES;
				SDKROOT = iphoneos;
			};
			name = Debug;
		};
		AD37B41D1A574B0100605351 /* Release */ = {
			isa = XCBuildConfiguration;
			buildSettings = {
				CLANG_ENABLE_OBJC_ARC = YES;
				CLANG_WARN_BOOL_CONVERSION = YES;
				CLANG_WARN_CONSTANT_CONVERSION = YES;
				CLANG_WARN_DIRECT_OBJC_ISA_USAGE = YES_ERROR;
				CLANG_WARN_EMPTY_BODY = YES;
				CLANG_WARN_ENUM_CONVERSION = YES;
				CLANG_WARN_INT_CONVERSION = YES;
				CLANG_WARN_OBJC_ROOT_CLASS = YES_ERROR;
				CLANG_WARN_UNREACHABLE_CODE = YES;
				CLANG_WARN__DUPLICATE_METHOD_MATCH = YES;
				"CODE_SIGN_IDENTITY[sdk=iphoneos*]" = "iPhone Developer";
				ENABLE_NS_ASSERTIONS = NO;
				ENABLE_STRICT_OBJC_MSGSEND = YES;
				GCC_WARN_64_TO_32_BIT_CONVERSION = YES;
				GCC_WARN_ABOUT_RETURN_TYPE = YES_ERROR;
				GCC_WARN_UNDECLARED_SELECTOR = YES;
				GCC_WARN_UNINITIALIZED_AUTOS = YES_AGGRESSIVE;
				GCC_WARN_UNUSED_FUNCTION = YES;
				GCC_WARN_UNUSED_VARIABLE = YES;
				MTL_ENABLE_DEBUG_INFO = NO;
				SDKROOT = iphoneos;
				VALIDATE_PRODUCT = YES;
			};
			name = Release;
		};
		AD37B41F1A574B0100605351 /* Debug */ = {
			isa = XCBuildConfiguration;
			buildSettings = {
				ASSETCATALOG_COMPILER_APPICON_NAME = AppIcon;
				ASSETCATALOG_COMPILER_LAUNCHIMAGE_NAME = LaunchImage;
				FRAMEWORK_SEARCH_PATHS = "$(inherited)";
				INFOPLIST_FILE = TBRemote/Info.plist;
				IPHONEOS_DEPLOYMENT_TARGET = 6.0;
				LD_RUNPATH_SEARCH_PATHS = "$(inherited) @executable_path/Frameworks";
				LIBRARY_SEARCH_PATHS = (
					"$(inherited)",
					"$(BUILT_PRODUCTS_DIR)",
					"$(PROJECT_DIR)/build/Debug-iphoneos",
				);
				OTHER_LDFLAGS = (
					"-ObjC",
					"-all_load",
					"-lc++",
				);
				PRODUCT_NAME = "$(TARGET_NAME)";
			};
			name = Debug;
		};
		AD37B4201A574B0100605351 /* Release */ = {
			isa = XCBuildConfiguration;
			buildSettings = {
				ASSETCATALOG_COMPILER_APPICON_NAME = AppIcon;
				ASSETCATALOG_COMPILER_LAUNCHIMAGE_NAME = LaunchImage;
				FRAMEWORK_SEARCH_PATHS = "$(inherited)";
				INFOPLIST_FILE = TBRemote/Info.plist;
				IPHONEOS_DEPLOYMENT_TARGET = 6.0;
				LD_RUNPATH_SEARCH_PATHS = "$(inherited) @executable_path/Frameworks";
				LIBRARY_SEARCH_PATHS = (
					"$(inherited)",
					"$(BUILT_PRODUCTS_DIR)",
					"$(PROJECT_DIR)/build/Debug-iphoneos",
				);
				OTHER_LDFLAGS = (
					"-ObjC",
					"-all_load",
					"-lc++",
				);
				PRODUCT_NAME = "$(TARGET_NAME)";
			};
			name = Release;
		};
/* End XCBuildConfiguration section */

/* Begin XCConfigurationList section */
		AD37B3F31A574B0100605351 /* Build configuration list for PBXProject "TBRemote" */ = {
			isa = XCConfigurationList;
			buildConfigurations = (
				AD37B41C1A574B0100605351 /* Debug */,
				AD37B41D1A574B0100605351 /* Release */,
			);
			defaultConfigurationIsVisible = 0;
			defaultConfigurationName = Release;
		};
		AD37B41E1A574B0100605351 /* Build configuration list for PBXNativeTarget "TBRemote" */ = {
			isa = XCConfigurationList;
			buildConfigurations = (
				AD37B41F1A574B0100605351 /* Debug */,
				AD37B4201A574B0100605351 /* Release */,
			);
			defaultConfigurationIsVisible = 0;
			defaultConfigurationName = Release;
		};
/* End XCConfigurationList section */
	};
	rootObject = AD37B3F01A574B0100605351 /* Project object */;
}
