// !$*UTF8*$!
{
	archiveVersion = 1;
	classes = {
	};
	objectVersion = 46;
	objects = {

/* Begin PBXBuildFile section */
		AD37B3B01A57147800605351 /* tournament_client.h in Headers */ = {isa = PBXBuildFile; fileRef = AD37B3AF1A57147800605351 /* tournament_client.h */; settings = {ATTRIBUTES = (Public, ); }; };
		AD37B3B61A57147800605351 /* tournament_client_osx.framework in Frameworks */ = {isa = PBXBuildFile; fileRef = AD37B3AA1A57147800605351 /* tournament_client_osx.framework */; };
		AD37B3BD1A57147800605351 /* tournament_client_tests.m in Sources */ = {isa = PBXBuildFile; fileRef = AD37B3BC1A57147800605351 /* tournament_client_tests.m */; };
/* End PBXBuildFile section */

/* Begin PBXContainerItemProxy section */
		AD37B3B71A57147800605351 /* PBXContainerItemProxy */ = {
			isa = PBXContainerItemProxy;
			containerPortal = AD37B3A11A57147800605351 /* Project object */;
			proxyType = 1;
			remoteGlobalIDString = AD37B3A91A57147800605351;
			remoteInfo = tournament_client;
		};
/* End PBXContainerItemProxy section */

/* Begin PBXFileReference section */
		AD37B3AA1A57147800605351 /* tournament_client_osx.framework */ = {isa = PBXFileReference; explicitFileType = wrapper.framework; includeInIndex = 0; path = tournament_client_osx.framework; sourceTree = BUILT_PRODUCTS_DIR; };
		AD37B3AE1A57147800605351 /* Info.plist */ = {isa = PBXFileReference; lastKnownFileType = text.plist.xml; path = Info.plist; sourceTree = "<group>"; };
		AD37B3AF1A57147800605351 /* tournament_client.h */ = {isa = PBXFileReference; lastKnownFileType = sourcecode.c.h; path = tournament_client.h; sourceTree = "<group>"; };
		AD37B3B51A57147800605351 /* tournament_client_tests.xctest */ = {isa = PBXFileReference; explicitFileType = wrapper.cfbundle; includeInIndex = 0; path = tournament_client_tests.xctest; sourceTree = BUILT_PRODUCTS_DIR; };
		AD37B3BB1A57147800605351 /* Info.plist */ = {isa = PBXFileReference; lastKnownFileType = text.plist.xml; path = Info.plist; sourceTree = "<group>"; };
		AD37B3BC1A57147800605351 /* tournament_client_tests.m */ = {isa = PBXFileReference; lastKnownFileType = sourcecode.c.objc; path = tournament_client_tests.m; sourceTree = "<group>"; };
/* End PBXFileReference section */

/* Begin PBXFrameworksBuildPhase section */
		AD37B3A61A57147800605351 /* Frameworks */ = {
			isa = PBXFrameworksBuildPhase;
			buildActionMask = 2147483647;
			files = (
			);
			runOnlyForDeploymentPostprocessing = 0;
		};
		AD37B3B21A57147800605351 /* Frameworks */ = {
			isa = PBXFrameworksBuildPhase;
			buildActionMask = 2147483647;
			files = (
				AD37B3B61A57147800605351 /* tournament_client_osx.framework in Frameworks */,
			);
			runOnlyForDeploymentPostprocessing = 0;
		};
/* End PBXFrameworksBuildPhase section */

/* Begin PBXGroup section */
		AD37B3A01A57147800605351 = {
			isa = PBXGroup;
			children = (
				AD37B3AC1A57147800605351 /* tournament_client */,
				AD37B3B91A57147800605351 /* tournament_client_tests */,
				AD37B3AB1A57147800605351 /* Products */,
			);
			sourceTree = "<group>";
		};
		AD37B3AB1A57147800605351 /* Products */ = {
			isa = PBXGroup;
			children = (
				AD37B3AA1A57147800605351 /* tournament_client_osx.framework */,
				AD37B3B51A57147800605351 /* tournament_client_tests.xctest */,
			);
			name = Products;
			sourceTree = "<group>";
		};
		AD37B3AC1A57147800605351 /* tournament_client */ = {
			isa = PBXGroup;
			children = (
				AD37B3AF1A57147800605351 /* tournament_client.h */,
				AD37B3AD1A57147800605351 /* Supporting Files */,
			);
			path = tournament_client;
			sourceTree = "<group>";
		};
		AD37B3AD1A57147800605351 /* Supporting Files */ = {
			isa = PBXGroup;
			children = (
				AD37B3AE1A57147800605351 /* Info.plist */,
			);
			name = "Supporting Files";
			sourceTree = "<group>";
		};
		AD37B3B91A57147800605351 /* tournament_client_tests */ = {
			isa = PBXGroup;
			children = (
				AD37B3BC1A57147800605351 /* tournament_client_tests.m */,
				AD37B3BA1A57147800605351 /* Supporting Files */,
			);
			path = tournament_client_tests;
			sourceTree = "<group>";
		};
		AD37B3BA1A57147800605351 /* Supporting Files */ = {
			isa = PBXGroup;
			children = (
				AD37B3BB1A57147800605351 /* Info.plist */,
			);
			name = "Supporting Files";
			sourceTree = "<group>";
		};
/* End PBXGroup section */

/* Begin PBXHeadersBuildPhase section */
		AD37B3A71A57147800605351 /* Headers */ = {
			isa = PBXHeadersBuildPhase;
			buildActionMask = 2147483647;
			files = (
				AD37B3B01A57147800605351 /* tournament_client.h in Headers */,
			);
			runOnlyForDeploymentPostprocessing = 0;
		};
/* End PBXHeadersBuildPhase section */

/* Begin PBXNativeTarget section */
		AD37B3A91A57147800605351 /* tournament_client */ = {
			isa = PBXNativeTarget;
			buildConfigurationList = AD37B3C01A57147800605351 /* Build configuration list for PBXNativeTarget "tournament_client" */;
			buildPhases = (
				AD37B3A51A57147800605351 /* Sources */,
				AD37B3A61A57147800605351 /* Frameworks */,
				AD37B3A71A57147800605351 /* Headers */,
				AD37B3A81A57147800605351 /* Resources */,
			);
			buildRules = (
			);
			dependencies = (
			);
			name = tournament_client;
			productName = tournament_client;
			productReference = AD37B3AA1A57147800605351 /* tournament_client_osx.framework */;
			productType = "com.apple.product-type.framework";
		};
		AD37B3B41A57147800605351 /* tournament_client_tests */ = {
			isa = PBXNativeTarget;
			buildConfigurationList = AD37B3C31A57147800605351 /* Build configuration list for PBXNativeTarget "tournament_client_tests" */;
			buildPhases = (
				AD37B3B11A57147800605351 /* Sources */,
				AD37B3B21A57147800605351 /* Frameworks */,
				AD37B3B31A57147800605351 /* Resources */,
			);
			buildRules = (
			);
			dependencies = (
				AD37B3B81A57147800605351 /* PBXTargetDependency */,
			);
			name = tournament_client_tests;
			productName = tournament_client_tests;
			productReference = AD37B3B51A57147800605351 /* tournament_client_tests.xctest */;
			productType = "com.apple.product-type.bundle.unit-test";
		};
/* End PBXNativeTarget section */

/* Begin PBXProject section */
		AD37B3A11A57147800605351 /* Project object */ = {
			isa = PBXProject;
			attributes = {
				LastUpgradeCheck = 0610;
				ORGANIZATIONNAME = "HDna Studio";
				TargetAttributes = {
					AD37B3A91A57147800605351 = {
						CreatedOnToolsVersion = 6.1;
					};
					AD37B3B41A57147800605351 = {
						CreatedOnToolsVersion = 6.1;
					};
				};
			};
			buildConfigurationList = AD37B3A41A57147800605351 /* Build configuration list for PBXProject "tournament_client" */;
			compatibilityVersion = "Xcode 3.2";
			developmentRegion = English;
			hasScannedForEncodings = 0;
			knownRegions = (
				en,
			);
			mainGroup = AD37B3A01A57147800605351;
			productRefGroup = AD37B3AB1A57147800605351 /* Products */;
			projectDirPath = "";
			projectRoot = "";
			targets = (
				AD37B3A91A57147800605351 /* tournament_client */,
				AD37B3B41A57147800605351 /* tournament_client_tests */,
			);
		};
/* End PBXProject section */

/* Begin PBXResourcesBuildPhase section */
		AD37B3A81A57147800605351 /* Resources */ = {
			isa = PBXResourcesBuildPhase;
			buildActionMask = 2147483647;
			files = (
			);
			runOnlyForDeploymentPostprocessing = 0;
		};
		AD37B3B31A57147800605351 /* Resources */ = {
			isa = PBXResourcesBuildPhase;
			buildActionMask = 2147483647;
			files = (
			);
			runOnlyForDeploymentPostprocessing = 0;
		};
/* End PBXResourcesBuildPhase section */

/* Begin PBXSourcesBuildPhase section */
		AD37B3A51A57147800605351 /* Sources */ = {
			isa = PBXSourcesBuildPhase;
			buildActionMask = 2147483647;
			files = (
			);
			runOnlyForDeploymentPostprocessing = 0;
		};
		AD37B3B11A57147800605351 /* Sources */ = {
			isa = PBXSourcesBuildPhase;
			buildActionMask = 2147483647;
			files = (
				AD37B3BD1A57147800605351 /* tournament_client_tests.m in Sources */,
			);
			runOnlyForDeploymentPostprocessing = 0;
		};
/* End PBXSourcesBuildPhase section */

/* Begin PBXTargetDependency section */
		AD37B3B81A57147800605351 /* PBXTargetDependency */ = {
			isa = PBXTargetDependency;
			target = AD37B3A91A57147800605351 /* tournament_client */;
			targetProxy = AD37B3B71A57147800605351 /* PBXContainerItemProxy */;
		};
/* End PBXTargetDependency section */

/* Begin XCBuildConfiguration section */
		AD37B3BE1A57147800605351 /* Debug */ = {
			isa = XCBuildConfiguration;
			buildSettings = {
				CLANG_CXX_LANGUAGE_STANDARD = "c++0x";
				CLANG_CXX_LIBRARY = "libc++";
				CLANG_WARN_BOOL_CONVERSION = YES;
				CLANG_WARN_CONSTANT_CONVERSION = YES;
				CLANG_WARN_DIRECT_OBJC_ISA_USAGE = YES_ERROR;
				CLANG_WARN_EMPTY_BODY = YES;
				CLANG_WARN_ENUM_CONVERSION = YES;
				CLANG_WARN_INT_CONVERSION = YES;
				CLANG_WARN_OBJC_ROOT_CLASS = YES_ERROR;
				CLANG_WARN_UNREACHABLE_CODE = YES;
				CLANG_WARN__DUPLICATE_METHOD_MATCH = YES;
				COPY_PHASE_STRIP = NO;
				CURRENT_PROJECT_VERSION = 1;
				ENABLE_STRICT_OBJC_MSGSEND = YES;
				GCC_C_LANGUAGE_STANDARD = c99;
				GCC_OPTIMIZATION_LEVEL = 0;
				GCC_PREPROCESSOR_DEFINITIONS = (
					"DEBUG=1",
					"$(inherited)",
				);
				GCC_WARN_64_TO_32_BIT_CONVERSION = YES;
				GCC_WARN_ABOUT_RETURN_TYPE = YES_ERROR;
				GCC_WARN_UNDECLARED_SELECTOR = YES;
				GCC_WARN_UNINITIALIZED_AUTOS = YES_AGGRESSIVE;
				GCC_WARN_UNUSED_FUNCTION = YES;
				GCC_WARN_UNUSED_VARIABLE = YES;
				ONLY_ACTIVE_ARCH = YES;
				SDKROOT = macosx;
				VERSIONING_SYSTEM = "apple-generic";
				VERSION_INFO_PREFIX = "";
			};
			name = Debug;
		};
		AD37B3BF1A57147800605351 /* Release */ = {
			isa = XCBuildConfiguration;
			buildSettings = {
				CLANG_CXX_LANGUAGE_STANDARD = "c++0x";
				CLANG_CXX_LIBRARY = "libc++";
				CLANG_WARN_BOOL_CONVERSION = YES;
				CLANG_WARN_CONSTANT_CONVERSION = YES;
				CLANG_WARN_DIRECT_OBJC_ISA_USAGE = YES_ERROR;
				CLANG_WARN_EMPTY_BODY = YES;
				CLANG_WARN_ENUM_CONVERSION = YES;
				CLANG_WARN_INT_CONVERSION = YES;
				CLANG_WARN_OBJC_ROOT_CLASS = YES_ERROR;
				CLANG_WARN_UNREACHABLE_CODE = YES;
				CLANG_WARN__DUPLICATE_METHOD_MATCH = YES;
				CURRENT_PROJECT_VERSION = 1;
				DEBUG_INFORMATION_FORMAT = "dwarf-with-dsym";
				ENABLE_NS_ASSERTIONS = NO;
				ENABLE_STRICT_OBJC_MSGSEND = YES;
				GCC_C_LANGUAGE_STANDARD = c99;
				GCC_WARN_64_TO_32_BIT_CONVERSION = YES;
				GCC_WARN_ABOUT_RETURN_TYPE = YES_ERROR;
				GCC_WARN_UNDECLARED_SELECTOR = YES;
				GCC_WARN_UNINITIALIZED_AUTOS = YES_AGGRESSIVE;
				GCC_WARN_UNUSED_FUNCTION = YES;
				GCC_WARN_UNUSED_VARIABLE = YES;
				SDKROOT = macosx;
				VERSIONING_SYSTEM = "apple-generic";
				VERSION_INFO_PREFIX = "";
			};
			name = Release;
		};
		AD37B3C11A57147800605351 /* Debug */ = {
			isa = XCBuildConfiguration;
			buildSettings = {
				COMBINE_HIDPI_IMAGES = YES;
				DEFINES_MODULE = YES;
				DYLIB_COMPATIBILITY_VERSION = 1;
				DYLIB_CURRENT_VERSION = 1;
				DYLIB_INSTALL_NAME_BASE = "@rpath";
				FRAMEWORK_VERSION = A;
				INFOPLIST_FILE = tournament_client/Info.plist;
				INSTALL_PATH = "$(LOCAL_LIBRARY_DIR)/Frameworks";
				LD_RUNPATH_SEARCH_PATHS = "$(inherited) @executable_path/../Frameworks @loader_path/Frameworks";
				PRODUCT_NAME = "$(TARGET_NAME)_osx";
				SKIP_INSTALL = YES;
			};
			name = Debug;
		};
		AD37B3C21A57147800605351 /* Release */ = {
			isa = XCBuildConfiguration;
			buildSettings = {
				COMBINE_HIDPI_IMAGES = YES;
				DEFINES_MODULE = YES;
				DYLIB_COMPATIBILITY_VERSION = 1;
				DYLIB_CURRENT_VERSION = 1;
				DYLIB_INSTALL_NAME_BASE = "@rpath";
				FRAMEWORK_VERSION = A;
				INFOPLIST_FILE = tournament_client/Info.plist;
				INSTALL_PATH = "$(LOCAL_LIBRARY_DIR)/Frameworks";
				LD_RUNPATH_SEARCH_PATHS = "$(inherited) @executable_path/../Frameworks @loader_path/Frameworks";
				PRODUCT_NAME = "$(TARGET_NAME)_osx";
				SKIP_INSTALL = YES;
			};
			name = Release;
		};
		AD37B3C41A57147800605351 /* Debug */ = {
			isa = XCBuildConfiguration;
			buildSettings = {
				COMBINE_HIDPI_IMAGES = YES;
				FRAMEWORK_SEARCH_PATHS = (
					"$(DEVELOPER_FRAMEWORKS_DIR)",
					"$(inherited)",
				);
				GCC_PREPROCESSOR_DEFINITIONS = (
					"DEBUG=1",
					"$(inherited)",
				);
				INFOPLIST_FILE = tournament_client_tests/Info.plist;
				LD_RUNPATH_SEARCH_PATHS = "$(inherited) @executable_path/../Frameworks @loader_path/../Frameworks";
				PRODUCT_NAME = "$(TARGET_NAME)";
			};
			name = Debug;
		};
		AD37B3C51A57147800605351 /* Release */ = {
			isa = XCBuildConfiguration;
			buildSettings = {
				COMBINE_HIDPI_IMAGES = YES;
				FRAMEWORK_SEARCH_PATHS = (
					"$(DEVELOPER_FRAMEWORKS_DIR)",
					"$(inherited)",
				);
				INFOPLIST_FILE = tournament_client_tests/Info.plist;
				LD_RUNPATH_SEARCH_PATHS = "$(inherited) @executable_path/../Frameworks @loader_path/../Frameworks";
				PRODUCT_NAME = "$(TARGET_NAME)";
			};
			name = Release;
		};
/* End XCBuildConfiguration section */

/* Begin XCConfigurationList section */
		AD37B3A41A57147800605351 /* Build configuration list for PBXProject "tournament_client" */ = {
			isa = XCConfigurationList;
			buildConfigurations = (
				AD37B3BE1A57147800605351 /* Debug */,
				AD37B3BF1A57147800605351 /* Release */,
			);
			defaultConfigurationIsVisible = 0;
			defaultConfigurationName = Release;
		};
		AD37B3C01A57147800605351 /* Build configuration list for PBXNativeTarget "tournament_client" */ = {
			isa = XCConfigurationList;
			buildConfigurations = (
				AD37B3C11A57147800605351 /* Debug */,
				AD37B3C21A57147800605351 /* Release */,
			);
			defaultConfigurationIsVisible = 0;
			defaultConfigurationName = Release;
		};
		AD37B3C31A57147800605351 /* Build configuration list for PBXNativeTarget "tournament_client_tests" */ = {
			isa = XCConfigurationList;
			buildConfigurations = (
				AD37B3C41A57147800605351 /* Debug */,
				AD37B3C51A57147800605351 /* Release */,
			);
			defaultConfigurationIsVisible = 0;
			defaultConfigurationName = Release;
		};
/* End XCConfigurationList section */
	};
	rootObject = AD37B3A11A57147800605351 /* Project object */;
}
