// !$*UTF8*$!
{
	archiveVersion = 1;
	classes = {
	};
	objectVersion = 46;
	objects = {

/* Begin PBXBuildFile section */
		943672C71B3BC7DC0061AEE9 /* UIKit.framework in Frameworks */ = {isa = PBXBuildFile; fileRef = 943672C61B3BC7DC0061AEE9 /* UIKit.framework */; };
		943672C91B3BC7E20061AEE9 /* CFNetwork.framework in Frameworks */ = {isa = PBXBuildFile; fileRef = 943672C81B3BC7E20061AEE9 /* CFNetwork.framework */; };
		AD37B3B01A57147800605351 /* TournamentKit.h in Headers */ = {isa = PBXBuildFile; fileRef = AD37B3AF1A57147800605351 /* TournamentKit.h */; settings = {ATTRIBUTES = (Public, ); }; };
		AD37B3BD1A57147800605351 /* TournamentKit_tests.m in Sources */ = {isa = PBXBuildFile; fileRef = AD37B3BC1A57147800605351 /* TournamentKit_tests.m */; };
		AD37B3E41A571F4B00605351 /* TournamentKit.h in Headers */ = {isa = PBXBuildFile; fileRef = AD37B3AF1A57147800605351 /* TournamentKit.h */; settings = {ATTRIBUTES = (Public, ); }; };
		AD37B3EB1A573C8300605351 /* TournamentConnection.h in Headers */ = {isa = PBXBuildFile; fileRef = AD37B3E91A573C8300605351 /* TournamentConnection.h */; settings = {ATTRIBUTES = (Public, ); }; };
		AD37B3EC1A573C8300605351 /* TournamentConnection.h in Headers */ = {isa = PBXBuildFile; fileRef = AD37B3E91A573C8300605351 /* TournamentConnection.h */; settings = {ATTRIBUTES = (Public, ); }; };
		AD37B3ED1A573C8300605351 /* TournamentConnection.m in Sources */ = {isa = PBXBuildFile; fileRef = AD37B3EA1A573C8300605351 /* TournamentConnection.m */; };
		AD37B3EE1A573C8300605351 /* TournamentConnection.m in Sources */ = {isa = PBXBuildFile; fileRef = AD37B3EA1A573C8300605351 /* TournamentConnection.m */; };
		AD466E3D1A58C15A00E0973E /* NSData+Delimiter.h in Headers */ = {isa = PBXBuildFile; fileRef = AD466E3B1A58C15A00E0973E /* NSData+Delimiter.h */; };
		AD466E3E1A58C15A00E0973E /* NSData+Delimiter.h in Headers */ = {isa = PBXBuildFile; fileRef = AD466E3B1A58C15A00E0973E /* NSData+Delimiter.h */; };
		AD466E3F1A58C15A00E0973E /* NSData+Delimiter.m in Sources */ = {isa = PBXBuildFile; fileRef = AD466E3C1A58C15A00E0973E /* NSData+Delimiter.m */; };
		AD466E401A58C15A00E0973E /* NSData+Delimiter.m in Sources */ = {isa = PBXBuildFile; fileRef = AD466E3C1A58C15A00E0973E /* NSData+Delimiter.m */; };
		AD466E551A5918DB00E0973E /* TournamentSession.h in Headers */ = {isa = PBXBuildFile; fileRef = AD466E531A5918DB00E0973E /* TournamentSession.h */; settings = {ATTRIBUTES = (Public, ); }; };
		AD466E561A5918DB00E0973E /* TournamentSession.h in Headers */ = {isa = PBXBuildFile; fileRef = AD466E531A5918DB00E0973E /* TournamentSession.h */; settings = {ATTRIBUTES = (Public, ); }; };
		AD466E571A5918DB00E0973E /* TournamentSession.m in Sources */ = {isa = PBXBuildFile; fileRef = AD466E541A5918DB00E0973E /* TournamentSession.m */; };
		AD466E581A5918DB00E0973E /* TournamentSession.m in Sources */ = {isa = PBXBuildFile; fileRef = AD466E541A5918DB00E0973E /* TournamentSession.m */; };
		AD466E7E1A5936BB00E0973E /* cJSON.c in Sources */ = {isa = PBXBuildFile; fileRef = AD466E5A1A5936BB00E0973E /* cJSON.c */; };
		AD466E7F1A5936BB00E0973E /* cJSON.c in Sources */ = {isa = PBXBuildFile; fileRef = AD466E5A1A5936BB00E0973E /* cJSON.c */; };
		AD466E801A5936BB00E0973E /* cJSON.h in Headers */ = {isa = PBXBuildFile; fileRef = AD466E5B1A5936BB00E0973E /* cJSON.h */; settings = {ATTRIBUTES = (Private, ); }; };
		AD466E811A5936BB00E0973E /* cJSON.h in Headers */ = {isa = PBXBuildFile; fileRef = AD466E5B1A5936BB00E0973E /* cJSON.h */; settings = {ATTRIBUTES = (Private, ); }; };
		AD466E821A5936BB00E0973E /* datetime.cpp in Sources */ = {isa = PBXBuildFile; fileRef = AD466E5D1A5936BB00E0973E /* datetime.cpp */; };
		AD466E831A5936BB00E0973E /* datetime.cpp in Sources */ = {isa = PBXBuildFile; fileRef = AD466E5D1A5936BB00E0973E /* datetime.cpp */; };
		AD466E841A5936BB00E0973E /* datetime.hpp in Headers */ = {isa = PBXBuildFile; fileRef = AD466E5E1A5936BB00E0973E /* datetime.hpp */; };
		AD466E851A5936BB00E0973E /* datetime.hpp in Headers */ = {isa = PBXBuildFile; fileRef = AD466E5E1A5936BB00E0973E /* datetime.hpp */; };
		AD466E8E1A5936BB00E0973E /* gameinfo.cpp in Sources */ = {isa = PBXBuildFile; fileRef = AD466E631A5936BB00E0973E /* gameinfo.cpp */; };
		AD466E8F1A5936BB00E0973E /* gameinfo.cpp in Sources */ = {isa = PBXBuildFile; fileRef = AD466E631A5936BB00E0973E /* gameinfo.cpp */; };
		AD466E901A5936BB00E0973E /* gameinfo.hpp in Headers */ = {isa = PBXBuildFile; fileRef = AD466E641A5936BB00E0973E /* gameinfo.hpp */; };
		AD466E911A5936BB00E0973E /* gameinfo.hpp in Headers */ = {isa = PBXBuildFile; fileRef = AD466E641A5936BB00E0973E /* gameinfo.hpp */; };
		AD466E961A5936BB00E0973E /* ivectorstream.hpp in Headers */ = {isa = PBXBuildFile; fileRef = AD466E671A5936BB00E0973E /* ivectorstream.hpp */; };
		AD466E971A5936BB00E0973E /* ivectorstream.hpp in Headers */ = {isa = PBXBuildFile; fileRef = AD466E671A5936BB00E0973E /* ivectorstream.hpp */; };
		AD466E981A5936BB00E0973E /* json.cpp in Sources */ = {isa = PBXBuildFile; fileRef = AD466E681A5936BB00E0973E /* json.cpp */; };
		AD466E991A5936BB00E0973E /* json.cpp in Sources */ = {isa = PBXBuildFile; fileRef = AD466E681A5936BB00E0973E /* json.cpp */; };
		AD466E9A1A5936BB00E0973E /* json.hpp in Headers */ = {isa = PBXBuildFile; fileRef = AD466E691A5936BB00E0973E /* json.hpp */; };
		AD466E9B1A5936BB00E0973E /* json.hpp in Headers */ = {isa = PBXBuildFile; fileRef = AD466E691A5936BB00E0973E /* json.hpp */; };
		AD466E9C1A5936BB00E0973E /* logger.cpp in Sources */ = {isa = PBXBuildFile; fileRef = AD466E6A1A5936BB00E0973E /* logger.cpp */; };
		AD466E9D1A5936BB00E0973E /* logger.cpp in Sources */ = {isa = PBXBuildFile; fileRef = AD466E6A1A5936BB00E0973E /* logger.cpp */; };
		AD466E9E1A5936BB00E0973E /* logger.hpp in Headers */ = {isa = PBXBuildFile; fileRef = AD466E6B1A5936BB00E0973E /* logger.hpp */; };
		AD466E9F1A5936BB00E0973E /* logger.hpp in Headers */ = {isa = PBXBuildFile; fileRef = AD466E6B1A5936BB00E0973E /* logger.hpp */; };
		AD466EAA1A5936BB00E0973E /* server.cpp in Sources */ = {isa = PBXBuildFile; fileRef = AD466E711A5936BB00E0973E /* server.cpp */; };
		AD466EAB1A5936BB00E0973E /* server.cpp in Sources */ = {isa = PBXBuildFile; fileRef = AD466E711A5936BB00E0973E /* server.cpp */; };
		AD466EAC1A5936BB00E0973E /* server.hpp in Headers */ = {isa = PBXBuildFile; fileRef = AD466E721A5936BB00E0973E /* server.hpp */; };
		AD466EAD1A5936BB00E0973E /* server.hpp in Headers */ = {isa = PBXBuildFile; fileRef = AD466E721A5936BB00E0973E /* server.hpp */; };
		AD466EAE1A5936BB00E0973E /* socket.cpp in Sources */ = {isa = PBXBuildFile; fileRef = AD466E731A5936BB00E0973E /* socket.cpp */; };
		AD466EAF1A5936BB00E0973E /* socket.cpp in Sources */ = {isa = PBXBuildFile; fileRef = AD466E731A5936BB00E0973E /* socket.cpp */; };
		AD466EB01A5936BB00E0973E /* socket.hpp in Headers */ = {isa = PBXBuildFile; fileRef = AD466E741A5936BB00E0973E /* socket.hpp */; };
		AD466EB11A5936BB00E0973E /* socket.hpp in Headers */ = {isa = PBXBuildFile; fileRef = AD466E741A5936BB00E0973E /* socket.hpp */; };
		AD466EB21A5936BB00E0973E /* socketstream.hpp in Headers */ = {isa = PBXBuildFile; fileRef = AD466E751A5936BB00E0973E /* socketstream.hpp */; };
		AD466EB31A5936BB00E0973E /* socketstream.hpp in Headers */ = {isa = PBXBuildFile; fileRef = AD466E751A5936BB00E0973E /* socketstream.hpp */; };
		AD466EB41A5936BB00E0973E /* stringcrc.hpp in Headers */ = {isa = PBXBuildFile; fileRef = AD466E761A5936BB00E0973E /* stringcrc.hpp */; };
		AD466EB51A5936BB00E0973E /* stringcrc.hpp in Headers */ = {isa = PBXBuildFile; fileRef = AD466E761A5936BB00E0973E /* stringcrc.hpp */; };
		AD466EB61A5936BB00E0973E /* tournament.cpp in Sources */ = {isa = PBXBuildFile; fileRef = AD466E771A5936BB00E0973E /* tournament.cpp */; };
		AD466EB71A5936BB00E0973E /* tournament.cpp in Sources */ = {isa = PBXBuildFile; fileRef = AD466E771A5936BB00E0973E /* tournament.cpp */; };
		AD466EB81A5936BB00E0973E /* tournament.hpp in Headers */ = {isa = PBXBuildFile; fileRef = AD466E781A5936BB00E0973E /* tournament.hpp */; };
		AD466EB91A5936BB00E0973E /* tournament.hpp in Headers */ = {isa = PBXBuildFile; fileRef = AD466E781A5936BB00E0973E /* tournament.hpp */; };
		AD466EBA1A5936BB00E0973E /* types.cpp in Sources */ = {isa = PBXBuildFile; fileRef = AD466E791A5936BB00E0973E /* types.cpp */; };
		AD466EBB1A5936BB00E0973E /* types.cpp in Sources */ = {isa = PBXBuildFile; fileRef = AD466E791A5936BB00E0973E /* types.cpp */; };
		AD466EBC1A5936BB00E0973E /* types.hpp in Headers */ = {isa = PBXBuildFile; fileRef = AD466E7A1A5936BB00E0973E /* types.hpp */; };
		AD466EBD1A5936BB00E0973E /* types.hpp in Headers */ = {isa = PBXBuildFile; fileRef = AD466E7A1A5936BB00E0973E /* types.hpp */; };
		AD466EC01A59375100E0973E /* TournamentDaemon.h in Headers */ = {isa = PBXBuildFile; fileRef = AD466EBE1A59375100E0973E /* TournamentDaemon.h */; settings = {ATTRIBUTES = (Public, ); }; };
		AD466EC11A59375100E0973E /* TournamentDaemon.h in Headers */ = {isa = PBXBuildFile; fileRef = AD466EBE1A59375100E0973E /* TournamentDaemon.h */; settings = {ATTRIBUTES = (Public, ); }; };
		AD466EC21A59375100E0973E /* TournamentDaemon.mm in Sources */ = {isa = PBXBuildFile; fileRef = AD466EBF1A59375100E0973E /* TournamentDaemon.mm */; };
		AD466EC31A59375100E0973E /* TournamentDaemon.mm in Sources */ = {isa = PBXBuildFile; fileRef = AD466EBF1A59375100E0973E /* TournamentDaemon.mm */; };
		AD643D291A9437D800181DEA /* TBColor+CSS.h in Headers */ = {isa = PBXBuildFile; fileRef = AD643D211A942DD500181DEA /* TBColor+CSS.h */; settings = {ATTRIBUTES = (Public, ); }; };
		AD643D2A1A9437D900181DEA /* TBColor+CSS.h in Headers */ = {isa = PBXBuildFile; fileRef = AD643D211A942DD500181DEA /* TBColor+CSS.h */; settings = {ATTRIBUTES = (Public, ); }; };
		AD643D2B1A9437E500181DEA /* TBColor+CSS.m in Sources */ = {isa = PBXBuildFile; fileRef = AD643D221A942DD500181DEA /* TBColor+CSS.m */; };
		AD643D2D1A9437E900181DEA /* TBColor+CSS.m in Sources */ = {isa = PBXBuildFile; fileRef = AD643D221A942DD500181DEA /* TBColor+CSS.m */; };
		AD643D2E1A9437E900181DEA /* TBColor+CSS.m in Sources */ = {isa = PBXBuildFile; fileRef = AD643D221A942DD500181DEA /* TBColor+CSS.m */; };
		AD7FD7941A6ABF370047EB17 /* TournamentConnection.m in Sources */ = {isa = PBXBuildFile; fileRef = AD37B3EA1A573C8300605351 /* TournamentConnection.m */; };
		AD7FD7951A6ABF370047EB17 /* TournamentDaemon.mm in Sources */ = {isa = PBXBuildFile; fileRef = AD466EBF1A59375100E0973E /* TournamentDaemon.mm */; };
		AD7FD7981A6ABF370047EB17 /* TournamentSession.m in Sources */ = {isa = PBXBuildFile; fileRef = AD466E541A5918DB00E0973E /* TournamentSession.m */; };
		AD7FD7991A6ABF370047EB17 /* NSData+Delimiter.m in Sources */ = {isa = PBXBuildFile; fileRef = AD466E3C1A58C15A00E0973E /* NSData+Delimiter.m */; };
		AD7FD79A1A6ABF370047EB17 /* CFStreamCreatePairWithUnixSocket.c in Sources */ = {isa = PBXBuildFile; fileRef = ADD523A11A62DCD800C8033A /* CFStreamCreatePairWithUnixSocket.c */; };
		AD7FD79B1A6ABFDB0047EB17 /* cJSON.c in Sources */ = {isa = PBXBuildFile; fileRef = AD466E5A1A5936BB00E0973E /* cJSON.c */; };
		AD7FD79C1A6ABFDB0047EB17 /* datetime.cpp in Sources */ = {isa = PBXBuildFile; fileRef = AD466E5D1A5936BB00E0973E /* datetime.cpp */; };
		AD7FD79F1A6ABFDB0047EB17 /* gameinfo.cpp in Sources */ = {isa = PBXBuildFile; fileRef = AD466E631A5936BB00E0973E /* gameinfo.cpp */; };
		AD7FD7A11A6ABFDB0047EB17 /* json.cpp in Sources */ = {isa = PBXBuildFile; fileRef = AD466E681A5936BB00E0973E /* json.cpp */; };
		AD7FD7A21A6ABFDB0047EB17 /* logger.cpp in Sources */ = {isa = PBXBuildFile; fileRef = AD466E6A1A5936BB00E0973E /* logger.cpp */; };
		AD7FD7A31A6ABFDB0047EB17 /* server.cpp in Sources */ = {isa = PBXBuildFile; fileRef = AD466E711A5936BB00E0973E /* server.cpp */; };
		AD7FD7A41A6ABFDB0047EB17 /* socket.cpp in Sources */ = {isa = PBXBuildFile; fileRef = AD466E731A5936BB00E0973E /* socket.cpp */; };
		AD7FD7A51A6ABFDB0047EB17 /* tournament.cpp in Sources */ = {isa = PBXBuildFile; fileRef = AD466E771A5936BB00E0973E /* tournament.cpp */; };
		AD7FD7A61A6ABFDB0047EB17 /* types.cpp in Sources */ = {isa = PBXBuildFile; fileRef = AD466E791A5936BB00E0973E /* types.cpp */; };
		AD7FD7A81A6AC6D60047EB17 /* TournamentKit.h in CopyFiles */ = {isa = PBXBuildFile; fileRef = AD37B3AF1A57147800605351 /* TournamentKit.h */; };
		AD7FD7A91A6AC6D60047EB17 /* TournamentConnection.h in CopyFiles */ = {isa = PBXBuildFile; fileRef = AD37B3E91A573C8300605351 /* TournamentConnection.h */; };
		AD7FD7AA1A6AC6D60047EB17 /* TournamentDaemon.h in CopyFiles */ = {isa = PBXBuildFile; fileRef = AD466EBE1A59375100E0973E /* TournamentDaemon.h */; };
		AD7FD7AD1A6AC6D60047EB17 /* TournamentSession.h in CopyFiles */ = {isa = PBXBuildFile; fileRef = AD466E531A5918DB00E0973E /* TournamentSession.h */; };
		AD7FD7B01A6ACC1A0047EB17 /* TournamentKit.framework in Frameworks */ = {isa = PBXBuildFile; fileRef = AD37B3CB1A571EB800605351 /* TournamentKit.framework */; };
		ADA121C01B004FE30083D8AB /* Cocoa.framework in Frameworks */ = {isa = PBXBuildFile; fileRef = ADA121BF1B004FE30083D8AB /* Cocoa.framework */; };
		ADA121C21B004FF10083D8AB /* CFNetwork.framework in Frameworks */ = {isa = PBXBuildFile; fileRef = ADA121C11B004FF10083D8AB /* CFNetwork.framework */; };
		ADD523A31A62DCD800C8033A /* CFStreamCreatePairWithUnixSocket.c in Sources */ = {isa = PBXBuildFile; fileRef = ADD523A11A62DCD800C8033A /* CFStreamCreatePairWithUnixSocket.c */; };
		ADD523A41A62DCD800C8033A /* CFStreamCreatePairWithUnixSocket.c in Sources */ = {isa = PBXBuildFile; fileRef = ADD523A11A62DCD800C8033A /* CFStreamCreatePairWithUnixSocket.c */; };
		ADD523A51A62DCD800C8033A /* CFStreamCreatePairWithUnixSocket.h in Headers */ = {isa = PBXBuildFile; fileRef = ADD523A21A62DCD800C8033A /* CFStreamCreatePairWithUnixSocket.h */; };
		ADD523A61A62DCD800C8033A /* CFStreamCreatePairWithUnixSocket.h in Headers */ = {isa = PBXBuildFile; fileRef = ADD523A21A62DCD800C8033A /* CFStreamCreatePairWithUnixSocket.h */; };
/* End PBXBuildFile section */

/* Begin PBXContainerItemProxy section */
		AD37B3B71A57147800605351 /* PBXContainerItemProxy */ = {
			isa = PBXContainerItemProxy;
			containerPortal = AD37B3A11A57147800605351 /* Project object */;
			proxyType = 1;
			remoteGlobalIDString = AD37B3A91A57147800605351;
			remoteInfo = TournamentKit;
		};
/* End PBXContainerItemProxy section */

/* Begin PBXCopyFilesBuildPhase section */
		AD7FD7771A6AB7910047EB17 /* CopyFiles */ = {
			isa = PBXCopyFilesBuildPhase;
			buildActionMask = 2147483647;
			dstPath = "$(PRODUCT_NAME)";
			dstSubfolderSpec = 16;
			files = (
				AD7FD7A81A6AC6D60047EB17 /* TournamentKit.h in CopyFiles */,
				AD7FD7A91A6AC6D60047EB17 /* TournamentConnection.h in CopyFiles */,
				AD7FD7AA1A6AC6D60047EB17 /* TournamentDaemon.h in CopyFiles */,
				AD7FD7AD1A6AC6D60047EB17 /* TournamentSession.h in CopyFiles */,
			);
			runOnlyForDeploymentPostprocessing = 0;
		};
/* End PBXCopyFilesBuildPhase section */

/* Begin PBXFileReference section */
		943672C61B3BC7DC0061AEE9 /* UIKit.framework */ = {isa = PBXFileReference; lastKnownFileType = wrapper.framework; name = UIKit.framework; path = Platforms/iPhoneOS.platform/Developer/SDKs/iPhoneOS8.3.sdk/System/Library/Frameworks/UIKit.framework; sourceTree = DEVELOPER_DIR; };
		943672C81B3BC7E20061AEE9 /* CFNetwork.framework */ = {isa = PBXFileReference; lastKnownFileType = wrapper.framework; name = CFNetwork.framework; path = Platforms/iPhoneOS.platform/Developer/SDKs/iPhoneOS8.3.sdk/System/Library/Frameworks/CFNetwork.framework; sourceTree = DEVELOPER_DIR; };
		AD37B3AA1A57147800605351 /* TournamentKit.framework */ = {isa = PBXFileReference; explicitFileType = wrapper.framework; includeInIndex = 0; path = TournamentKit.framework; sourceTree = BUILT_PRODUCTS_DIR; };
		AD37B3AE1A57147800605351 /* Info.plist */ = {isa = PBXFileReference; lastKnownFileType = text.plist.xml; path = Info.plist; sourceTree = "<group>"; };
		AD37B3AF1A57147800605351 /* TournamentKit.h */ = {isa = PBXFileReference; lastKnownFileType = sourcecode.c.h; path = TournamentKit.h; sourceTree = "<group>"; };
		AD37B3B51A57147800605351 /* TournamentKit_tests.xctest */ = {isa = PBXFileReference; explicitFileType = wrapper.cfbundle; includeInIndex = 0; path = TournamentKit_tests.xctest; sourceTree = BUILT_PRODUCTS_DIR; };
		AD37B3BB1A57147800605351 /* Info.plist */ = {isa = PBXFileReference; lastKnownFileType = text.plist.xml; path = Info.plist; sourceTree = "<group>"; };
		AD37B3BC1A57147800605351 /* TournamentKit_tests.m */ = {isa = PBXFileReference; lastKnownFileType = sourcecode.c.objc; path = TournamentKit_tests.m; sourceTree = "<group>"; };
		AD37B3CB1A571EB800605351 /* TournamentKit.framework */ = {isa = PBXFileReference; explicitFileType = wrapper.framework; includeInIndex = 0; path = TournamentKit.framework; sourceTree = BUILT_PRODUCTS_DIR; };
		AD37B3E91A573C8300605351 /* TournamentConnection.h */ = {isa = PBXFileReference; fileEncoding = 4; lastKnownFileType = sourcecode.c.h; path = TournamentConnection.h; sourceTree = "<group>"; };
		AD37B3EA1A573C8300605351 /* TournamentConnection.m */ = {isa = PBXFileReference; fileEncoding = 4; lastKnownFileType = sourcecode.c.objc; path = TournamentConnection.m; sourceTree = "<group>"; };
		AD466E3B1A58C15A00E0973E /* NSData+Delimiter.h */ = {isa = PBXFileReference; fileEncoding = 4; lastKnownFileType = sourcecode.c.h; path = "NSData+Delimiter.h"; sourceTree = "<group>"; };
		AD466E3C1A58C15A00E0973E /* NSData+Delimiter.m */ = {isa = PBXFileReference; fileEncoding = 4; lastKnownFileType = sourcecode.c.objc; path = "NSData+Delimiter.m"; sourceTree = "<group>"; };
		AD466E531A5918DB00E0973E /* TournamentSession.h */ = {isa = PBXFileReference; fileEncoding = 4; lastKnownFileType = sourcecode.c.h; path = TournamentSession.h; sourceTree = "<group>"; };
		AD466E541A5918DB00E0973E /* TournamentSession.m */ = {isa = PBXFileReference; fileEncoding = 4; lastKnownFileType = sourcecode.c.objc; path = TournamentSession.m; sourceTree = "<group>"; };
		AD466E5A1A5936BB00E0973E /* cJSON.c */ = {isa = PBXFileReference; fileEncoding = 4; lastKnownFileType = sourcecode.c.c; path = cJSON.c; sourceTree = "<group>"; };
		AD466E5B1A5936BB00E0973E /* cJSON.h */ = {isa = PBXFileReference; fileEncoding = 4; lastKnownFileType = sourcecode.c.h; path = cJSON.h; sourceTree = "<group>"; };
		AD466E5D1A5936BB00E0973E /* datetime.cpp */ = {isa = PBXFileReference; fileEncoding = 4; lastKnownFileType = sourcecode.cpp.cpp; path = datetime.cpp; sourceTree = "<group>"; };
		AD466E5E1A5936BB00E0973E /* datetime.hpp */ = {isa = PBXFileReference; fileEncoding = 4; lastKnownFileType = sourcecode.cpp.h; path = datetime.hpp; sourceTree = "<group>"; };
		AD466E631A5936BB00E0973E /* gameinfo.cpp */ = {isa = PBXFileReference; fileEncoding = 4; lastKnownFileType = sourcecode.cpp.cpp; path = gameinfo.cpp; sourceTree = "<group>"; };
		AD466E641A5936BB00E0973E /* gameinfo.hpp */ = {isa = PBXFileReference; fileEncoding = 4; lastKnownFileType = sourcecode.cpp.h; path = gameinfo.hpp; sourceTree = "<group>"; };
		AD466E671A5936BB00E0973E /* ivectorstream.hpp */ = {isa = PBXFileReference; fileEncoding = 4; lastKnownFileType = sourcecode.cpp.h; path = ivectorstream.hpp; sourceTree = "<group>"; };
		AD466E681A5936BB00E0973E /* json.cpp */ = {isa = PBXFileReference; fileEncoding = 4; lastKnownFileType = sourcecode.cpp.cpp; path = json.cpp; sourceTree = "<group>"; };
		AD466E691A5936BB00E0973E /* json.hpp */ = {isa = PBXFileReference; fileEncoding = 4; lastKnownFileType = sourcecode.cpp.h; path = json.hpp; sourceTree = "<group>"; };
		AD466E6A1A5936BB00E0973E /* logger.cpp */ = {isa = PBXFileReference; fileEncoding = 4; lastKnownFileType = sourcecode.cpp.cpp; path = logger.cpp; sourceTree = "<group>"; };
		AD466E6B1A5936BB00E0973E /* logger.hpp */ = {isa = PBXFileReference; fileEncoding = 4; lastKnownFileType = sourcecode.cpp.h; path = logger.hpp; sourceTree = "<group>"; };
		AD466E711A5936BB00E0973E /* server.cpp */ = {isa = PBXFileReference; fileEncoding = 4; lastKnownFileType = sourcecode.cpp.cpp; path = server.cpp; sourceTree = "<group>"; };
		AD466E721A5936BB00E0973E /* server.hpp */ = {isa = PBXFileReference; fileEncoding = 4; lastKnownFileType = sourcecode.cpp.h; path = server.hpp; sourceTree = "<group>"; };
		AD466E731A5936BB00E0973E /* socket.cpp */ = {isa = PBXFileReference; fileEncoding = 4; lastKnownFileType = sourcecode.cpp.cpp; path = socket.cpp; sourceTree = "<group>"; };
		AD466E741A5936BB00E0973E /* socket.hpp */ = {isa = PBXFileReference; fileEncoding = 4; lastKnownFileType = sourcecode.cpp.h; path = socket.hpp; sourceTree = "<group>"; };
		AD466E751A5936BB00E0973E /* socketstream.hpp */ = {isa = PBXFileReference; fileEncoding = 4; lastKnownFileType = sourcecode.cpp.h; path = socketstream.hpp; sourceTree = "<group>"; };
		AD466E761A5936BB00E0973E /* stringcrc.hpp */ = {isa = PBXFileReference; fileEncoding = 4; lastKnownFileType = sourcecode.cpp.h; path = stringcrc.hpp; sourceTree = "<group>"; };
		AD466E771A5936BB00E0973E /* tournament.cpp */ = {isa = PBXFileReference; fileEncoding = 4; lastKnownFileType = sourcecode.cpp.cpp; path = tournament.cpp; sourceTree = "<group>"; };
		AD466E781A5936BB00E0973E /* tournament.hpp */ = {isa = PBXFileReference; fileEncoding = 4; lastKnownFileType = sourcecode.cpp.h; path = tournament.hpp; sourceTree = "<group>"; };
		AD466E791A5936BB00E0973E /* types.cpp */ = {isa = PBXFileReference; fileEncoding = 4; lastKnownFileType = sourcecode.cpp.cpp; path = types.cpp; sourceTree = "<group>"; };
		AD466E7A1A5936BB00E0973E /* types.hpp */ = {isa = PBXFileReference; fileEncoding = 4; lastKnownFileType = sourcecode.cpp.h; path = types.hpp; sourceTree = "<group>"; };
		AD466EBE1A59375100E0973E /* TournamentDaemon.h */ = {isa = PBXFileReference; fileEncoding = 4; lastKnownFileType = sourcecode.c.h; path = TournamentDaemon.h; sourceTree = "<group>"; };
		AD466EBF1A59375100E0973E /* TournamentDaemon.mm */ = {isa = PBXFileReference; fileEncoding = 4; lastKnownFileType = sourcecode.cpp.objcpp; path = TournamentDaemon.mm; sourceTree = "<group>"; };
		AD643D211A942DD500181DEA /* TBColor+CSS.h */ = {isa = PBXFileReference; fileEncoding = 4; lastKnownFileType = sourcecode.c.h; path = "TBColor+CSS.h"; sourceTree = "<group>"; };
		AD643D221A942DD500181DEA /* TBColor+CSS.m */ = {isa = PBXFileReference; fileEncoding = 4; lastKnownFileType = sourcecode.c.objc; path = "TBColor+CSS.m"; sourceTree = "<group>"; };
		AD7FD7791A6AB7910047EB17 /* libTournamentKit.a */ = {isa = PBXFileReference; explicitFileType = archive.ar; includeInIndex = 0; path = libTournamentKit.a; sourceTree = BUILT_PRODUCTS_DIR; };
		ADA121BF1B004FE30083D8AB /* Cocoa.framework */ = {isa = PBXFileReference; lastKnownFileType = wrapper.framework; name = Cocoa.framework; path = System/Library/Frameworks/Cocoa.framework; sourceTree = SDKROOT; };
		ADA121C11B004FF10083D8AB /* CFNetwork.framework */ = {isa = PBXFileReference; lastKnownFileType = wrapper.framework; name = CFNetwork.framework; path = System/Library/Frameworks/CFNetwork.framework; sourceTree = SDKROOT; };
		ADD523A11A62DCD800C8033A /* CFStreamCreatePairWithUnixSocket.c */ = {isa = PBXFileReference; fileEncoding = 4; lastKnownFileType = sourcecode.c.c; path = CFStreamCreatePairWithUnixSocket.c; sourceTree = "<group>"; };
		ADD523A21A62DCD800C8033A /* CFStreamCreatePairWithUnixSocket.h */ = {isa = PBXFileReference; fileEncoding = 4; lastKnownFileType = sourcecode.c.h; path = CFStreamCreatePairWithUnixSocket.h; sourceTree = "<group>"; };
/* End PBXFileReference section */

/* Begin PBXFrameworksBuildPhase section */
		AD37B3A61A57147800605351 /* Frameworks */ = {
			isa = PBXFrameworksBuildPhase;
			buildActionMask = 2147483647;
			files = (
				ADA121C01B004FE30083D8AB /* Cocoa.framework in Frameworks */,
				ADA121C21B004FF10083D8AB /* CFNetwork.framework in Frameworks */,
			);
			runOnlyForDeploymentPostprocessing = 0;
		};
		AD37B3B21A57147800605351 /* Frameworks */ = {
			isa = PBXFrameworksBuildPhase;
			buildActionMask = 2147483647;
			files = (
				AD7FD7B01A6ACC1A0047EB17 /* TournamentKit.framework in Frameworks */,
			);
			runOnlyForDeploymentPostprocessing = 0;
		};
		AD37B3C71A571EB800605351 /* Frameworks */ = {
			isa = PBXFrameworksBuildPhase;
			buildActionMask = 2147483647;
			files = (
				943672C71B3BC7DC0061AEE9 /* UIKit.framework in Frameworks */,
				943672C91B3BC7E20061AEE9 /* CFNetwork.framework in Frameworks */,
			);
			runOnlyForDeploymentPostprocessing = 0;
		};
		AD7FD7761A6AB7910047EB17 /* Frameworks */ = {
			isa = PBXFrameworksBuildPhase;
			buildActionMask = 2147483647;
			files = (
			);
			runOnlyForDeploymentPostprocessing = 0;
		};
/* End PBXFrameworksBuildPhase section */

/* Begin PBXGroup section */
		AD37B3A01A57147800605351 = {
			isa = PBXGroup;
			children = (
				AD37B3AC1A57147800605351 /* TournamentKit */,
				AD37B3B91A57147800605351 /* TournamentKit_tests */,
				ADF9B9061A7543D900F2729F /* Frameworks */,
				AD37B3AB1A57147800605351 /* Products */,
			);
			sourceTree = "<group>";
		};
		AD37B3AB1A57147800605351 /* Products */ = {
			isa = PBXGroup;
			children = (
				AD37B3AA1A57147800605351 /* TournamentKit.framework */,
				AD37B3B51A57147800605351 /* TournamentKit_tests.xctest */,
				AD37B3CB1A571EB800605351 /* TournamentKit.framework */,
				AD7FD7791A6AB7910047EB17 /* libTournamentKit.a */,
			);
			name = Products;
			sourceTree = "<group>";
		};
		AD37B3AC1A57147800605351 /* TournamentKit */ = {
			isa = PBXGroup;
			children = (
				AD37B3AF1A57147800605351 /* TournamentKit.h */,
				AD37B3E91A573C8300605351 /* TournamentConnection.h */,
				AD37B3EA1A573C8300605351 /* TournamentConnection.m */,
				AD466EBE1A59375100E0973E /* TournamentDaemon.h */,
				AD466EBF1A59375100E0973E /* TournamentDaemon.mm */,
				AD466E531A5918DB00E0973E /* TournamentSession.h */,
				AD466E541A5918DB00E0973E /* TournamentSession.m */,
				AD643D211A942DD500181DEA /* TBColor+CSS.h */,
				AD643D221A942DD500181DEA /* TBColor+CSS.m */,
				AD466E3B1A58C15A00E0973E /* NSData+Delimiter.h */,
				AD466E3C1A58C15A00E0973E /* NSData+Delimiter.m */,
				ADD523A21A62DCD800C8033A /* CFStreamCreatePairWithUnixSocket.h */,
				ADD523A11A62DCD800C8033A /* CFStreamCreatePairWithUnixSocket.c */,
				AD37B3AD1A57147800605351 /* Supporting Files */,
				AD466E7B1A5936BB00E0973E /* tournamentd */,
			);
			path = TournamentKit;
			sourceTree = "<group>";
		};
		AD37B3AD1A57147800605351 /* Supporting Files */ = {
			isa = PBXGroup;
			children = (
				AD37B3AE1A57147800605351 /* Info.plist */,
			);
			name = "Supporting Files";
			sourceTree = "<group>";
		};
		AD37B3B91A57147800605351 /* TournamentKit_tests */ = {
			isa = PBXGroup;
			children = (
				AD37B3BC1A57147800605351 /* TournamentKit_tests.m */,
				AD37B3BA1A57147800605351 /* Supporting Files */,
			);
			path = TournamentKit_tests;
			sourceTree = "<group>";
		};
		AD37B3BA1A57147800605351 /* Supporting Files */ = {
			isa = PBXGroup;
			children = (
				AD37B3BB1A57147800605351 /* Info.plist */,
			);
			name = "Supporting Files";
			sourceTree = "<group>";
		};
		AD466E5C1A5936BB00E0973E /* cjson */ = {
			isa = PBXGroup;
			children = (
				AD466E5A1A5936BB00E0973E /* cJSON.c */,
				AD466E5B1A5936BB00E0973E /* cJSON.h */,
			);
			path = cjson;
			sourceTree = "<group>";
		};
		AD466E7B1A5936BB00E0973E /* tournamentd */ = {
			isa = PBXGroup;
			children = (
				AD466E5C1A5936BB00E0973E /* cjson */,
				AD466E5D1A5936BB00E0973E /* datetime.cpp */,
				AD466E5E1A5936BB00E0973E /* datetime.hpp */,
				AD466E631A5936BB00E0973E /* gameinfo.cpp */,
				AD466E641A5936BB00E0973E /* gameinfo.hpp */,
				AD466E671A5936BB00E0973E /* ivectorstream.hpp */,
				AD466E681A5936BB00E0973E /* json.cpp */,
				AD466E691A5936BB00E0973E /* json.hpp */,
				AD466E6A1A5936BB00E0973E /* logger.cpp */,
				AD466E6B1A5936BB00E0973E /* logger.hpp */,
				AD466E711A5936BB00E0973E /* server.cpp */,
				AD466E721A5936BB00E0973E /* server.hpp */,
				AD466E731A5936BB00E0973E /* socket.cpp */,
				AD466E741A5936BB00E0973E /* socket.hpp */,
				AD466E751A5936BB00E0973E /* socketstream.hpp */,
				AD466E761A5936BB00E0973E /* stringcrc.hpp */,
				AD466E771A5936BB00E0973E /* tournament.cpp */,
				AD466E781A5936BB00E0973E /* tournament.hpp */,
				AD466E791A5936BB00E0973E /* types.cpp */,
				AD466E7A1A5936BB00E0973E /* types.hpp */,
			);
			name = tournamentd;
			path = ../tournamentd;
			sourceTree = "<group>";
		};
		ADF9B9061A7543D900F2729F /* Frameworks */ = {
			isa = PBXGroup;
			children = (
				943672C81B3BC7E20061AEE9 /* CFNetwork.framework */,
				943672C61B3BC7DC0061AEE9 /* UIKit.framework */,
				ADA121C11B004FF10083D8AB /* CFNetwork.framework */,
				ADA121BF1B004FE30083D8AB /* Cocoa.framework */,
			);
			name = Frameworks;
			sourceTree = "<group>";
		};
/* End PBXGroup section */

/* Begin PBXHeadersBuildPhase section */
		AD37B3A71A57147800605351 /* Headers */ = {
			isa = PBXHeadersBuildPhase;
			buildActionMask = 2147483647;
			files = (
				AD37B3B01A57147800605351 /* TournamentKit.h in Headers */,
				AD466EB01A5936BB00E0973E /* socket.hpp in Headers */,
				AD466EBC1A5936BB00E0973E /* types.hpp in Headers */,
				AD466EB81A5936BB00E0973E /* tournament.hpp in Headers */,
				AD37B3EB1A573C8300605351 /* TournamentConnection.h in Headers */,
				AD466EB41A5936BB00E0973E /* stringcrc.hpp in Headers */,
				ADD523A51A62DCD800C8033A /* CFStreamCreatePairWithUnixSocket.h in Headers */,
				AD466E551A5918DB00E0973E /* TournamentSession.h in Headers */,
				AD643D2A1A9437D900181DEA /* TBColor+CSS.h in Headers */,
				AD466E3D1A58C15A00E0973E /* NSData+Delimiter.h in Headers */,
				AD466EB21A5936BB00E0973E /* socketstream.hpp in Headers */,
				AD466EAC1A5936BB00E0973E /* server.hpp in Headers */,
				AD466E9A1A5936BB00E0973E /* json.hpp in Headers */,
				AD466E9E1A5936BB00E0973E /* logger.hpp in Headers */,
				AD466E801A5936BB00E0973E /* cJSON.h in Headers */,
				AD466E961A5936BB00E0973E /* ivectorstream.hpp in Headers */,
				AD466E901A5936BB00E0973E /* gameinfo.hpp in Headers */,
				AD466E841A5936BB00E0973E /* datetime.hpp in Headers */,
				AD466EC01A59375100E0973E /* TournamentDaemon.h in Headers */,
			);
			runOnlyForDeploymentPostprocessing = 0;
		};
		AD37B3C81A571EB800605351 /* Headers */ = {
			isa = PBXHeadersBuildPhase;
			buildActionMask = 2147483647;
			files = (
				AD37B3E41A571F4B00605351 /* TournamentKit.h in Headers */,
				AD466EB11A5936BB00E0973E /* socket.hpp in Headers */,
				AD466EBD1A5936BB00E0973E /* types.hpp in Headers */,
				AD466EB91A5936BB00E0973E /* tournament.hpp in Headers */,
				AD37B3EC1A573C8300605351 /* TournamentConnection.h in Headers */,
				AD466EB51A5936BB00E0973E /* stringcrc.hpp in Headers */,
				ADD523A61A62DCD800C8033A /* CFStreamCreatePairWithUnixSocket.h in Headers */,
				AD466E561A5918DB00E0973E /* TournamentSession.h in Headers */,
				AD643D291A9437D800181DEA /* TBColor+CSS.h in Headers */,
				AD466E3E1A58C15A00E0973E /* NSData+Delimiter.h in Headers */,
				AD466EB31A5936BB00E0973E /* socketstream.hpp in Headers */,
				AD466EAD1A5936BB00E0973E /* server.hpp in Headers */,
				AD466E9B1A5936BB00E0973E /* json.hpp in Headers */,
				AD466E9F1A5936BB00E0973E /* logger.hpp in Headers */,
				AD466E811A5936BB00E0973E /* cJSON.h in Headers */,
				AD466E971A5936BB00E0973E /* ivectorstream.hpp in Headers */,
				AD466E911A5936BB00E0973E /* gameinfo.hpp in Headers */,
				AD466E851A5936BB00E0973E /* datetime.hpp in Headers */,
				AD466EC11A59375100E0973E /* TournamentDaemon.h in Headers */,
			);
			runOnlyForDeploymentPostprocessing = 0;
		};
/* End PBXHeadersBuildPhase section */

/* Begin PBXNativeTarget section */
		AD37B3A91A57147800605351 /* TournamentKit_osx */ = {
			isa = PBXNativeTarget;
			buildConfigurationList = AD37B3C01A57147800605351 /* Build configuration list for PBXNativeTarget "TournamentKit_osx" */;
			buildPhases = (
				AD37B3A51A57147800605351 /* Sources */,
				AD37B3A61A57147800605351 /* Frameworks */,
				AD37B3A71A57147800605351 /* Headers */,
				AD37B3A81A57147800605351 /* Resources */,
			);
			buildRules = (
			);
			dependencies = (
			);
			name = TournamentKit_osx;
			productName = TournamentKit;
			productReference = AD37B3AA1A57147800605351 /* TournamentKit.framework */;
			productType = "com.apple.product-type.framework";
		};
		AD37B3B41A57147800605351 /* TournamentKit_tests */ = {
			isa = PBXNativeTarget;
			buildConfigurationList = AD37B3C31A57147800605351 /* Build configuration list for PBXNativeTarget "TournamentKit_tests" */;
			buildPhases = (
				AD37B3B11A57147800605351 /* Sources */,
				AD37B3B21A57147800605351 /* Frameworks */,
				AD37B3B31A57147800605351 /* Resources */,
			);
			buildRules = (
			);
			dependencies = (
				AD37B3B81A57147800605351 /* PBXTargetDependency */,
			);
			name = TournamentKit_tests;
			productName = TournamentKit_tests;
			productReference = AD37B3B51A57147800605351 /* TournamentKit_tests.xctest */;
			productType = "com.apple.product-type.bundle.unit-test";
		};
		AD37B3CA1A571EB800605351 /* TournamentKit_ios */ = {
			isa = PBXNativeTarget;
			buildConfigurationList = AD37B3DE1A571EB800605351 /* Build configuration list for PBXNativeTarget "TournamentKit_ios" */;
			buildPhases = (
				AD37B3C61A571EB800605351 /* Sources */,
				AD37B3C71A571EB800605351 /* Frameworks */,
				AD37B3C81A571EB800605351 /* Headers */,
				AD37B3C91A571EB800605351 /* Resources */,
			);
			buildRules = (
			);
			dependencies = (
			);
			name = TournamentKit_ios;
			productName = TournamentKit_ios;
			productReference = AD37B3CB1A571EB800605351 /* TournamentKit.framework */;
			productType = "com.apple.product-type.framework";
		};
		AD7FD7781A6AB7910047EB17 /* TournamentKit_ios_static */ = {
			isa = PBXNativeTarget;
			buildConfigurationList = AD7FD78E1A6AB7910047EB17 /* Build configuration list for PBXNativeTarget "TournamentKit_ios_static" */;
			buildPhases = (
				AD7FD7751A6AB7910047EB17 /* Sources */,
				AD7FD7761A6AB7910047EB17 /* Frameworks */,
				AD7FD7771A6AB7910047EB17 /* CopyFiles */,
			);
			buildRules = (
			);
			dependencies = (
			);
			name = TournamentKit_ios_static;
			productName = TournamentKit_ios_static;
			productReference = AD7FD7791A6AB7910047EB17 /* libTournamentKit.a */;
			productType = "com.apple.product-type.library.static";
		};
/* End PBXNativeTarget section */

/* Begin PBXProject section */
		AD37B3A11A57147800605351 /* Project object */ = {
			isa = PBXProject;
			attributes = {
				LastUpgradeCheck = 0610;
				ORGANIZATIONNAME = "HDna Studio";
				TargetAttributes = {
					AD37B3A91A57147800605351 = {
						CreatedOnToolsVersion = 6.1;
					};
					AD37B3B41A57147800605351 = {
						CreatedOnToolsVersion = 6.1;
					};
					AD37B3CA1A571EB800605351 = {
						CreatedOnToolsVersion = 6.1;
					};
					AD7FD7781A6AB7910047EB17 = {
						CreatedOnToolsVersion = 6.1;
					};
				};
			};
			buildConfigurationList = AD37B3A41A57147800605351 /* Build configuration list for PBXProject "TournamentKit" */;
			compatibilityVersion = "Xcode 3.2";
			developmentRegion = English;
			hasScannedForEncodings = 0;
			knownRegions = (
				en,
			);
			mainGroup = AD37B3A01A57147800605351;
			productRefGroup = AD37B3AB1A57147800605351 /* Products */;
			projectDirPath = "";
			projectRoot = "";
			targets = (
				AD37B3A91A57147800605351 /* TournamentKit_osx */,
				AD37B3CA1A571EB800605351 /* TournamentKit_ios */,
				AD7FD7781A6AB7910047EB17 /* TournamentKit_ios_static */,
				AD37B3B41A57147800605351 /* TournamentKit_tests */,
			);
		};
/* End PBXProject section */

/* Begin PBXResourcesBuildPhase section */
		AD37B3A81A57147800605351 /* Resources */ = {
			isa = PBXResourcesBuildPhase;
			buildActionMask = 2147483647;
			files = (
			);
			runOnlyForDeploymentPostprocessing = 0;
		};
		AD37B3B31A57147800605351 /* Resources */ = {
			isa = PBXResourcesBuildPhase;
			buildActionMask = 2147483647;
			files = (
			);
			runOnlyForDeploymentPostprocessing = 0;
		};
		AD37B3C91A571EB800605351 /* Resources */ = {
			isa = PBXResourcesBuildPhase;
			buildActionMask = 2147483647;
			files = (
			);
			runOnlyForDeploymentPostprocessing = 0;
		};
/* End PBXResourcesBuildPhase section */

/* Begin PBXSourcesBuildPhase section */
		AD37B3A51A57147800605351 /* Sources */ = {
			isa = PBXSourcesBuildPhase;
			buildActionMask = 2147483647;
			files = (
				AD466EAA1A5936BB00E0973E /* server.cpp in Sources */,
				AD37B3ED1A573C8300605351 /* TournamentConnection.m in Sources */,
				AD466E9C1A5936BB00E0973E /* logger.cpp in Sources */,
				AD466EB61A5936BB00E0973E /* tournament.cpp in Sources */,
				AD466E7E1A5936BB00E0973E /* cJSON.c in Sources */,
				AD466E8E1A5936BB00E0973E /* gameinfo.cpp in Sources */,
				AD466E571A5918DB00E0973E /* TournamentSession.m in Sources */,
				AD643D2B1A9437E500181DEA /* TBColor+CSS.m in Sources */,
				AD466EC21A59375100E0973E /* TournamentDaemon.mm in Sources */,
				AD466E821A5936BB00E0973E /* datetime.cpp in Sources */,
				ADD523A31A62DCD800C8033A /* CFStreamCreatePairWithUnixSocket.c in Sources */,
				AD466E3F1A58C15A00E0973E /* NSData+Delimiter.m in Sources */,
				AD466EAE1A5936BB00E0973E /* socket.cpp in Sources */,
				AD466E981A5936BB00E0973E /* json.cpp in Sources */,
				AD466EBA1A5936BB00E0973E /* types.cpp in Sources */,
			);
			runOnlyForDeploymentPostprocessing = 0;
		};
		AD37B3B11A57147800605351 /* Sources */ = {
			isa = PBXSourcesBuildPhase;
			buildActionMask = 2147483647;
			files = (
				AD37B3BD1A57147800605351 /* TournamentKit_tests.m in Sources */,
			);
			runOnlyForDeploymentPostprocessing = 0;
		};
		AD37B3C61A571EB800605351 /* Sources */ = {
			isa = PBXSourcesBuildPhase;
			buildActionMask = 2147483647;
			files = (
				AD466EAB1A5936BB00E0973E /* server.cpp in Sources */,
				AD37B3EE1A573C8300605351 /* TournamentConnection.m in Sources */,
				AD466E9D1A5936BB00E0973E /* logger.cpp in Sources */,
				AD466EB71A5936BB00E0973E /* tournament.cpp in Sources */,
				AD466E7F1A5936BB00E0973E /* cJSON.c in Sources */,
				AD466E8F1A5936BB00E0973E /* gameinfo.cpp in Sources */,
				AD466E581A5918DB00E0973E /* TournamentSession.m in Sources */,
				AD643D2D1A9437E900181DEA /* TBColor+CSS.m in Sources */,
				AD466EC31A59375100E0973E /* TournamentDaemon.mm in Sources */,
				AD466E831A5936BB00E0973E /* datetime.cpp in Sources */,
				ADD523A41A62DCD800C8033A /* CFStreamCreatePairWithUnixSocket.c in Sources */,
				AD466E401A58C15A00E0973E /* NSData+Delimiter.m in Sources */,
				AD466EAF1A5936BB00E0973E /* socket.cpp in Sources */,
				AD466E991A5936BB00E0973E /* json.cpp in Sources */,
				AD466EBB1A5936BB00E0973E /* types.cpp in Sources */,
			);
			runOnlyForDeploymentPostprocessing = 0;
		};
		AD7FD7751A6AB7910047EB17 /* Sources */ = {
			isa = PBXSourcesBuildPhase;
			buildActionMask = 2147483647;
			files = (
				AD7FD7951A6ABF370047EB17 /* TournamentDaemon.mm in Sources */,
				AD7FD7A31A6ABFDB0047EB17 /* server.cpp in Sources */,
				AD7FD7A61A6ABFDB0047EB17 /* types.cpp in Sources */,
				AD7FD7A51A6ABFDB0047EB17 /* tournament.cpp in Sources */,
				AD7FD79A1A6ABF370047EB17 /* CFStreamCreatePairWithUnixSocket.c in Sources */,
				AD7FD7A41A6ABFDB0047EB17 /* socket.cpp in Sources */,
				AD7FD7991A6ABF370047EB17 /* NSData+Delimiter.m in Sources */,
				AD643D2E1A9437E900181DEA /* TBColor+CSS.m in Sources */,
				AD7FD79F1A6ABFDB0047EB17 /* gameinfo.cpp in Sources */,
				AD7FD79B1A6ABFDB0047EB17 /* cJSON.c in Sources */,
				AD7FD79C1A6ABFDB0047EB17 /* datetime.cpp in Sources */,
				AD7FD7A11A6ABFDB0047EB17 /* json.cpp in Sources */,
				AD7FD7A21A6ABFDB0047EB17 /* logger.cpp in Sources */,
				AD7FD7981A6ABF370047EB17 /* TournamentSession.m in Sources */,
				AD7FD7941A6ABF370047EB17 /* TournamentConnection.m in Sources */,
			);
			runOnlyForDeploymentPostprocessing = 0;
		};
/* End PBXSourcesBuildPhase section */

/* Begin PBXTargetDependency section */
		AD37B3B81A57147800605351 /* PBXTargetDependency */ = {
			isa = PBXTargetDependency;
			target = AD37B3A91A57147800605351 /* TournamentKit_osx */;
			targetProxy = AD37B3B71A57147800605351 /* PBXContainerItemProxy */;
		};
/* End PBXTargetDependency section */

/* Begin XCBuildConfiguration section */
		AD37B3BE1A57147800605351 /* Debug */ = {
			isa = XCBuildConfiguration;
			buildSettings = {
				CLANG_CXX_LANGUAGE_STANDARD = "c++0x";
				CLANG_CXX_LIBRARY = "libc++";
				CLANG_ENABLE_OBJC_ARC = YES;
				CLANG_WARN_BOOL_CONVERSION = YES;
				CLANG_WARN_CONSTANT_CONVERSION = YES;
				CLANG_WARN_DIRECT_OBJC_ISA_USAGE = YES_ERROR;
				CLANG_WARN_EMPTY_BODY = YES;
				CLANG_WARN_ENUM_CONVERSION = YES;
				CLANG_WARN_INT_CONVERSION = YES;
				CLANG_WARN_OBJC_ROOT_CLASS = YES_ERROR;
				CLANG_WARN_UNREACHABLE_CODE = YES;
				CLANG_WARN__DUPLICATE_METHOD_MATCH = YES;
				COPY_PHASE_STRIP = NO;
				CURRENT_PROJECT_VERSION = 1;
				ENABLE_STRICT_OBJC_MSGSEND = YES;
				GCC_C_LANGUAGE_STANDARD = c99;
				GCC_OPTIMIZATION_LEVEL = 0;
				GCC_PREPROCESSOR_DEFINITIONS = (
					"DEBUG=1",
					"$(inherited)",
				);
				GCC_WARN_64_TO_32_BIT_CONVERSION = YES;
				GCC_WARN_ABOUT_RETURN_TYPE = YES_ERROR;
				GCC_WARN_UNDECLARED_SELECTOR = YES;
				GCC_WARN_UNINITIALIZED_AUTOS = YES_AGGRESSIVE;
				GCC_WARN_UNUSED_FUNCTION = YES;
				GCC_WARN_UNUSED_VARIABLE = YES;
				IPHONEOS_DEPLOYMENT_TARGET = 6.0;
				MACOSX_DEPLOYMENT_TARGET = 10.8;
				ONLY_ACTIVE_ARCH = YES;
				VERSIONING_SYSTEM = "apple-generic";
				VERSION_INFO_PREFIX = "";
			};
			name = Debug;
		};
		AD37B3BF1A57147800605351 /* Release */ = {
			isa = XCBuildConfiguration;
			buildSettings = {
				CLANG_CXX_LANGUAGE_STANDARD = "c++0x";
				CLANG_CXX_LIBRARY = "libc++";
				CLANG_ENABLE_OBJC_ARC = YES;
				CLANG_WARN_BOOL_CONVERSION = YES;
				CLANG_WARN_CONSTANT_CONVERSION = YES;
				CLANG_WARN_DIRECT_OBJC_ISA_USAGE = YES_ERROR;
				CLANG_WARN_EMPTY_BODY = YES;
				CLANG_WARN_ENUM_CONVERSION = YES;
				CLANG_WARN_INT_CONVERSION = YES;
				CLANG_WARN_OBJC_ROOT_CLASS = YES_ERROR;
				CLANG_WARN_UNREACHABLE_CODE = YES;
				CLANG_WARN__DUPLICATE_METHOD_MATCH = YES;
				CURRENT_PROJECT_VERSION = 1;
				DEBUG_INFORMATION_FORMAT = "dwarf-with-dsym";
				ENABLE_NS_ASSERTIONS = NO;
				ENABLE_STRICT_OBJC_MSGSEND = YES;
				GCC_C_LANGUAGE_STANDARD = c99;
				GCC_WARN_64_TO_32_BIT_CONVERSION = YES;
				GCC_WARN_ABOUT_RETURN_TYPE = YES_ERROR;
				GCC_WARN_UNDECLARED_SELECTOR = YES;
				GCC_WARN_UNINITIALIZED_AUTOS = YES_AGGRESSIVE;
				GCC_WARN_UNUSED_FUNCTION = YES;
				GCC_WARN_UNUSED_VARIABLE = YES;
				IPHONEOS_DEPLOYMENT_TARGET = 6.0;
				MACOSX_DEPLOYMENT_TARGET = 10.8;
				VERSIONING_SYSTEM = "apple-generic";
				VERSION_INFO_PREFIX = "";
			};
			name = Release;
		};
		AD37B3C11A57147800605351 /* Debug */ = {
			isa = XCBuildConfiguration;
			buildSettings = {
				COMBINE_HIDPI_IMAGES = YES;
				DEFINES_MODULE = YES;
				DYLIB_COMPATIBILITY_VERSION = 1;
				DYLIB_CURRENT_VERSION = 1;
				DYLIB_INSTALL_NAME_BASE = "@rpath";
				FRAMEWORK_VERSION = A;
				INFOPLIST_FILE = TournamentKit/Info.plist;
				INSTALL_PATH = "$(LOCAL_LIBRARY_DIR)/Frameworks";
				LD_RUNPATH_SEARCH_PATHS = "$(inherited) @executable_path/../Frameworks @loader_path/Frameworks";
				OTHER_LDFLAGS = "-v";
				PRODUCT_NAME = "$(PROJECT_NAME)";
				SDKROOT = macosx;
				SKIP_INSTALL = YES;
			};
			name = Debug;
		};
		AD37B3C21A57147800605351 /* Release */ = {
			isa = XCBuildConfiguration;
			buildSettings = {
				COMBINE_HIDPI_IMAGES = YES;
				DEFINES_MODULE = YES;
				DYLIB_COMPATIBILITY_VERSION = 1;
				DYLIB_CURRENT_VERSION = 1;
				DYLIB_INSTALL_NAME_BASE = "@rpath";
				FRAMEWORK_VERSION = A;
				INFOPLIST_FILE = TournamentKit/Info.plist;
				INSTALL_PATH = "$(LOCAL_LIBRARY_DIR)/Frameworks";
				LD_RUNPATH_SEARCH_PATHS = "$(inherited) @executable_path/../Frameworks @loader_path/Frameworks";
				OTHER_LDFLAGS = "-v";
				PRODUCT_NAME = "$(PROJECT_NAME)";
				SDKROOT = macosx;
				SKIP_INSTALL = YES;
			};
			name = Release;
		};
		AD37B3C41A57147800605351 /* Debug */ = {
			isa = XCBuildConfiguration;
			buildSettings = {
				COMBINE_HIDPI_IMAGES = YES;
				FRAMEWORK_SEARCH_PATHS = (
					"$(DEVELOPER_FRAMEWORKS_DIR)",
					"$(inherited)",
				);
				GCC_PREPROCESSOR_DEFINITIONS = (
					"DEBUG=1",
					"$(inherited)",
				);
				INFOPLIST_FILE = TournamentKit_tests/Info.plist;
				LD_RUNPATH_SEARCH_PATHS = "$(inherited) @executable_path/../Frameworks @loader_path/../Frameworks";
				PRODUCT_NAME = "$(PROJECT_NAME)_tests";
			};
			name = Debug;
		};
		AD37B3C51A57147800605351 /* Release */ = {
			isa = XCBuildConfiguration;
			buildSettings = {
				COMBINE_HIDPI_IMAGES = YES;
				FRAMEWORK_SEARCH_PATHS = (
					"$(DEVELOPER_FRAMEWORKS_DIR)",
					"$(inherited)",
				);
				INFOPLIST_FILE = TournamentKit_tests/Info.plist;
				LD_RUNPATH_SEARCH_PATHS = "$(inherited) @executable_path/../Frameworks @loader_path/../Frameworks";
				PRODUCT_NAME = "$(PROJECT_NAME)_tests";
			};
			name = Release;
		};
		AD37B3DF1A571EB800605351 /* Debug */ = {
			isa = XCBuildConfiguration;
			buildSettings = {
				"CODE_SIGN_IDENTITY[sdk=iphoneos*]" = "iPhone Developer";
				DEFINES_MODULE = YES;
				DYLIB_COMPATIBILITY_VERSION = 1;
				DYLIB_CURRENT_VERSION = 1;
				DYLIB_INSTALL_NAME_BASE = "@rpath";
				INFOPLIST_FILE = TournamentKit/Info.plist;
				INSTALL_PATH = "$(LOCAL_LIBRARY_DIR)/Frameworks";
				IPHONEOS_DEPLOYMENT_TARGET = 8.0;
				LD_RUNPATH_SEARCH_PATHS = "$(inherited) @executable_path/Frameworks @loader_path/Frameworks";
				PRODUCT_NAME = "$(PROJECT_NAME)";
				SDKROOT = iphoneos;
				SKIP_INSTALL = YES;
				TARGETED_DEVICE_FAMILY = "1,2";
			};
			name = Debug;
		};
		AD37B3E01A571EB800605351 /* Release */ = {
			isa = XCBuildConfiguration;
			buildSettings = {
				"CODE_SIGN_IDENTITY[sdk=iphoneos*]" = "iPhone Developer";
				COPY_PHASE_STRIP = YES;
				DEFINES_MODULE = YES;
				DYLIB_COMPATIBILITY_VERSION = 1;
				DYLIB_CURRENT_VERSION = 1;
				DYLIB_INSTALL_NAME_BASE = "@rpath";
				INFOPLIST_FILE = TournamentKit/Info.plist;
				INSTALL_PATH = "$(LOCAL_LIBRARY_DIR)/Frameworks";
				IPHONEOS_DEPLOYMENT_TARGET = 8.0;
				LD_RUNPATH_SEARCH_PATHS = "$(inherited) @executable_path/Frameworks @loader_path/Frameworks";
				PRODUCT_NAME = "$(PROJECT_NAME)";
				SDKROOT = iphoneos;
				SKIP_INSTALL = YES;
				TARGETED_DEVICE_FAMILY = "1,2";
				VALIDATE_PRODUCT = YES;
			};
			name = Release;
		};
		AD7FD78A1A6AB7910047EB17 /* Debug */ = {
			isa = XCBuildConfiguration;
			buildSettings = {
				GCC_PREPROCESSOR_DEFINITIONS = (
					"DEBUG=1",
					"$(inherited)",
				);
				PRODUCT_NAME = "$(PROJECT_NAME)";
				SDKROOT = iphoneos;
				SKIP_INSTALL = YES;
			};
			name = Debug;
		};
		AD7FD78B1A6AB7910047EB17 /* Release */ = {
			isa = XCBuildConfiguration;
			buildSettings = {
				COPY_PHASE_STRIP = YES;
				PRODUCT_NAME = "$(PROJECT_NAME)";
				SDKROOT = iphoneos;
				SKIP_INSTALL = YES;
				VALIDATE_PRODUCT = YES;
			};
			name = Release;
		};
/* End XCBuildConfiguration section */

/* Begin XCConfigurationList section */
		AD37B3A41A57147800605351 /* Build configuration list for PBXProject "TournamentKit" */ = {
			isa = XCConfigurationList;
			buildConfigurations = (
				AD37B3BE1A57147800605351 /* Debug */,
				AD37B3BF1A57147800605351 /* Release */,
			);
			defaultConfigurationIsVisible = 0;
			defaultConfigurationName = Release;
		};
		AD37B3C01A57147800605351 /* Build configuration list for PBXNativeTarget "TournamentKit_osx" */ = {
			isa = XCConfigurationList;
			buildConfigurations = (
				AD37B3C11A57147800605351 /* Debug */,
				AD37B3C21A57147800605351 /* Release */,
			);
			defaultConfigurationIsVisible = 0;
			defaultConfigurationName = Release;
		};
		AD37B3C31A57147800605351 /* Build configuration list for PBXNativeTarget "TournamentKit_tests" */ = {
			isa = XCConfigurationList;
			buildConfigurations = (
				AD37B3C41A57147800605351 /* Debug */,
				AD37B3C51A57147800605351 /* Release */,
			);
			defaultConfigurationIsVisible = 0;
			defaultConfigurationName = Release;
		};
		AD37B3DE1A571EB800605351 /* Build configuration list for PBXNativeTarget "TournamentKit_ios" */ = {
			isa = XCConfigurationList;
			buildConfigurations = (
				AD37B3DF1A571EB800605351 /* Debug */,
				AD37B3E01A571EB800605351 /* Release */,
			);
			defaultConfigurationIsVisible = 0;
			defaultConfigurationName = Release;
		};
		AD7FD78E1A6AB7910047EB17 /* Build configuration list for PBXNativeTarget "TournamentKit_ios_static" */ = {
			isa = XCConfigurationList;
			buildConfigurations = (
				AD7FD78A1A6AB7910047EB17 /* Debug */,
				AD7FD78B1A6AB7910047EB17 /* Release */,
			);
			defaultConfigurationIsVisible = 0;
			defaultConfigurationName = Release;
		};
/* End XCConfigurationList section */
	};
	rootObject = AD37B3A11A57147800605351 /* Project object */;
}
