// !$*UTF8*$!
{
	archiveVersion = 1;
	classes = {
	};
	objectVersion = 46;
	objects = {

/* Begin PBXBuildFile section */
		AD3310951A50B9A1007E545B /* tournament.cpp in Sources */ = {isa = PBXBuildFile; fileRef = AD3310931A50B9A1007E545B /* tournament.cpp */; };
		AD3310981A50DA88007E545B /* defaults.json in CopyFiles */ = {isa = PBXBuildFile; fileRef = AD3310971A50DA59007E545B /* defaults.json */; };
		AD37B39F1A5506B800605351 /* types.cpp in Sources */ = {isa = PBXBuildFile; fileRef = AD37B39E1A5506B800605351 /* types.cpp */; };
		AD73DBF51A4484D2008768BA /* server.cpp in Sources */ = {isa = PBXBuildFile; fileRef = AD73DBF31A4484D2008768BA /* server.cpp */; };
		ADADF8F21A4D23560016E567 /* gameclock.cpp in Sources */ = {isa = PBXBuildFile; fileRef = ADADF8EE1A4D23560016E567 /* gameclock.cpp */; };
		ADADF8F31A4D23560016E567 /* gameseating.cpp in Sources */ = {isa = PBXBuildFile; fileRef = ADADF8F01A4D23560016E567 /* gameseating.cpp */; };
		ADADF8F61A4D33960016E567 /* gamefunding.cpp in Sources */ = {isa = PBXBuildFile; fileRef = ADADF8F41A4D33960016E567 /* gamefunding.cpp */; };
		ADEFA3711A41E6C800133B33 /* cJSON.c in Sources */ = {isa = PBXBuildFile; fileRef = ADEFA35C1A41E6C700133B33 /* cJSON.c */; };
		ADEFA3721A41E6C800133B33 /* datetime.cpp in Sources */ = {isa = PBXBuildFile; fileRef = ADEFA35E1A41E6C700133B33 /* datetime.cpp */; };
		ADEFA3731A41E6C800133B33 /* json.cpp in Sources */ = {isa = PBXBuildFile; fileRef = ADEFA3611A41E6C700133B33 /* json.cpp */; };
		ADEFA3741A41E6C800133B33 /* logger.cpp in Sources */ = {isa = PBXBuildFile; fileRef = ADEFA3631A41E6C700133B33 /* logger.cpp */; };
		ADEFA3751A41E6C800133B33 /* main.cpp in Sources */ = {isa = PBXBuildFile; fileRef = ADEFA3651A41E6C700133B33 /* main.cpp */; };
		ADEFA3771A41E6C800133B33 /* process.cpp in Sources */ = {isa = PBXBuildFile; fileRef = ADEFA3671A41E6C700133B33 /* process.cpp */; };
		ADEFA3781A41E6C800133B33 /* program.cpp in Sources */ = {isa = PBXBuildFile; fileRef = ADEFA3691A41E6C700133B33 /* program.cpp */; };
		ADEFA3791A41E6C800133B33 /* socket.cpp in Sources */ = {isa = PBXBuildFile; fileRef = ADEFA36B1A41E6C800133B33 /* socket.cpp */; };
		ADEFA37E1A41EAD100133B33 /* gameinfo.cpp in Sources */ = {isa = PBXBuildFile; fileRef = ADEFA37C1A41EAD100133B33 /* gameinfo.cpp */; };
		ADF9B8FA1A745DD200F2729F /* bonjour.cpp in Sources */ = {isa = PBXBuildFile; fileRef = ADF9B8F81A745DD200F2729F /* bonjour.cpp */; };
		ADF9B8FC1A746A7200F2729F /* CFNetwork.framework in Frameworks */ = {isa = PBXBuildFile; fileRef = ADF9B8FB1A746A7200F2729F /* CFNetwork.framework */; };
		ADF9B8FE1A746A7E00F2729F /* CoreFoundation.framework in Frameworks */ = {isa = PBXBuildFile; fileRef = ADF9B8FD1A746A7E00F2729F /* CoreFoundation.framework */; };
/* End PBXBuildFile section */

/* Begin PBXCopyFilesBuildPhase section */
		AD1095F51A41E67300D132E4 /* CopyFiles */ = {
			isa = PBXCopyFilesBuildPhase;
			buildActionMask = 12;
			dstPath = "";
			dstSubfolderSpec = 16;
			files = (
				AD3310981A50DA88007E545B /* defaults.json in CopyFiles */,
			);
			runOnlyForDeploymentPostprocessing = 0;
		};
/* End PBXCopyFilesBuildPhase section */

/* Begin PBXFileReference section */
		AD1095F71A41E67300D132E4 /* tournamentd */ = {isa = PBXFileReference; explicitFileType = "compiled.mach-o.executable"; includeInIndex = 0; path = tournamentd; sourceTree = BUILT_PRODUCTS_DIR; };
		AD3310931A50B9A1007E545B /* tournament.cpp */ = {isa = PBXFileReference; fileEncoding = 4; lastKnownFileType = sourcecode.cpp.cpp; path = tournament.cpp; sourceTree = "<group>"; };
		AD3310941A50B9A1007E545B /* tournament.hpp */ = {isa = PBXFileReference; fileEncoding = 4; lastKnownFileType = sourcecode.cpp.h; path = tournament.hpp; sourceTree = "<group>"; };
		AD3310961A50BC1F007E545B /* stringcrc.hpp */ = {isa = PBXFileReference; lastKnownFileType = sourcecode.cpp.h; path = stringcrc.hpp; sourceTree = "<group>"; };
		AD3310971A50DA59007E545B /* defaults.json */ = {isa = PBXFileReference; fileEncoding = 4; lastKnownFileType = text.json; path = defaults.json; sourceTree = SOURCE_ROOT; };
		AD37B39E1A5506B800605351 /* types.cpp */ = {isa = PBXFileReference; fileEncoding = 4; lastKnownFileType = sourcecode.cpp.cpp; path = types.cpp; sourceTree = "<group>"; };
		AD73DBF31A4484D2008768BA /* server.cpp */ = {isa = PBXFileReference; fileEncoding = 4; lastKnownFileType = sourcecode.cpp.cpp; path = server.cpp; sourceTree = "<group>"; };
		AD73DBF41A4484D2008768BA /* server.hpp */ = {isa = PBXFileReference; fileEncoding = 4; lastKnownFileType = sourcecode.cpp.h; path = server.hpp; sourceTree = "<group>"; };
		ADADF8EE1A4D23560016E567 /* gameclock.cpp */ = {isa = PBXFileReference; fileEncoding = 4; lastKnownFileType = sourcecode.cpp.cpp; path = gameclock.cpp; sourceTree = "<group>"; };
		ADADF8EF1A4D23560016E567 /* gameclock.hpp */ = {isa = PBXFileReference; fileEncoding = 4; lastKnownFileType = sourcecode.cpp.h; path = gameclock.hpp; sourceTree = "<group>"; };
		ADADF8F01A4D23560016E567 /* gameseating.cpp */ = {isa = PBXFileReference; fileEncoding = 4; lastKnownFileType = sourcecode.cpp.cpp; path = gameseating.cpp; sourceTree = "<group>"; };
		ADADF8F11A4D23560016E567 /* gameseating.hpp */ = {isa = PBXFileReference; fileEncoding = 4; lastKnownFileType = sourcecode.cpp.h; path = gameseating.hpp; sourceTree = "<group>"; };
		ADADF8F41A4D33960016E567 /* gamefunding.cpp */ = {isa = PBXFileReference; fileEncoding = 4; lastKnownFileType = sourcecode.cpp.cpp; path = gamefunding.cpp; sourceTree = "<group>"; };
		ADADF8F51A4D33960016E567 /* gamefunding.hpp */ = {isa = PBXFileReference; fileEncoding = 4; lastKnownFileType = sourcecode.cpp.h; path = gamefunding.hpp; sourceTree = "<group>"; };
		ADADF8F81A4D3BFA0016E567 /* types.hpp */ = {isa = PBXFileReference; fileEncoding = 4; lastKnownFileType = sourcecode.cpp.h; path = types.hpp; sourceTree = "<group>"; };
		ADEFA35C1A41E6C700133B33 /* cJSON.c */ = {isa = PBXFileReference; fileEncoding = 4; lastKnownFileType = sourcecode.c.c; path = cJSON.c; sourceTree = "<group>"; };
		ADEFA35D1A41E6C700133B33 /* cJSON.h */ = {isa = PBXFileReference; fileEncoding = 4; lastKnownFileType = sourcecode.c.h; path = cJSON.h; sourceTree = "<group>"; };
		ADEFA35E1A41E6C700133B33 /* datetime.cpp */ = {isa = PBXFileReference; fileEncoding = 4; lastKnownFileType = sourcecode.cpp.cpp; path = datetime.cpp; sourceTree = "<group>"; };
		ADEFA35F1A41E6C700133B33 /* datetime.hpp */ = {isa = PBXFileReference; fileEncoding = 4; lastKnownFileType = sourcecode.cpp.h; path = datetime.hpp; sourceTree = "<group>"; };
		ADEFA3601A41E6C700133B33 /* ivectorstream.hpp */ = {isa = PBXFileReference; fileEncoding = 4; lastKnownFileType = sourcecode.cpp.h; path = ivectorstream.hpp; sourceTree = "<group>"; };
		ADEFA3611A41E6C700133B33 /* json.cpp */ = {isa = PBXFileReference; fileEncoding = 4; lastKnownFileType = sourcecode.cpp.cpp; path = json.cpp; sourceTree = "<group>"; };
		ADEFA3621A41E6C700133B33 /* json.hpp */ = {isa = PBXFileReference; fileEncoding = 4; lastKnownFileType = sourcecode.cpp.h; path = json.hpp; sourceTree = "<group>"; };
		ADEFA3631A41E6C700133B33 /* logger.cpp */ = {isa = PBXFileReference; fileEncoding = 4; lastKnownFileType = sourcecode.cpp.cpp; path = logger.cpp; sourceTree = "<group>"; };
		ADEFA3641A41E6C700133B33 /* logger.hpp */ = {isa = PBXFileReference; fileEncoding = 4; lastKnownFileType = sourcecode.cpp.h; path = logger.hpp; sourceTree = "<group>"; };
		ADEFA3651A41E6C700133B33 /* main.cpp */ = {isa = PBXFileReference; fileEncoding = 4; lastKnownFileType = sourcecode.cpp.cpp; path = main.cpp; sourceTree = "<group>"; };
		ADEFA3671A41E6C700133B33 /* process.cpp */ = {isa = PBXFileReference; fileEncoding = 4; lastKnownFileType = sourcecode.cpp.cpp; path = process.cpp; sourceTree = "<group>"; };
		ADEFA3681A41E6C700133B33 /* process.hpp */ = {isa = PBXFileReference; fileEncoding = 4; lastKnownFileType = sourcecode.cpp.h; path = process.hpp; sourceTree = "<group>"; };
		ADEFA3691A41E6C700133B33 /* program.cpp */ = {isa = PBXFileReference; fileEncoding = 4; lastKnownFileType = sourcecode.cpp.cpp; path = program.cpp; sourceTree = "<group>"; };
		ADEFA36A1A41E6C700133B33 /* program.hpp */ = {isa = PBXFileReference; fileEncoding = 4; lastKnownFileType = sourcecode.cpp.h; path = program.hpp; sourceTree = "<group>"; };
		ADEFA36B1A41E6C800133B33 /* socket.cpp */ = {isa = PBXFileReference; fileEncoding = 4; lastKnownFileType = sourcecode.cpp.cpp; path = socket.cpp; sourceTree = "<group>"; };
		ADEFA36C1A41E6C800133B33 /* socket.hpp */ = {isa = PBXFileReference; fileEncoding = 4; lastKnownFileType = sourcecode.cpp.h; path = socket.hpp; sourceTree = "<group>"; };
		ADEFA36D1A41E6C800133B33 /* socketstream.hpp */ = {isa = PBXFileReference; fileEncoding = 4; lastKnownFileType = sourcecode.cpp.h; path = socketstream.hpp; sourceTree = "<group>"; };
		ADEFA37C1A41EAD100133B33 /* gameinfo.cpp */ = {isa = PBXFileReference; fileEncoding = 4; lastKnownFileType = sourcecode.cpp.cpp; path = gameinfo.cpp; sourceTree = "<group>"; };
		ADEFA37D1A41EAD100133B33 /* gameinfo.hpp */ = {isa = PBXFileReference; fileEncoding = 4; lastKnownFileType = sourcecode.cpp.h; path = gameinfo.hpp; sourceTree = "<group>"; };
		ADF9B8F81A745DD200F2729F /* bonjour.cpp */ = {isa = PBXFileReference; fileEncoding = 4; lastKnownFileType = sourcecode.cpp.cpp; path = bonjour.cpp; sourceTree = "<group>"; };
		ADF9B8F91A745DD200F2729F /* bonjour.hpp */ = {isa = PBXFileReference; fileEncoding = 4; lastKnownFileType = sourcecode.cpp.h; path = bonjour.hpp; sourceTree = "<group>"; };
		ADF9B8FB1A746A7200F2729F /* CFNetwork.framework */ = {isa = PBXFileReference; lastKnownFileType = wrapper.framework; name = CFNetwork.framework; path = System/Library/Frameworks/CFNetwork.framework; sourceTree = SDKROOT; };
		ADF9B8FD1A746A7E00F2729F /* CoreFoundation.framework */ = {isa = PBXFileReference; lastKnownFileType = wrapper.framework; name = CoreFoundation.framework; path = System/Library/Frameworks/CoreFoundation.framework; sourceTree = SDKROOT; };
/* End PBXFileReference section */

/* Begin PBXFrameworksBuildPhase section */
		AD1095F41A41E67300D132E4 /* Frameworks */ = {
			isa = PBXFrameworksBuildPhase;
			buildActionMask = 2147483647;
			files = (
				ADF9B8FE1A746A7E00F2729F /* CoreFoundation.framework in Frameworks */,
				ADF9B8FC1A746A7200F2729F /* CFNetwork.framework in Frameworks */,
			);
			runOnlyForDeploymentPostprocessing = 0;
		};
/* End PBXFrameworksBuildPhase section */

/* Begin PBXGroup section */
		AD1095EE1A41E67300D132E4 = {
			isa = PBXGroup;
			children = (
				ADF9B8FD1A746A7E00F2729F /* CoreFoundation.framework */,
				ADF9B8FB1A746A7200F2729F /* CFNetwork.framework */,
				AD1095F91A41E67300D132E4 /* tournamentd */,
				AD1095F81A41E67300D132E4 /* Products */,
			);
			sourceTree = "<group>";
		};
		AD1095F81A41E67300D132E4 /* Products */ = {
			isa = PBXGroup;
			children = (
				AD1095F71A41E67300D132E4 /* tournamentd */,
			);
			name = Products;
			sourceTree = "<group>";
		};
		AD1095F91A41E67300D132E4 /* tournamentd */ = {
			isa = PBXGroup;
			children = (
				AD3310971A50DA59007E545B /* defaults.json */,
				ADEFA35B1A41E6C700133B33 /* cjson */,
				ADF9B8F81A745DD200F2729F /* bonjour.cpp */,
				ADF9B8F91A745DD200F2729F /* bonjour.hpp */,
				ADEFA35E1A41E6C700133B33 /* datetime.cpp */,
				ADEFA35F1A41E6C700133B33 /* datetime.hpp */,
				ADADF8EE1A4D23560016E567 /* gameclock.cpp */,
				ADADF8EF1A4D23560016E567 /* gameclock.hpp */,
				ADADF8F41A4D33960016E567 /* gamefunding.cpp */,
				ADADF8F51A4D33960016E567 /* gamefunding.hpp */,
				ADEFA37C1A41EAD100133B33 /* gameinfo.cpp */,
				ADEFA37D1A41EAD100133B33 /* gameinfo.hpp */,
				ADADF8F01A4D23560016E567 /* gameseating.cpp */,
				ADADF8F11A4D23560016E567 /* gameseating.hpp */,
				ADEFA3601A41E6C700133B33 /* ivectorstream.hpp */,
				ADEFA3611A41E6C700133B33 /* json.cpp */,
				ADEFA3621A41E6C700133B33 /* json.hpp */,
				ADEFA3631A41E6C700133B33 /* logger.cpp */,
				ADEFA3641A41E6C700133B33 /* logger.hpp */,
				ADEFA3651A41E6C700133B33 /* main.cpp */,
				ADEFA3671A41E6C700133B33 /* process.cpp */,
				ADEFA3681A41E6C700133B33 /* process.hpp */,
				ADEFA3691A41E6C700133B33 /* program.cpp */,
				ADEFA36A1A41E6C700133B33 /* program.hpp */,
				AD73DBF31A4484D2008768BA /* server.cpp */,
				AD73DBF41A4484D2008768BA /* server.hpp */,
				ADEFA36B1A41E6C800133B33 /* socket.cpp */,
				ADEFA36C1A41E6C800133B33 /* socket.hpp */,
				ADEFA36D1A41E6C800133B33 /* socketstream.hpp */,
				AD3310961A50BC1F007E545B /* stringcrc.hpp */,
				AD3310931A50B9A1007E545B /* tournament.cpp */,
				AD3310941A50B9A1007E545B /* tournament.hpp */,
				AD37B39E1A5506B800605351 /* types.cpp */,
				ADADF8F81A4D3BFA0016E567 /* types.hpp */,
			);
			path = tournamentd;
			sourceTree = "<group>";
		};
		ADEFA35B1A41E6C700133B33 /* cjson */ = {
			isa = PBXGroup;
			children = (
				ADEFA35C1A41E6C700133B33 /* cJSON.c */,
				ADEFA35D1A41E6C700133B33 /* cJSON.h */,
			);
			path = cjson;
			sourceTree = "<group>";
		};
/* End PBXGroup section */

/* Begin PBXNativeTarget section */
		AD1095F61A41E67300D132E4 /* tournamentd */ = {
			isa = PBXNativeTarget;
			buildConfigurationList = AD1095FE1A41E67300D132E4 /* Build configuration list for PBXNativeTarget "tournamentd" */;
			buildPhases = (
				AD1095F31A41E67300D132E4 /* Sources */,
				AD1095F41A41E67300D132E4 /* Frameworks */,
				AD1095F51A41E67300D132E4 /* CopyFiles */,
			);
			buildRules = (
			);
			dependencies = (
			);
			name = tournamentd;
			productName = tournamentd;
			productReference = AD1095F71A41E67300D132E4 /* tournamentd */;
			productType = "com.apple.product-type.tool";
		};
/* End PBXNativeTarget section */

/* Begin PBXProject section */
		AD1095EF1A41E67300D132E4 /* Project object */ = {
			isa = PBXProject;
			attributes = {
				LastUpgradeCheck = 0610;
				ORGANIZATIONNAME = "HDna Studio";
				TargetAttributes = {
					AD1095F61A41E67300D132E4 = {
						CreatedOnToolsVersion = 6.1;
					};
				};
			};
			buildConfigurationList = AD1095F21A41E67300D132E4 /* Build configuration list for PBXProject "tournamentd" */;
			compatibilityVersion = "Xcode 3.2";
			developmentRegion = English;
			hasScannedForEncodings = 0;
			knownRegions = (
				en,
			);
			mainGroup = AD1095EE1A41E67300D132E4;
			productRefGroup = AD1095F81A41E67300D132E4 /* Products */;
			projectDirPath = "";
			projectRoot = "";
			targets = (
				AD1095F61A41E67300D132E4 /* tournamentd */,
			);
		};
/* End PBXProject section */

/* Begin PBXSourcesBuildPhase section */
		AD1095F31A41E67300D132E4 /* Sources */ = {
			isa = PBXSourcesBuildPhase;
			buildActionMask = 2147483647;
			files = (
				ADEFA3721A41E6C800133B33 /* datetime.cpp in Sources */,
				ADEFA3711A41E6C800133B33 /* cJSON.c in Sources */,
				ADEFA3771A41E6C800133B33 /* process.cpp in Sources */,
				ADEFA3781A41E6C800133B33 /* program.cpp in Sources */,
				AD3310951A50B9A1007E545B /* tournament.cpp in Sources */,
				ADEFA37E1A41EAD100133B33 /* gameinfo.cpp in Sources */,
				ADADF8F31A4D23560016E567 /* gameseating.cpp in Sources */,
				ADEFA3731A41E6C800133B33 /* json.cpp in Sources */,
				ADADF8F21A4D23560016E567 /* gameclock.cpp in Sources */,
				ADEFA3751A41E6C800133B33 /* main.cpp in Sources */,
				ADEFA3791A41E6C800133B33 /* socket.cpp in Sources */,
				ADF9B8FA1A745DD200F2729F /* bonjour.cpp in Sources */,
				ADADF8F61A4D33960016E567 /* gamefunding.cpp in Sources */,
				AD73DBF51A4484D2008768BA /* server.cpp in Sources */,
				ADEFA3741A41E6C800133B33 /* logger.cpp in Sources */,
				AD37B39F1A5506B800605351 /* types.cpp in Sources */,
			);
			runOnlyForDeploymentPostprocessing = 0;
		};
/* End PBXSourcesBuildPhase section */

/* Begin XCBuildConfiguration section */
		AD1095FC1A41E67300D132E4 /* Debug */ = {
			isa = XCBuildConfiguration;
			buildSettings = {
				CLANG_CXX_LANGUAGE_STANDARD = "c++0x";
				CLANG_CXX_LIBRARY = "libc++";
				CLANG_WARN_BOOL_CONVERSION = YES;
				CLANG_WARN_CONSTANT_CONVERSION = YES;
				CLANG_WARN_DIRECT_OBJC_ISA_USAGE = YES_ERROR;
				CLANG_WARN_EMPTY_BODY = YES;
				CLANG_WARN_ENUM_CONVERSION = YES;
				CLANG_WARN_INT_CONVERSION = YES;
				CLANG_WARN_OBJC_ROOT_CLASS = YES_ERROR;
				CLANG_WARN_UNREACHABLE_CODE = YES;
				CLANG_WARN__DUPLICATE_METHOD_MATCH = YES;
				COPY_PHASE_STRIP = NO;
				ENABLE_STRICT_OBJC_MSGSEND = YES;
				GCC_C_LANGUAGE_STANDARD = c99;
				GCC_OPTIMIZATION_LEVEL = 0;
				GCC_PREPROCESSOR_DEFINITIONS = (
					"DEBUG=1",
					"$(inherited)",
				);
				GCC_WARN_64_TO_32_BIT_CONVERSION = YES;
				GCC_WARN_ABOUT_RETURN_TYPE = YES_ERROR;
				GCC_WARN_UNDECLARED_SELECTOR = YES;
				GCC_WARN_UNINITIALIZED_AUTOS = YES_AGGRESSIVE;
				GCC_WARN_UNUSED_FUNCTION = YES;
				GCC_WARN_UNUSED_VARIABLE = YES;
				ONLY_ACTIVE_ARCH = YES;
				SDKROOT = macosx;
			};
			name = Debug;
		};
		AD1095FD1A41E67300D132E4 /* Release */ = {
			isa = XCBuildConfiguration;
			buildSettings = {
				CLANG_CXX_LANGUAGE_STANDARD = "c++0x";
				CLANG_CXX_LIBRARY = "libc++";
				CLANG_WARN_BOOL_CONVERSION = YES;
				CLANG_WARN_CONSTANT_CONVERSION = YES;
				CLANG_WARN_DIRECT_OBJC_ISA_USAGE = YES_ERROR;
				CLANG_WARN_EMPTY_BODY = YES;
				CLANG_WARN_ENUM_CONVERSION = YES;
				CLANG_WARN_INT_CONVERSION = YES;
				CLANG_WARN_OBJC_ROOT_CLASS = YES_ERROR;
				CLANG_WARN_UNREACHABLE_CODE = YES;
				CLANG_WARN__DUPLICATE_METHOD_MATCH = YES;
				DEBUG_INFORMATION_FORMAT = "dwarf-with-dsym";
				ENABLE_NS_ASSERTIONS = NO;
				ENABLE_STRICT_OBJC_MSGSEND = YES;
				GCC_C_LANGUAGE_STANDARD = c99;
				GCC_WARN_64_TO_32_BIT_CONVERSION = YES;
				GCC_WARN_ABOUT_RETURN_TYPE = YES_ERROR;
				GCC_WARN_UNDECLARED_SELECTOR = YES;
				GCC_WARN_UNINITIALIZED_AUTOS = YES_AGGRESSIVE;
				GCC_WARN_UNUSED_FUNCTION = YES;
				GCC_WARN_UNUSED_VARIABLE = YES;
				SDKROOT = macosx;
			};
			name = Release;
		};
		AD1095FF1A41E67300D132E4 /* Debug */ = {
			isa = XCBuildConfiguration;
			buildSettings = {
				PRODUCT_NAME = "$(TARGET_NAME)";
			};
			name = Debug;
		};
		AD1096001A41E67300D132E4 /* Release */ = {
			isa = XCBuildConfiguration;
			buildSettings = {
				PRODUCT_NAME = "$(TARGET_NAME)";
			};
			name = Release;
		};
/* End XCBuildConfiguration section */

/* Begin XCConfigurationList section */
		AD1095F21A41E67300D132E4 /* Build configuration list for PBXProject "tournamentd" */ = {
			isa = XCConfigurationList;
			buildConfigurations = (
				AD1095FC1A41E67300D132E4 /* Debug */,
				AD1095FD1A41E67300D132E4 /* Release */,
			);
			defaultConfigurationIsVisible = 0;
			defaultConfigurationName = Release;
		};
		AD1095FE1A41E67300D132E4 /* Build configuration list for PBXNativeTarget "tournamentd" */ = {
			isa = XCConfigurationList;
			buildConfigurations = (
				AD1095FF1A41E67300D132E4 /* Debug */,
				AD1096001A41E67300D132E4 /* Release */,
			);
			defaultConfigurationIsVisible = 0;
			defaultConfigurationName = Release;
		};
/* End XCConfigurationList section */
	};
	rootObject = AD1095EF1A41E67300D132E4 /* Project object */;
}
