// !$*UTF8*$!
{
	archiveVersion = 1;
	classes = {
	};
	objectVersion = 46;
	objects = {

/* Begin PBXBuildFile section */
		943970181B3F9DB700BB0413 /* TournamentBrowser.m in Sources */ = {isa = PBXBuildFile; fileRef = 943970171B3F9DB700BB0413 /* TournamentBrowser.m */; };
		943970191B3F9DB700BB0413 /* TournamentBrowser.m in Sources */ = {isa = PBXBuildFile; fileRef = 943970171B3F9DB700BB0413 /* TournamentBrowser.m */; };
		9439701A1B3F9DB700BB0413 /* TournamentBrowser.m in Sources */ = {isa = PBXBuildFile; fileRef = 943970171B3F9DB700BB0413 /* TournamentBrowser.m */; };
		9439701D1B405DC000BB0413 /* TournamentService.m in Sources */ = {isa = PBXBuildFile; fileRef = 9439701C1B405DC000BB0413 /* TournamentService.m */; };
		9439701E1B405DC000BB0413 /* TournamentService.m in Sources */ = {isa = PBXBuildFile; fileRef = 9439701C1B405DC000BB0413 /* TournamentService.m */; };
		9439701F1B405DC000BB0413 /* TournamentService.m in Sources */ = {isa = PBXBuildFile; fileRef = 9439701C1B405DC000BB0413 /* TournamentService.m */; };
		943B00C71B3F15AA00CE55D4 /* TBResizeTextField.m in Sources */ = {isa = PBXBuildFile; fileRef = 943B00C61B3F15AA00CE55D4 /* TBResizeTextField.m */; };
		943B00C81B3F427700CE55D4 /* TournamentConnection.m in Sources */ = {isa = PBXBuildFile; fileRef = 9476F47D1B3C3EA700A158F8 /* TournamentConnection.m */; };
		943B00C91B3F427700CE55D4 /* TournamentDaemon.mm in Sources */ = {isa = PBXBuildFile; fileRef = 9476F47F1B3C3EA700A158F8 /* TournamentDaemon.mm */; };
		943B00CA1B3F427700CE55D4 /* TournamentSession.m in Sources */ = {isa = PBXBuildFile; fileRef = 9476F4811B3C3EA700A158F8 /* TournamentSession.m */; };
		943B00D01B3F429500CE55D4 /* datetime.cpp in Sources */ = {isa = PBXBuildFile; fileRef = 9476F4D31B3C3F8300A158F8 /* datetime.cpp */; };
		943B00D11B3F429500CE55D4 /* gameinfo.cpp in Sources */ = {isa = PBXBuildFile; fileRef = 9476F4D51B3C3F8300A158F8 /* gameinfo.cpp */; };
		943B00D21B3F429500CE55D4 /* json.cpp in Sources */ = {isa = PBXBuildFile; fileRef = 9476F4D81B3C3F8300A158F8 /* json.cpp */; };
		943B00D31B3F429500CE55D4 /* logger.cpp in Sources */ = {isa = PBXBuildFile; fileRef = 9476F4DA1B3C3F8300A158F8 /* logger.cpp */; };
		943B00D41B3F429500CE55D4 /* server.cpp in Sources */ = {isa = PBXBuildFile; fileRef = 9476F4E11B3C3F8300A158F8 /* server.cpp */; };
		943B00D51B3F429500CE55D4 /* socket.cpp in Sources */ = {isa = PBXBuildFile; fileRef = 9476F4E31B3C3F8300A158F8 /* socket.cpp */; };
		943B00D61B3F429500CE55D4 /* tournament.cpp in Sources */ = {isa = PBXBuildFile; fileRef = 9476F4E71B3C3F8300A158F8 /* tournament.cpp */; };
		943B00D71B3F429500CE55D4 /* types.cpp in Sources */ = {isa = PBXBuildFile; fileRef = 9476F4E91B3C3F8300A158F8 /* types.cpp */; };
		943B00D81B3F43FC00CE55D4 /* cJSON.c in Sources */ = {isa = PBXBuildFile; fileRef = 9476F4CE1B3C3F8300A158F8 /* cJSON.c */; };
		944FF4B91B3D04CA000362ED /* AppDelegate.m in Sources */ = {isa = PBXBuildFile; fileRef = 944FF4B81B3D04CA000362ED /* AppDelegate.m */; };
		944FF4BB1B3D04CA000362ED /* main.m in Sources */ = {isa = PBXBuildFile; fileRef = 944FF4BA1B3D04CA000362ED /* main.m */; };
		944FF4BD1B3D04CA000362ED /* TBPlayer.xcassets in Resources */ = {isa = PBXBuildFile; fileRef = 944FF4BC1B3D04CA000362ED /* TBPlayer.xcassets */; };
		944FF4C01B3D04CA000362ED /* MainMenu.xib in Resources */ = {isa = PBXBuildFile; fileRef = 944FF4BE1B3D04CA000362ED /* MainMenu.xib */; };
		946288B71B3E578D0016FA36 /* TBPlayerWindowController.m in Sources */ = {isa = PBXBuildFile; fileRef = 946288B51B3E578D0016FA36 /* TBPlayerWindowController.m */; };
		946288B81B3E578D0016FA36 /* TBPlayerWindowController.xib in Resources */ = {isa = PBXBuildFile; fileRef = 946288B61B3E578D0016FA36 /* TBPlayerWindowController.xib */; };
		9476F4691B3C385400A158F8 /* TBAppDelegate.m in Sources */ = {isa = PBXBuildFile; fileRef = 9476F4561B3C385400A158F8 /* TBAppDelegate.m */; };
		9476F46A1B3C385400A158F8 /* TBTournamentsViewController.m in Sources */ = {isa = PBXBuildFile; fileRef = 9476F4581B3C385400A158F8 /* TBTournamentsViewController.m */; };
		9476F46B1B3C385400A158F8 /* TBRemoteClockViewController.m in Sources */ = {isa = PBXBuildFile; fileRef = 9476F45A1B3C385400A158F8 /* TBRemoteClockViewController.m */; };
		9476F46C1B3C385400A158F8 /* Main.storyboard in Resources */ = {isa = PBXBuildFile; fileRef = 9476F45C1B3C385400A158F8 /* Main.storyboard */; };
		9476F46D1B3C385400A158F8 /* TBRemote.xcassets in Resources */ = {isa = PBXBuildFile; fileRef = 9476F45D1B3C385400A158F8 /* TBRemote.xcassets */; };
		9476F46E1B3C385400A158F8 /* LaunchScreen.xib in Resources */ = {isa = PBXBuildFile; fileRef = 9476F45F1B3C385400A158F8 /* LaunchScreen.xib */; };
		9476F4721B3C385400A158F8 /* main.m in Sources */ = {isa = PBXBuildFile; fileRef = 9476F4651B3C385400A158F8 /* main.m */; };
		9476F4761B3C3D6700A158F8 /* UIKit.framework in Frameworks */ = {isa = PBXBuildFile; fileRef = 9476F4751B3C3D6700A158F8 /* UIKit.framework */; };
		9476F4781B3C3D6E00A158F8 /* CoreGraphics.framework in Frameworks */ = {isa = PBXBuildFile; fileRef = 9476F4771B3C3D6E00A158F8 /* CoreGraphics.framework */; };
		9476F47A1B3C3D7400A158F8 /* CFNetwork.framework in Frameworks */ = {isa = PBXBuildFile; fileRef = 9476F4791B3C3D7400A158F8 /* CFNetwork.framework */; };
		9476F4A21B3C3EA700A158F8 /* TournamentConnection.m in Sources */ = {isa = PBXBuildFile; fileRef = 9476F47D1B3C3EA700A158F8 /* TournamentConnection.m */; };
		9476F4A31B3C3EA700A158F8 /* TournamentConnection.m in Sources */ = {isa = PBXBuildFile; fileRef = 9476F47D1B3C3EA700A158F8 /* TournamentConnection.m */; };
		9476F4A41B3C3EA700A158F8 /* TournamentDaemon.mm in Sources */ = {isa = PBXBuildFile; fileRef = 9476F47F1B3C3EA700A158F8 /* TournamentDaemon.mm */; };
		9476F4A51B3C3EA700A158F8 /* TournamentDaemon.mm in Sources */ = {isa = PBXBuildFile; fileRef = 9476F47F1B3C3EA700A158F8 /* TournamentDaemon.mm */; };
		9476F4A61B3C3EA700A158F8 /* TournamentSession.m in Sources */ = {isa = PBXBuildFile; fileRef = 9476F4811B3C3EA700A158F8 /* TournamentSession.m */; };
		9476F4A71B3C3EA700A158F8 /* TournamentSession.m in Sources */ = {isa = PBXBuildFile; fileRef = 9476F4811B3C3EA700A158F8 /* TournamentSession.m */; };
		9476F4EC1B3C3F8300A158F8 /* cJSON.c in Sources */ = {isa = PBXBuildFile; fileRef = 9476F4CE1B3C3F8300A158F8 /* cJSON.c */; };
		9476F4ED1B3C3F8300A158F8 /* bonjour.cpp in Sources */ = {isa = PBXBuildFile; fileRef = 9476F4D11B3C3F8300A158F8 /* bonjour.cpp */; };
		9476F4EE1B3C3F8300A158F8 /* datetime.cpp in Sources */ = {isa = PBXBuildFile; fileRef = 9476F4D31B3C3F8300A158F8 /* datetime.cpp */; };
		9476F4EF1B3C3F8300A158F8 /* gameinfo.cpp in Sources */ = {isa = PBXBuildFile; fileRef = 9476F4D51B3C3F8300A158F8 /* gameinfo.cpp */; };
		9476F4F01B3C3F8300A158F8 /* json.cpp in Sources */ = {isa = PBXBuildFile; fileRef = 9476F4D81B3C3F8300A158F8 /* json.cpp */; };
		9476F4F11B3C3F8300A158F8 /* logger.cpp in Sources */ = {isa = PBXBuildFile; fileRef = 9476F4DA1B3C3F8300A158F8 /* logger.cpp */; };
		9476F4F21B3C3F8300A158F8 /* main.cpp in Sources */ = {isa = PBXBuildFile; fileRef = 9476F4DC1B3C3F8300A158F8 /* main.cpp */; };
		9476F4F31B3C3F8300A158F8 /* process.cpp in Sources */ = {isa = PBXBuildFile; fileRef = 9476F4DD1B3C3F8300A158F8 /* process.cpp */; };
		9476F4F41B3C3F8300A158F8 /* program.cpp in Sources */ = {isa = PBXBuildFile; fileRef = 9476F4DF1B3C3F8300A158F8 /* program.cpp */; };
		9476F4F51B3C3F8300A158F8 /* server.cpp in Sources */ = {isa = PBXBuildFile; fileRef = 9476F4E11B3C3F8300A158F8 /* server.cpp */; };
		9476F4F61B3C3F8300A158F8 /* socket.cpp in Sources */ = {isa = PBXBuildFile; fileRef = 9476F4E31B3C3F8300A158F8 /* socket.cpp */; };
		9476F4F71B3C3F8300A158F8 /* tournament.cpp in Sources */ = {isa = PBXBuildFile; fileRef = 9476F4E71B3C3F8300A158F8 /* tournament.cpp */; };
		9476F4F81B3C3F8300A158F8 /* types.cpp in Sources */ = {isa = PBXBuildFile; fileRef = 9476F4E91B3C3F8300A158F8 /* types.cpp */; };
		9476F4FA1B3C403F00A158F8 /* CFNetwork.framework in Frameworks */ = {isa = PBXBuildFile; fileRef = 9476F4F91B3C403F00A158F8 /* CFNetwork.framework */; };
		9476F4FC1B3C404400A158F8 /* CoreFoundation.framework in Frameworks */ = {isa = PBXBuildFile; fileRef = 9476F4FB1B3C404400A158F8 /* CoreFoundation.framework */; };
		9476F4FD1B3C406400A158F8 /* defaults.json in CopyFiles */ = {isa = PBXBuildFile; fileRef = 9476F4CD1B3C3F8300A158F8 /* defaults.json */; };
		949D70941B3C43DB008D5CD1 /* tournament.cpp in Sources */ = {isa = PBXBuildFile; fileRef = 9476F4E71B3C3F8300A158F8 /* tournament.cpp */; };
		949D70951B3C440D008D5CD1 /* datetime.cpp in Sources */ = {isa = PBXBuildFile; fileRef = 9476F4D31B3C3F8300A158F8 /* datetime.cpp */; };
		949D70961B3C440D008D5CD1 /* gameinfo.cpp in Sources */ = {isa = PBXBuildFile; fileRef = 9476F4D51B3C3F8300A158F8 /* gameinfo.cpp */; };
		949D70971B3C440D008D5CD1 /* json.cpp in Sources */ = {isa = PBXBuildFile; fileRef = 9476F4D81B3C3F8300A158F8 /* json.cpp */; };
		949D70981B3C440D008D5CD1 /* logger.cpp in Sources */ = {isa = PBXBuildFile; fileRef = 9476F4DA1B3C3F8300A158F8 /* logger.cpp */; };
		949D70991B3C440D008D5CD1 /* server.cpp in Sources */ = {isa = PBXBuildFile; fileRef = 9476F4E11B3C3F8300A158F8 /* server.cpp */; };
		949D709A1B3C440D008D5CD1 /* types.cpp in Sources */ = {isa = PBXBuildFile; fileRef = 9476F4E91B3C3F8300A158F8 /* types.cpp */; };
		949D709B1B3C440E008D5CD1 /* datetime.cpp in Sources */ = {isa = PBXBuildFile; fileRef = 9476F4D31B3C3F8300A158F8 /* datetime.cpp */; };
		949D709C1B3C440E008D5CD1 /* gameinfo.cpp in Sources */ = {isa = PBXBuildFile; fileRef = 9476F4D51B3C3F8300A158F8 /* gameinfo.cpp */; };
		949D709D1B3C440E008D5CD1 /* json.cpp in Sources */ = {isa = PBXBuildFile; fileRef = 9476F4D81B3C3F8300A158F8 /* json.cpp */; };
		949D709E1B3C440E008D5CD1 /* logger.cpp in Sources */ = {isa = PBXBuildFile; fileRef = 9476F4DA1B3C3F8300A158F8 /* logger.cpp */; };
		949D709F1B3C440E008D5CD1 /* server.cpp in Sources */ = {isa = PBXBuildFile; fileRef = 9476F4E11B3C3F8300A158F8 /* server.cpp */; };
		949D70A01B3C440E008D5CD1 /* types.cpp in Sources */ = {isa = PBXBuildFile; fileRef = 9476F4E91B3C3F8300A158F8 /* types.cpp */; };
		949D70A11B3C4411008D5CD1 /* tournament.cpp in Sources */ = {isa = PBXBuildFile; fileRef = 9476F4E71B3C3F8300A158F8 /* tournament.cpp */; };
		949D70A21B3C441F008D5CD1 /* socket.cpp in Sources */ = {isa = PBXBuildFile; fileRef = 9476F4E31B3C3F8300A158F8 /* socket.cpp */; };
		949D70A31B3C441F008D5CD1 /* socket.cpp in Sources */ = {isa = PBXBuildFile; fileRef = 9476F4E31B3C3F8300A158F8 /* socket.cpp */; };
		949D70A41B3C442F008D5CD1 /* cJSON.c in Sources */ = {isa = PBXBuildFile; fileRef = 9476F4CE1B3C3F8300A158F8 /* cJSON.c */; };
		949D70A51B3C442F008D5CD1 /* cJSON.c in Sources */ = {isa = PBXBuildFile; fileRef = 9476F4CE1B3C3F8300A158F8 /* cJSON.c */; };
		94FDEADC1B5AE2560026B25D /* TBColor+CSS.m in Sources */ = {isa = PBXBuildFile; fileRef = 94FDEADB1B5AE2560026B25D /* TBColor+CSS.m */; };
		94FDEAE51B5AE2D60026B25D /* CFStreamCreatePairWithUnixSocket.c in Sources */ = {isa = PBXBuildFile; fileRef = 94FDEADD1B5AE2D60026B25D /* CFStreamCreatePairWithUnixSocket.c */; };
		94FDEAE61B5AE2D60026B25D /* CFStreamCreatePairWithUnixSocket.c in Sources */ = {isa = PBXBuildFile; fileRef = 94FDEADD1B5AE2D60026B25D /* CFStreamCreatePairWithUnixSocket.c */; };
		94FDEAE71B5AE2D60026B25D /* CFStreamCreatePairWithUnixSocket.c in Sources */ = {isa = PBXBuildFile; fileRef = 94FDEADD1B5AE2D60026B25D /* CFStreamCreatePairWithUnixSocket.c */; };
		94FDEAE81B5AE2D60026B25D /* FBKVOController.m in Sources */ = {isa = PBXBuildFile; fileRef = 94FDEAE01B5AE2D60026B25D /* FBKVOController.m */; };
		94FDEAE91B5AE2D60026B25D /* FBKVOController.m in Sources */ = {isa = PBXBuildFile; fileRef = 94FDEAE01B5AE2D60026B25D /* FBKVOController.m */; };
		94FDEAEA1B5AE2D60026B25D /* FBKVOController.m in Sources */ = {isa = PBXBuildFile; fileRef = 94FDEAE01B5AE2D60026B25D /* FBKVOController.m */; };
		94FDEAEB1B5AE2D60026B25D /* NSData+Delimiter.m in Sources */ = {isa = PBXBuildFile; fileRef = 94FDEAE21B5AE2D60026B25D /* NSData+Delimiter.m */; };
		94FDEAEC1B5AE2D60026B25D /* NSData+Delimiter.m in Sources */ = {isa = PBXBuildFile; fileRef = 94FDEAE21B5AE2D60026B25D /* NSData+Delimiter.m */; };
		94FDEAED1B5AE2D60026B25D /* NSData+Delimiter.m in Sources */ = {isa = PBXBuildFile; fileRef = 94FDEAE21B5AE2D60026B25D /* NSData+Delimiter.m */; };
		94FDEAEE1B5AE2D60026B25D /* NSObject+FBKVOController.m in Sources */ = {isa = PBXBuildFile; fileRef = 94FDEAE41B5AE2D60026B25D /* NSObject+FBKVOController.m */; };
		94FDEAEF1B5AE2D60026B25D /* NSObject+FBKVOController.m in Sources */ = {isa = PBXBuildFile; fileRef = 94FDEAE41B5AE2D60026B25D /* NSObject+FBKVOController.m */; };
		94FDEAF01B5AE2D60026B25D /* NSObject+FBKVOController.m in Sources */ = {isa = PBXBuildFile; fileRef = 94FDEAE41B5AE2D60026B25D /* NSObject+FBKVOController.m */; };
		94FDEAF51B5AE7390026B25D /* NSFont+LineHeight.m in Sources */ = {isa = PBXBuildFile; fileRef = 94FDEAF41B5AE7390026B25D /* NSFont+LineHeight.m */; };
		94FDEAF81B5AE7920026B25D /* NSView+BackgroundColor.m in Sources */ = {isa = PBXBuildFile; fileRef = 94FDEAF71B5AE7920026B25D /* NSView+BackgroundColor.m */; };
		94FDEAFA1B5AEB0B0026B25D /* TBActionClockView.m in Sources */ = {isa = PBXBuildFile; fileRef = 94FDEAF91B5AEB0B0026B25D /* TBActionClockView.m */; };
		94FDEAFB1B5AEB0B0026B25D /* TBActionClockView.m in Sources */ = {isa = PBXBuildFile; fileRef = 94FDEAF91B5AEB0B0026B25D /* TBActionClockView.m */; };
		AD0A75A31AA22012009E90A3 /* TBPlayersTableCellView.h in Resources */ = {isa = PBXBuildFile; fileRef = AD0A75A21AA22012009E90A3 /* TBPlayersTableCellView.h */; };
		AD0A75A51AA22028009E90A3 /* TBPlayersTableCellView.m in Sources */ = {isa = PBXBuildFile; fileRef = AD0A75A41AA22028009E90A3 /* TBPlayersTableCellView.m */; };
		AD0EC5051AB331460071BD18 /* TBDurationNumberFormatter.m in Sources */ = {isa = PBXBuildFile; fileRef = AD0EC5041AB331460071BD18 /* TBDurationNumberFormatter.m */; };
		AD0EC5081AB33AA30071BD18 /* TBColorValueTransformer.m in Sources */ = {isa = PBXBuildFile; fileRef = AD0EC5071AB33AA30071BD18 /* TBColorValueTransformer.m */; };
		AD49306E1A885E1A008B1DCD /* TBFundingTableCellView.m in Sources */ = {isa = PBXBuildFile; fileRef = AD49306D1A885E1A008B1DCD /* TBFundingTableCellView.m */; };
		AD60911D1A94EBB600AAF891 /* TBChipsTableCellView.m in Sources */ = {isa = PBXBuildFile; fileRef = AD60911C1A94EBB600AAF891 /* TBChipsTableCellView.m */; };
		AD8E684A1A6C606700E5A4D8 /* AppDelegate.m in Sources */ = {isa = PBXBuildFile; fileRef = AD8E68491A6C606700E5A4D8 /* AppDelegate.m */; };
		AD8E684C1A6C606700E5A4D8 /* main.m in Sources */ = {isa = PBXBuildFile; fileRef = AD8E684B1A6C606700E5A4D8 /* main.m */; };
		AD8E684F1A6C606700E5A4D8 /* Document.m in Sources */ = {isa = PBXBuildFile; fileRef = AD8E684E1A6C606700E5A4D8 /* Document.m */; };
		AD8E68521A6C606700E5A4D8 /* Document.xib in Resources */ = {isa = PBXBuildFile; fileRef = AD8E68501A6C606700E5A4D8 /* Document.xib */; };
		AD8E68541A6C606700E5A4D8 /* TBMac.xcassets in Resources */ = {isa = PBXBuildFile; fileRef = AD8E68531A6C606700E5A4D8 /* TBMac.xcassets */; };
		AD8E68571A6C606700E5A4D8 /* MainMenu.xib in Resources */ = {isa = PBXBuildFile; fileRef = AD8E68551A6C606700E5A4D8 /* MainMenu.xib */; };
		AD98D95C1A7B290500DA6B8B /* TBFundingView.xib in Resources */ = {isa = PBXBuildFile; fileRef = AD98D95A1A7B290500DA6B8B /* TBFundingView.xib */; };
		AD98D95E1A7B2DDA00DA6B8B /* TBChipsView.xib in Resources */ = {isa = PBXBuildFile; fileRef = AD98D95D1A7B2DDA00DA6B8B /* TBChipsView.xib */; };
		AD98D9611A7B330B00DA6B8B /* TBChipsViewController.m in Sources */ = {isa = PBXBuildFile; fileRef = AD98D9601A7B330B00DA6B8B /* TBChipsViewController.m */; };
		AD98D9651A7B331A00DA6B8B /* TBFundingViewController.m in Sources */ = {isa = PBXBuildFile; fileRef = AD98D9631A7B331A00DA6B8B /* TBFundingViewController.m */; };
		AD98D96A1A7B33F100DA6B8B /* TBPlayersViewController.m in Sources */ = {isa = PBXBuildFile; fileRef = AD98D9681A7B33F100DA6B8B /* TBPlayersViewController.m */; };
		AD98D96B1A7B33F100DA6B8B /* TBPlayersView.xib in Resources */ = {isa = PBXBuildFile; fileRef = AD98D9691A7B33F100DA6B8B /* TBPlayersView.xib */; };
		AD98D96F1A7B342000DA6B8B /* TBRoundsViewController.m in Sources */ = {isa = PBXBuildFile; fileRef = AD98D96D1A7B342000DA6B8B /* TBRoundsViewController.m */; };
		AD98D9701A7B342000DA6B8B /* TBRoundsView.xib in Resources */ = {isa = PBXBuildFile; fileRef = AD98D96E1A7B342000DA6B8B /* TBRoundsView.xib */; };
		AD98D9741A7B343600DA6B8B /* TBSeatingViewController.m in Sources */ = {isa = PBXBuildFile; fileRef = AD98D9721A7B343600DA6B8B /* TBSeatingViewController.m */; };
		AD98D9751A7B343600DA6B8B /* TBSeatingView.xib in Resources */ = {isa = PBXBuildFile; fileRef = AD98D9731A7B343600DA6B8B /* TBSeatingView.xib */; };
		ADA128181AACF2BD00DACDBA /* TBRoundsTableCellView.m in Sources */ = {isa = PBXBuildFile; fileRef = ADA128171AACF2BD00DACDBA /* TBRoundsTableCellView.m */; };
		ADE4E1281A7DFFD000FC9EFC /* TBTableViewController.m in Sources */ = {isa = PBXBuildFile; fileRef = ADE4E1271A7DFFD000FC9EFC /* TBTableViewController.m */; };
/* End PBXBuildFile section */

/* Begin PBXCopyFilesBuildPhase section */
		9476F4C41B3C3F3D00A158F8 /* CopyFiles */ = {
			isa = PBXCopyFilesBuildPhase;
			buildActionMask = 12;
			dstPath = "";
			dstSubfolderSpec = 16;
			files = (
				9476F4FD1B3C406400A158F8 /* defaults.json in CopyFiles */,
			);
			runOnlyForDeploymentPostprocessing = 0;
		};
/* End PBXCopyFilesBuildPhase section */

/* Begin PBXFileReference section */
		943970161B3F9DB700BB0413 /* TournamentBrowser.h */ = {isa = PBXFileReference; fileEncoding = 4; lastKnownFileType = sourcecode.c.h; path = TournamentBrowser.h; sourceTree = "<group>"; };
		943970171B3F9DB700BB0413 /* TournamentBrowser.m */ = {isa = PBXFileReference; fileEncoding = 4; lastKnownFileType = sourcecode.c.objc; path = TournamentBrowser.m; sourceTree = "<group>"; };
		9439701B1B3FA61C00BB0413 /* TournamentService.h */ = {isa = PBXFileReference; lastKnownFileType = sourcecode.c.h; path = TournamentService.h; sourceTree = "<group>"; };
		9439701C1B405DC000BB0413 /* TournamentService.m */ = {isa = PBXFileReference; fileEncoding = 4; lastKnownFileType = sourcecode.c.objc; path = TournamentService.m; sourceTree = "<group>"; };
		943B00C51B3F15AA00CE55D4 /* TBResizeTextField.h */ = {isa = PBXFileReference; fileEncoding = 4; lastKnownFileType = sourcecode.c.h; path = TBResizeTextField.h; sourceTree = "<group>"; };
		943B00C61B3F15AA00CE55D4 /* TBResizeTextField.m */ = {isa = PBXFileReference; fileEncoding = 4; lastKnownFileType = sourcecode.c.objc; path = TBResizeTextField.m; sourceTree = "<group>"; };
		944FF4B31B3D04CA000362ED /* TBPlayer.app */ = {isa = PBXFileReference; explicitFileType = wrapper.application; includeInIndex = 0; path = TBPlayer.app; sourceTree = BUILT_PRODUCTS_DIR; };
		944FF4B61B3D04CA000362ED /* Info.plist */ = {isa = PBXFileReference; lastKnownFileType = text.plist.xml; path = Info.plist; sourceTree = "<group>"; };
		944FF4B71B3D04CA000362ED /* AppDelegate.h */ = {isa = PBXFileReference; lastKnownFileType = sourcecode.c.h; path = AppDelegate.h; sourceTree = "<group>"; };
		944FF4B81B3D04CA000362ED /* AppDelegate.m */ = {isa = PBXFileReference; lastKnownFileType = sourcecode.c.objc; path = AppDelegate.m; sourceTree = "<group>"; };
		944FF4BA1B3D04CA000362ED /* main.m */ = {isa = PBXFileReference; lastKnownFileType = sourcecode.c.objc; path = main.m; sourceTree = "<group>"; };
		944FF4BC1B3D04CA000362ED /* TBPlayer.xcassets */ = {isa = PBXFileReference; lastKnownFileType = folder.assetcatalog; path = TBPlayer.xcassets; sourceTree = "<group>"; };
		944FF4BF1B3D04CA000362ED /* Base */ = {isa = PBXFileReference; lastKnownFileType = file.xib; name = Base; path = Base.lproj/MainMenu.xib; sourceTree = "<group>"; };
		946288B41B3E578D0016FA36 /* TBPlayerWindowController.h */ = {isa = PBXFileReference; fileEncoding = 4; lastKnownFileType = sourcecode.c.h; path = TBPlayerWindowController.h; sourceTree = "<group>"; };
		946288B51B3E578D0016FA36 /* TBPlayerWindowController.m */ = {isa = PBXFileReference; fileEncoding = 4; lastKnownFileType = sourcecode.c.objc; path = TBPlayerWindowController.m; sourceTree = "<group>"; };
		946288B61B3E578D0016FA36 /* TBPlayerWindowController.xib */ = {isa = PBXFileReference; fileEncoding = 4; lastKnownFileType = file.xib; path = TBPlayerWindowController.xib; sourceTree = "<group>"; };
		9476F42A1B3C37D000A158F8 /* TBRemote.app */ = {isa = PBXFileReference; explicitFileType = wrapper.application; includeInIndex = 0; path = TBRemote.app; sourceTree = BUILT_PRODUCTS_DIR; };
		9476F4551B3C385400A158F8 /* TBAppDelegate.h */ = {isa = PBXFileReference; fileEncoding = 4; lastKnownFileType = sourcecode.c.h; path = TBAppDelegate.h; sourceTree = "<group>"; };
		9476F4561B3C385400A158F8 /* TBAppDelegate.m */ = {isa = PBXFileReference; fileEncoding = 4; lastKnownFileType = sourcecode.c.objc; path = TBAppDelegate.m; sourceTree = "<group>"; };
		9476F4571B3C385400A158F8 /* TBTournamentsViewController.h */ = {isa = PBXFileReference; fileEncoding = 4; lastKnownFileType = sourcecode.c.h; path = TBTournamentsViewController.h; sourceTree = "<group>"; };
		9476F4581B3C385400A158F8 /* TBTournamentsViewController.m */ = {isa = PBXFileReference; fileEncoding = 4; lastKnownFileType = sourcecode.c.objc; path = TBTournamentsViewController.m; sourceTree = "<group>"; };
		9476F4591B3C385400A158F8 /* TBRemoteClockViewController.h */ = {isa = PBXFileReference; fileEncoding = 4; lastKnownFileType = sourcecode.c.h; path = TBRemoteClockViewController.h; sourceTree = "<group>"; };
		9476F45A1B3C385400A158F8 /* TBRemoteClockViewController.m */ = {isa = PBXFileReference; fileEncoding = 4; lastKnownFileType = sourcecode.c.objc; path = TBRemoteClockViewController.m; sourceTree = "<group>"; };
		9476F45B1B3C385400A158F8 /* Base */ = {isa = PBXFileReference; lastKnownFileType = file.storyboard; name = Base; path = Base.lproj/Main.storyboard; sourceTree = "<group>"; };
		9476F45D1B3C385400A158F8 /* TBRemote.xcassets */ = {isa = PBXFileReference; lastKnownFileType = folder.assetcatalog; path = TBRemote.xcassets; sourceTree = "<group>"; };
		9476F45E1B3C385400A158F8 /* Base */ = {isa = PBXFileReference; lastKnownFileType = file.xib; name = Base; path = Base.lproj/LaunchScreen.xib; sourceTree = "<group>"; };
		9476F4641B3C385400A158F8 /* Info.plist */ = {isa = PBXFileReference; fileEncoding = 4; lastKnownFileType = text.plist.xml; path = Info.plist; sourceTree = "<group>"; };
		9476F4651B3C385400A158F8 /* main.m */ = {isa = PBXFileReference; fileEncoding = 4; lastKnownFileType = sourcecode.c.objc; path = main.m; sourceTree = "<group>"; };
		9476F4751B3C3D6700A158F8 /* UIKit.framework */ = {isa = PBXFileReference; lastKnownFileType = wrapper.framework; name = UIKit.framework; path = Platforms/iPhoneOS.platform/Developer/SDKs/iPhoneOS8.3.sdk/System/Library/Frameworks/UIKit.framework; sourceTree = DEVELOPER_DIR; };
		9476F4771B3C3D6E00A158F8 /* CoreGraphics.framework */ = {isa = PBXFileReference; lastKnownFileType = wrapper.framework; name = CoreGraphics.framework; path = Platforms/iPhoneOS.platform/Developer/SDKs/iPhoneOS8.3.sdk/System/Library/Frameworks/CoreGraphics.framework; sourceTree = DEVELOPER_DIR; };
		9476F4791B3C3D7400A158F8 /* CFNetwork.framework */ = {isa = PBXFileReference; lastKnownFileType = wrapper.framework; name = CFNetwork.framework; path = Platforms/iPhoneOS.platform/Developer/SDKs/iPhoneOS8.3.sdk/System/Library/Frameworks/CFNetwork.framework; sourceTree = DEVELOPER_DIR; };
		9476F47B1B3C3EA700A158F8 /* TournamentKit.h */ = {isa = PBXFileReference; fileEncoding = 4; lastKnownFileType = sourcecode.c.h; path = TournamentKit.h; sourceTree = "<group>"; };
		9476F47C1B3C3EA700A158F8 /* TournamentConnection.h */ = {isa = PBXFileReference; fileEncoding = 4; lastKnownFileType = sourcecode.c.h; path = TournamentConnection.h; sourceTree = "<group>"; };
		9476F47D1B3C3EA700A158F8 /* TournamentConnection.m */ = {isa = PBXFileReference; fileEncoding = 4; lastKnownFileType = sourcecode.c.objc; path = TournamentConnection.m; sourceTree = "<group>"; };
		9476F47E1B3C3EA700A158F8 /* TournamentDaemon.h */ = {isa = PBXFileReference; fileEncoding = 4; lastKnownFileType = sourcecode.c.h; path = TournamentDaemon.h; sourceTree = "<group>"; };
		9476F47F1B3C3EA700A158F8 /* TournamentDaemon.mm */ = {isa = PBXFileReference; fileEncoding = 4; lastKnownFileType = sourcecode.cpp.objcpp; path = TournamentDaemon.mm; sourceTree = "<group>"; };
		9476F4801B3C3EA700A158F8 /* TournamentSession.h */ = {isa = PBXFileReference; fileEncoding = 4; lastKnownFileType = sourcecode.c.h; path = TournamentSession.h; sourceTree = "<group>"; };
		9476F4811B3C3EA700A158F8 /* TournamentSession.m */ = {isa = PBXFileReference; fileEncoding = 4; lastKnownFileType = sourcecode.c.objc; path = TournamentSession.m; sourceTree = "<group>"; };
		9476F4C61B3C3F3D00A158F8 /* tournamentd */ = {isa = PBXFileReference; explicitFileType = "compiled.mach-o.executable"; includeInIndex = 0; path = tournamentd; sourceTree = BUILT_PRODUCTS_DIR; };
		9476F4CD1B3C3F8300A158F8 /* defaults.json */ = {isa = PBXFileReference; fileEncoding = 4; lastKnownFileType = text.json; name = defaults.json; path = ../defaults.json; sourceTree = "<group>"; };
		9476F4CE1B3C3F8300A158F8 /* cJSON.c */ = {isa = PBXFileReference; fileEncoding = 4; lastKnownFileType = sourcecode.c.c; path = cJSON.c; sourceTree = "<group>"; };
		9476F4CF1B3C3F8300A158F8 /* cJSON.h */ = {isa = PBXFileReference; fileEncoding = 4; lastKnownFileType = sourcecode.c.h; path = cJSON.h; sourceTree = "<group>"; };
		9476F4D11B3C3F8300A158F8 /* bonjour.cpp */ = {isa = PBXFileReference; fileEncoding = 4; lastKnownFileType = sourcecode.cpp.cpp; path = bonjour.cpp; sourceTree = "<group>"; };
		9476F4D21B3C3F8300A158F8 /* bonjour.hpp */ = {isa = PBXFileReference; fileEncoding = 4; lastKnownFileType = sourcecode.cpp.h; path = bonjour.hpp; sourceTree = "<group>"; };
		9476F4D31B3C3F8300A158F8 /* datetime.cpp */ = {isa = PBXFileReference; fileEncoding = 4; lastKnownFileType = sourcecode.cpp.cpp; path = datetime.cpp; sourceTree = "<group>"; };
		9476F4D41B3C3F8300A158F8 /* datetime.hpp */ = {isa = PBXFileReference; fileEncoding = 4; lastKnownFileType = sourcecode.cpp.h; path = datetime.hpp; sourceTree = "<group>"; };
		9476F4D51B3C3F8300A158F8 /* gameinfo.cpp */ = {isa = PBXFileReference; fileEncoding = 4; lastKnownFileType = sourcecode.cpp.cpp; path = gameinfo.cpp; sourceTree = "<group>"; };
		9476F4D61B3C3F8300A158F8 /* gameinfo.hpp */ = {isa = PBXFileReference; fileEncoding = 4; lastKnownFileType = sourcecode.cpp.h; path = gameinfo.hpp; sourceTree = "<group>"; };
		9476F4D71B3C3F8300A158F8 /* ivectorstream.hpp */ = {isa = PBXFileReference; fileEncoding = 4; lastKnownFileType = sourcecode.cpp.h; path = ivectorstream.hpp; sourceTree = "<group>"; };
		9476F4D81B3C3F8300A158F8 /* json.cpp */ = {isa = PBXFileReference; fileEncoding = 4; lastKnownFileType = sourcecode.cpp.cpp; path = json.cpp; sourceTree = "<group>"; };
		9476F4D91B3C3F8300A158F8 /* json.hpp */ = {isa = PBXFileReference; fileEncoding = 4; lastKnownFileType = sourcecode.cpp.h; path = json.hpp; sourceTree = "<group>"; };
		9476F4DA1B3C3F8300A158F8 /* logger.cpp */ = {isa = PBXFileReference; fileEncoding = 4; lastKnownFileType = sourcecode.cpp.cpp; path = logger.cpp; sourceTree = "<group>"; };
		9476F4DB1B3C3F8300A158F8 /* logger.hpp */ = {isa = PBXFileReference; fileEncoding = 4; lastKnownFileType = sourcecode.cpp.h; path = logger.hpp; sourceTree = "<group>"; };
		9476F4DC1B3C3F8300A158F8 /* main.cpp */ = {isa = PBXFileReference; fileEncoding = 4; lastKnownFileType = sourcecode.cpp.cpp; path = main.cpp; sourceTree = "<group>"; };
		9476F4DD1B3C3F8300A158F8 /* process.cpp */ = {isa = PBXFileReference; fileEncoding = 4; lastKnownFileType = sourcecode.cpp.cpp; path = process.cpp; sourceTree = "<group>"; };
		9476F4DE1B3C3F8300A158F8 /* process.hpp */ = {isa = PBXFileReference; fileEncoding = 4; lastKnownFileType = sourcecode.cpp.h; path = process.hpp; sourceTree = "<group>"; };
		9476F4DF1B3C3F8300A158F8 /* program.cpp */ = {isa = PBXFileReference; fileEncoding = 4; lastKnownFileType = sourcecode.cpp.cpp; path = program.cpp; sourceTree = "<group>"; };
		9476F4E01B3C3F8300A158F8 /* program.hpp */ = {isa = PBXFileReference; fileEncoding = 4; lastKnownFileType = sourcecode.cpp.h; path = program.hpp; sourceTree = "<group>"; };
		9476F4E11B3C3F8300A158F8 /* server.cpp */ = {isa = PBXFileReference; fileEncoding = 4; lastKnownFileType = sourcecode.cpp.cpp; path = server.cpp; sourceTree = "<group>"; };
		9476F4E21B3C3F8300A158F8 /* server.hpp */ = {isa = PBXFileReference; fileEncoding = 4; lastKnownFileType = sourcecode.cpp.h; path = server.hpp; sourceTree = "<group>"; };
		9476F4E31B3C3F8300A158F8 /* socket.cpp */ = {isa = PBXFileReference; fileEncoding = 4; lastKnownFileType = sourcecode.cpp.cpp; path = socket.cpp; sourceTree = "<group>"; };
		9476F4E41B3C3F8300A158F8 /* socket.hpp */ = {isa = PBXFileReference; fileEncoding = 4; lastKnownFileType = sourcecode.cpp.h; path = socket.hpp; sourceTree = "<group>"; };
		9476F4E51B3C3F8300A158F8 /* socketstream.hpp */ = {isa = PBXFileReference; fileEncoding = 4; lastKnownFileType = sourcecode.cpp.h; path = socketstream.hpp; sourceTree = "<group>"; };
		9476F4E61B3C3F8300A158F8 /* stringcrc.hpp */ = {isa = PBXFileReference; fileEncoding = 4; lastKnownFileType = sourcecode.cpp.h; path = stringcrc.hpp; sourceTree = "<group>"; };
		9476F4E71B3C3F8300A158F8 /* tournament.cpp */ = {isa = PBXFileReference; fileEncoding = 4; lastKnownFileType = sourcecode.cpp.cpp; path = tournament.cpp; sourceTree = "<group>"; };
		9476F4E81B3C3F8300A158F8 /* tournament.hpp */ = {isa = PBXFileReference; fileEncoding = 4; lastKnownFileType = sourcecode.cpp.h; path = tournament.hpp; sourceTree = "<group>"; };
		9476F4E91B3C3F8300A158F8 /* types.cpp */ = {isa = PBXFileReference; fileEncoding = 4; lastKnownFileType = sourcecode.cpp.cpp; path = types.cpp; sourceTree = "<group>"; };
		9476F4EA1B3C3F8300A158F8 /* types.hpp */ = {isa = PBXFileReference; fileEncoding = 4; lastKnownFileType = sourcecode.cpp.h; path = types.hpp; sourceTree = "<group>"; };
		9476F4F91B3C403F00A158F8 /* CFNetwork.framework */ = {isa = PBXFileReference; lastKnownFileType = wrapper.framework; name = CFNetwork.framework; path = System/Library/Frameworks/CFNetwork.framework; sourceTree = SDKROOT; };
		9476F4FB1B3C404400A158F8 /* CoreFoundation.framework */ = {isa = PBXFileReference; lastKnownFileType = wrapper.framework; name = CoreFoundation.framework; path = System/Library/Frameworks/CoreFoundation.framework; sourceTree = SDKROOT; };
		94FDEADA1B5AE2560026B25D /* TBColor+CSS.h */ = {isa = PBXFileReference; fileEncoding = 4; lastKnownFileType = sourcecode.c.h; path = "TBColor+CSS.h"; sourceTree = "<group>"; };
		94FDEADB1B5AE2560026B25D /* TBColor+CSS.m */ = {isa = PBXFileReference; fileEncoding = 4; lastKnownFileType = sourcecode.c.objc; path = "TBColor+CSS.m"; sourceTree = "<group>"; };
		94FDEADD1B5AE2D60026B25D /* CFStreamCreatePairWithUnixSocket.c */ = {isa = PBXFileReference; fileEncoding = 4; lastKnownFileType = sourcecode.c.c; path = CFStreamCreatePairWithUnixSocket.c; sourceTree = "<group>"; };
		94FDEADE1B5AE2D60026B25D /* CFStreamCreatePairWithUnixSocket.h */ = {isa = PBXFileReference; fileEncoding = 4; lastKnownFileType = sourcecode.c.h; path = CFStreamCreatePairWithUnixSocket.h; sourceTree = "<group>"; };
		94FDEADF1B5AE2D60026B25D /* FBKVOController.h */ = {isa = PBXFileReference; fileEncoding = 4; lastKnownFileType = sourcecode.c.h; path = FBKVOController.h; sourceTree = "<group>"; };
		94FDEAE01B5AE2D60026B25D /* FBKVOController.m */ = {isa = PBXFileReference; fileEncoding = 4; lastKnownFileType = sourcecode.c.objc; path = FBKVOController.m; sourceTree = "<group>"; };
		94FDEAE11B5AE2D60026B25D /* NSData+Delimiter.h */ = {isa = PBXFileReference; fileEncoding = 4; lastKnownFileType = sourcecode.c.h; path = "NSData+Delimiter.h"; sourceTree = "<group>"; };
		94FDEAE21B5AE2D60026B25D /* NSData+Delimiter.m */ = {isa = PBXFileReference; fileEncoding = 4; lastKnownFileType = sourcecode.c.objc; path = "NSData+Delimiter.m"; sourceTree = "<group>"; };
		94FDEAE31B5AE2D60026B25D /* NSObject+FBKVOController.h */ = {isa = PBXFileReference; fileEncoding = 4; lastKnownFileType = sourcecode.c.h; path = "NSObject+FBKVOController.h"; sourceTree = "<group>"; };
		94FDEAE41B5AE2D60026B25D /* NSObject+FBKVOController.m */ = {isa = PBXFileReference; fileEncoding = 4; lastKnownFileType = sourcecode.c.objc; path = "NSObject+FBKVOController.m"; sourceTree = "<group>"; };
		94FDEAF11B5AE3960026B25D /* TBCommon.h */ = {isa = PBXFileReference; lastKnownFileType = sourcecode.c.h; path = TBCommon.h; sourceTree = "<group>"; };
		94FDEAF21B5AE4440026B25D /* TBActionClockView.h */ = {isa = PBXFileReference; lastKnownFileType = sourcecode.c.h; path = TBActionClockView.h; sourceTree = "<group>"; };
		94FDEAF31B5AE7390026B25D /* NSFont+LineHeight.h */ = {isa = PBXFileReference; fileEncoding = 4; lastKnownFileType = sourcecode.c.h; path = "NSFont+LineHeight.h"; sourceTree = "<group>"; };
		94FDEAF41B5AE7390026B25D /* NSFont+LineHeight.m */ = {isa = PBXFileReference; fileEncoding = 4; lastKnownFileType = sourcecode.c.objc; path = "NSFont+LineHeight.m"; sourceTree = "<group>"; };
		94FDEAF61B5AE7920026B25D /* NSView+BackgroundColor.h */ = {isa = PBXFileReference; fileEncoding = 4; lastKnownFileType = sourcecode.c.h; path = "NSView+BackgroundColor.h"; sourceTree = "<group>"; };
		94FDEAF71B5AE7920026B25D /* NSView+BackgroundColor.m */ = {isa = PBXFileReference; fileEncoding = 4; lastKnownFileType = sourcecode.c.objc; path = "NSView+BackgroundColor.m"; sourceTree = "<group>"; };
		94FDEAF91B5AEB0B0026B25D /* TBActionClockView.m */ = {isa = PBXFileReference; fileEncoding = 4; lastKnownFileType = sourcecode.c.objc; path = TBActionClockView.m; sourceTree = "<group>"; };
		AD0A75A21AA22012009E90A3 /* TBPlayersTableCellView.h */ = {isa = PBXFileReference; fileEncoding = 4; lastKnownFileType = sourcecode.c.h; path = TBPlayersTableCellView.h; sourceTree = "<group>"; };
		AD0A75A41AA22028009E90A3 /* TBPlayersTableCellView.m */ = {isa = PBXFileReference; fileEncoding = 4; lastKnownFileType = sourcecode.c.objc; path = TBPlayersTableCellView.m; sourceTree = "<group>"; };
		AD0EC5031AB331460071BD18 /* TBDurationNumberFormatter.h */ = {isa = PBXFileReference; fileEncoding = 4; lastKnownFileType = sourcecode.c.h; path = TBDurationNumberFormatter.h; sourceTree = "<group>"; };
		AD0EC5041AB331460071BD18 /* TBDurationNumberFormatter.m */ = {isa = PBXFileReference; fileEncoding = 4; lastKnownFileType = sourcecode.c.objc; path = TBDurationNumberFormatter.m; sourceTree = "<group>"; };
		AD0EC5061AB33AA30071BD18 /* TBColorValueTransformer.h */ = {isa = PBXFileReference; fileEncoding = 4; lastKnownFileType = sourcecode.c.h; path = TBColorValueTransformer.h; sourceTree = "<group>"; };
		AD0EC5071AB33AA30071BD18 /* TBColorValueTransformer.m */ = {isa = PBXFileReference; fileEncoding = 4; lastKnownFileType = sourcecode.c.objc; path = TBColorValueTransformer.m; sourceTree = "<group>"; };
		AD49306C1A885E1A008B1DCD /* TBFundingTableCellView.h */ = {isa = PBXFileReference; fileEncoding = 4; lastKnownFileType = sourcecode.c.h; path = TBFundingTableCellView.h; sourceTree = "<group>"; };
		AD49306D1A885E1A008B1DCD /* TBFundingTableCellView.m */ = {isa = PBXFileReference; fileEncoding = 4; lastKnownFileType = sourcecode.c.objc; path = TBFundingTableCellView.m; sourceTree = "<group>"; };
		AD60911B1A94EBB600AAF891 /* TBChipsTableCellView.h */ = {isa = PBXFileReference; fileEncoding = 4; lastKnownFileType = sourcecode.c.h; path = TBChipsTableCellView.h; sourceTree = "<group>"; };
		AD60911C1A94EBB600AAF891 /* TBChipsTableCellView.m */ = {isa = PBXFileReference; fileEncoding = 4; lastKnownFileType = sourcecode.c.objc; path = TBChipsTableCellView.m; sourceTree = "<group>"; };
		AD8E68431A6C606700E5A4D8 /* Tournament Buddy.app */ = {isa = PBXFileReference; explicitFileType = wrapper.application; includeInIndex = 0; path = "Tournament Buddy.app"; sourceTree = BUILT_PRODUCTS_DIR; };
		AD8E68471A6C606700E5A4D8 /* Info.plist */ = {isa = PBXFileReference; lastKnownFileType = text.plist.xml; path = Info.plist; sourceTree = "<group>"; };
		AD8E68481A6C606700E5A4D8 /* AppDelegate.h */ = {isa = PBXFileReference; lastKnownFileType = sourcecode.c.h; path = AppDelegate.h; sourceTree = "<group>"; };
		AD8E68491A6C606700E5A4D8 /* AppDelegate.m */ = {isa = PBXFileReference; lastKnownFileType = sourcecode.c.objc; path = AppDelegate.m; sourceTree = "<group>"; };
		AD8E684B1A6C606700E5A4D8 /* main.m */ = {isa = PBXFileReference; lastKnownFileType = sourcecode.c.objc; path = main.m; sourceTree = "<group>"; };
		AD8E684D1A6C606700E5A4D8 /* Document.h */ = {isa = PBXFileReference; lastKnownFileType = sourcecode.c.h; path = Document.h; sourceTree = "<group>"; };
		AD8E684E1A6C606700E5A4D8 /* Document.m */ = {isa = PBXFileReference; lastKnownFileType = sourcecode.c.objc; path = Document.m; sourceTree = "<group>"; };
		AD8E68511A6C606700E5A4D8 /* Base */ = {isa = PBXFileReference; lastKnownFileType = file.xib; name = Base; path = Base.lproj/Document.xib; sourceTree = "<group>"; };
		AD8E68531A6C606700E5A4D8 /* TBMac.xcassets */ = {isa = PBXFileReference; lastKnownFileType = folder.assetcatalog; path = TBMac.xcassets; sourceTree = "<group>"; };
		AD8E68561A6C606700E5A4D8 /* Base */ = {isa = PBXFileReference; lastKnownFileType = file.xib; name = Base; path = Base.lproj/MainMenu.xib; sourceTree = "<group>"; };
		AD98D95A1A7B290500DA6B8B /* TBFundingView.xib */ = {isa = PBXFileReference; fileEncoding = 4; lastKnownFileType = file.xib; path = TBFundingView.xib; sourceTree = "<group>"; };
		AD98D95D1A7B2DDA00DA6B8B /* TBChipsView.xib */ = {isa = PBXFileReference; fileEncoding = 4; lastKnownFileType = file.xib; path = TBChipsView.xib; sourceTree = "<group>"; };
		AD98D95F1A7B330B00DA6B8B /* TBChipsViewController.h */ = {isa = PBXFileReference; fileEncoding = 4; lastKnownFileType = sourcecode.c.h; path = TBChipsViewController.h; sourceTree = "<group>"; };
		AD98D9601A7B330B00DA6B8B /* TBChipsViewController.m */ = {isa = PBXFileReference; fileEncoding = 4; lastKnownFileType = sourcecode.c.objc; path = TBChipsViewController.m; sourceTree = "<group>"; };
		AD98D9621A7B331A00DA6B8B /* TBFundingViewController.h */ = {isa = PBXFileReference; fileEncoding = 4; lastKnownFileType = sourcecode.c.h; path = TBFundingViewController.h; sourceTree = "<group>"; };
		AD98D9631A7B331A00DA6B8B /* TBFundingViewController.m */ = {isa = PBXFileReference; fileEncoding = 4; lastKnownFileType = sourcecode.c.objc; path = TBFundingViewController.m; sourceTree = "<group>"; };
		AD98D9671A7B33F100DA6B8B /* TBPlayersViewController.h */ = {isa = PBXFileReference; fileEncoding = 4; lastKnownFileType = sourcecode.c.h; path = TBPlayersViewController.h; sourceTree = "<group>"; };
		AD98D9681A7B33F100DA6B8B /* TBPlayersViewController.m */ = {isa = PBXFileReference; fileEncoding = 4; lastKnownFileType = sourcecode.c.objc; path = TBPlayersViewController.m; sourceTree = "<group>"; };
		AD98D9691A7B33F100DA6B8B /* TBPlayersView.xib */ = {isa = PBXFileReference; fileEncoding = 4; lastKnownFileType = file.xib; path = TBPlayersView.xib; sourceTree = "<group>"; };
		AD98D96C1A7B342000DA6B8B /* TBRoundsViewController.h */ = {isa = PBXFileReference; fileEncoding = 4; lastKnownFileType = sourcecode.c.h; path = TBRoundsViewController.h; sourceTree = "<group>"; };
		AD98D96D1A7B342000DA6B8B /* TBRoundsViewController.m */ = {isa = PBXFileReference; fileEncoding = 4; lastKnownFileType = sourcecode.c.objc; path = TBRoundsViewController.m; sourceTree = "<group>"; };
		AD98D96E1A7B342000DA6B8B /* TBRoundsView.xib */ = {isa = PBXFileReference; fileEncoding = 4; lastKnownFileType = file.xib; path = TBRoundsView.xib; sourceTree = "<group>"; };
		AD98D9711A7B343600DA6B8B /* TBSeatingViewController.h */ = {isa = PBXFileReference; fileEncoding = 4; lastKnownFileType = sourcecode.c.h; path = TBSeatingViewController.h; sourceTree = "<group>"; };
		AD98D9721A7B343600DA6B8B /* TBSeatingViewController.m */ = {isa = PBXFileReference; fileEncoding = 4; lastKnownFileType = sourcecode.c.objc; path = TBSeatingViewController.m; sourceTree = "<group>"; };
		AD98D9731A7B343600DA6B8B /* TBSeatingView.xib */ = {isa = PBXFileReference; fileEncoding = 4; lastKnownFileType = file.xib; path = TBSeatingView.xib; sourceTree = "<group>"; };
		ADA128161AACF2BD00DACDBA /* TBRoundsTableCellView.h */ = {isa = PBXFileReference; fileEncoding = 4; lastKnownFileType = sourcecode.c.h; path = TBRoundsTableCellView.h; sourceTree = "<group>"; };
		ADA128171AACF2BD00DACDBA /* TBRoundsTableCellView.m */ = {isa = PBXFileReference; fileEncoding = 4; lastKnownFileType = sourcecode.c.objc; path = TBRoundsTableCellView.m; sourceTree = "<group>"; };
		ADE4E1261A7DFFD000FC9EFC /* TBTableViewController.h */ = {isa = PBXFileReference; fileEncoding = 4; lastKnownFileType = sourcecode.c.h; path = TBTableViewController.h; sourceTree = "<group>"; };
		ADE4E1271A7DFFD000FC9EFC /* TBTableViewController.m */ = {isa = PBXFileReference; fileEncoding = 4; lastKnownFileType = sourcecode.c.objc; path = TBTableViewController.m; sourceTree = "<group>"; };
/* End PBXFileReference section */

/* Begin PBXFrameworksBuildPhase section */
		944FF4B01B3D04CA000362ED /* Frameworks */ = {
			isa = PBXFrameworksBuildPhase;
			buildActionMask = 2147483647;
			files = (
			);
			runOnlyForDeploymentPostprocessing = 0;
		};
		9476F4271B3C37D000A158F8 /* Frameworks */ = {
			isa = PBXFrameworksBuildPhase;
			buildActionMask = 2147483647;
			files = (
				9476F4761B3C3D6700A158F8 /* UIKit.framework in Frameworks */,
				9476F4781B3C3D6E00A158F8 /* CoreGraphics.framework in Frameworks */,
				9476F47A1B3C3D7400A158F8 /* CFNetwork.framework in Frameworks */,
			);
			runOnlyForDeploymentPostprocessing = 0;
		};
		9476F4C31B3C3F3D00A158F8 /* Frameworks */ = {
			isa = PBXFrameworksBuildPhase;
			buildActionMask = 2147483647;
			files = (
				9476F4FC1B3C404400A158F8 /* CoreFoundation.framework in Frameworks */,
				9476F4FA1B3C403F00A158F8 /* CFNetwork.framework in Frameworks */,
			);
			runOnlyForDeploymentPostprocessing = 0;
		};
		AD8E68401A6C606700E5A4D8 /* Frameworks */ = {
			isa = PBXFrameworksBuildPhase;
			buildActionMask = 2147483647;
			files = (
			);
			runOnlyForDeploymentPostprocessing = 0;
		};
/* End PBXFrameworksBuildPhase section */

/* Begin PBXGroup section */
		944FF4B41B3D04CA000362ED /* TBPlayer */ = {
			isa = PBXGroup;
			children = (
				944FF4B71B3D04CA000362ED /* AppDelegate.h */,
				944FF4B81B3D04CA000362ED /* AppDelegate.m */,
				946288B41B3E578D0016FA36 /* TBPlayerWindowController.h */,
				946288B51B3E578D0016FA36 /* TBPlayerWindowController.m */,
				946288B61B3E578D0016FA36 /* TBPlayerWindowController.xib */,
				943B00C51B3F15AA00CE55D4 /* TBResizeTextField.h */,
				943B00C61B3F15AA00CE55D4 /* TBResizeTextField.m */,
				944FF4BE1B3D04CA000362ED /* MainMenu.xib */,
				944FF4BC1B3D04CA000362ED /* TBPlayer.xcassets */,
				944FF4B51B3D04CA000362ED /* Supporting Files */,
			);
			path = TBPlayer;
			sourceTree = "<group>";
		};
		944FF4B51B3D04CA000362ED /* Supporting Files */ = {
			isa = PBXGroup;
			children = (
				944FF4B61B3D04CA000362ED /* Info.plist */,
				944FF4BA1B3D04CA000362ED /* main.m */,
			);
			name = "Supporting Files";
			sourceTree = "<group>";
		};
		9476F4661B3C385400A158F8 /* Supporting Files */ = {
			isa = PBXGroup;
			children = (
				9476F4641B3C385400A158F8 /* Info.plist */,
				9476F4651B3C385400A158F8 /* main.m */,
			);
			name = "Supporting Files";
			sourceTree = "<group>";
		};
		9476F4671B3C385400A158F8 /* TBRemote */ = {
			isa = PBXGroup;
			children = (
				9476F4551B3C385400A158F8 /* TBAppDelegate.h */,
				9476F4561B3C385400A158F8 /* TBAppDelegate.m */,
				9476F4571B3C385400A158F8 /* TBTournamentsViewController.h */,
				9476F4581B3C385400A158F8 /* TBTournamentsViewController.m */,
				9476F4591B3C385400A158F8 /* TBRemoteClockViewController.h */,
				9476F45A1B3C385400A158F8 /* TBRemoteClockViewController.m */,
				9476F45C1B3C385400A158F8 /* Main.storyboard */,
				9476F45F1B3C385400A158F8 /* LaunchScreen.xib */,
				9476F45D1B3C385400A158F8 /* TBRemote.xcassets */,
				9476F4661B3C385400A158F8 /* Supporting Files */,
			);
			path = TBRemote;
			sourceTree = "<group>";
		};
		9476F4A11B3C3EA700A158F8 /* TournamentKit */ = {
			isa = PBXGroup;
			children = (
				9476F47B1B3C3EA700A158F8 /* TournamentKit.h */,
				943970161B3F9DB700BB0413 /* TournamentBrowser.h */,
				943970171B3F9DB700BB0413 /* TournamentBrowser.m */,
				9476F47C1B3C3EA700A158F8 /* TournamentConnection.h */,
				9476F47D1B3C3EA700A158F8 /* TournamentConnection.m */,
				9476F47E1B3C3EA700A158F8 /* TournamentDaemon.h */,
				9476F47F1B3C3EA700A158F8 /* TournamentDaemon.mm */,
				9439701B1B3FA61C00BB0413 /* TournamentService.h */,
				9439701C1B405DC000BB0413 /* TournamentService.m */,
				9476F4801B3C3EA700A158F8 /* TournamentSession.h */,
				9476F4811B3C3EA700A158F8 /* TournamentSession.m */,
			);
			path = TournamentKit;
			sourceTree = "<group>";
		};
		9476F4D01B3C3F8300A158F8 /* cjson */ = {
			isa = PBXGroup;
			children = (
				9476F4CE1B3C3F8300A158F8 /* cJSON.c */,
				9476F4CF1B3C3F8300A158F8 /* cJSON.h */,
			);
			path = cjson;
			sourceTree = "<group>";
		};
		9476F4EB1B3C3F8300A158F8 /* tournamentd */ = {
			isa = PBXGroup;
			children = (
				9476F4CD1B3C3F8300A158F8 /* defaults.json */,
				9476F4D01B3C3F8300A158F8 /* cjson */,
				9476F4D11B3C3F8300A158F8 /* bonjour.cpp */,
				9476F4D21B3C3F8300A158F8 /* bonjour.hpp */,
				9476F4D31B3C3F8300A158F8 /* datetime.cpp */,
				9476F4D41B3C3F8300A158F8 /* datetime.hpp */,
				9476F4D51B3C3F8300A158F8 /* gameinfo.cpp */,
				9476F4D61B3C3F8300A158F8 /* gameinfo.hpp */,
				9476F4D71B3C3F8300A158F8 /* ivectorstream.hpp */,
				9476F4D81B3C3F8300A158F8 /* json.cpp */,
				9476F4D91B3C3F8300A158F8 /* json.hpp */,
				9476F4DA1B3C3F8300A158F8 /* logger.cpp */,
				9476F4DB1B3C3F8300A158F8 /* logger.hpp */,
				9476F4DC1B3C3F8300A158F8 /* main.cpp */,
				9476F4DD1B3C3F8300A158F8 /* process.cpp */,
				9476F4DE1B3C3F8300A158F8 /* process.hpp */,
				9476F4DF1B3C3F8300A158F8 /* program.cpp */,
				9476F4E01B3C3F8300A158F8 /* program.hpp */,
				9476F4E11B3C3F8300A158F8 /* server.cpp */,
				9476F4E21B3C3F8300A158F8 /* server.hpp */,
				9476F4E31B3C3F8300A158F8 /* socket.cpp */,
				9476F4E41B3C3F8300A158F8 /* socket.hpp */,
				9476F4E51B3C3F8300A158F8 /* socketstream.hpp */,
				9476F4E61B3C3F8300A158F8 /* stringcrc.hpp */,
				9476F4E71B3C3F8300A158F8 /* tournament.cpp */,
				9476F4E81B3C3F8300A158F8 /* tournament.hpp */,
				9476F4E91B3C3F8300A158F8 /* types.cpp */,
				9476F4EA1B3C3F8300A158F8 /* types.hpp */,
			);
			path = tournamentd;
			sourceTree = "<group>";
		};
		94FDEAD91B5AD29B0026B25D /* Common */ = {
			isa = PBXGroup;
			children = (
				94FDEADD1B5AE2D60026B25D /* CFStreamCreatePairWithUnixSocket.c */,
				94FDEADE1B5AE2D60026B25D /* CFStreamCreatePairWithUnixSocket.h */,
				94FDEADF1B5AE2D60026B25D /* FBKVOController.h */,
				94FDEAE01B5AE2D60026B25D /* FBKVOController.m */,
				94FDEAE11B5AE2D60026B25D /* NSData+Delimiter.h */,
				94FDEAE21B5AE2D60026B25D /* NSData+Delimiter.m */,
				94FDEAF31B5AE7390026B25D /* NSFont+LineHeight.h */,
				94FDEAF41B5AE7390026B25D /* NSFont+LineHeight.m */,
				94FDEAE31B5AE2D60026B25D /* NSObject+FBKVOController.h */,
				94FDEAE41B5AE2D60026B25D /* NSObject+FBKVOController.m */,
				94FDEAF61B5AE7920026B25D /* NSView+BackgroundColor.h */,
				94FDEAF71B5AE7920026B25D /* NSView+BackgroundColor.m */,
				94FDEAF21B5AE4440026B25D /* TBActionClockView.h */,
				94FDEAF91B5AEB0B0026B25D /* TBActionClockView.m */,
				94FDEADA1B5AE2560026B25D /* TBColor+CSS.h */,
				94FDEADB1B5AE2560026B25D /* TBColor+CSS.m */,
				94FDEAF11B5AE3960026B25D /* TBCommon.h */,
			);
			path = Common;
			sourceTree = "<group>";
		};
		AD51C5341AFFC9210084B25E /* Frameworks */ = {
			isa = PBXGroup;
			children = (
				9476F4F91B3C403F00A158F8 /* CFNetwork.framework */,
				9476F4FB1B3C404400A158F8 /* CoreFoundation.framework */,
				9476F4791B3C3D7400A158F8 /* CFNetwork.framework */,
				9476F4771B3C3D6E00A158F8 /* CoreGraphics.framework */,
				9476F4751B3C3D6700A158F8 /* UIKit.framework */,
			);
			name = Frameworks;
			sourceTree = "<group>";
		};
		AD8E683A1A6C606700E5A4D8 = {
			isa = PBXGroup;
			children = (
				94FDEAD91B5AD29B0026B25D /* Common */,
				AD8E68451A6C606700E5A4D8 /* Tournament Buddy */,
				944FF4B41B3D04CA000362ED /* TBPlayer */,
				9476F4671B3C385400A158F8 /* TBRemote */,
				9476F4A11B3C3EA700A158F8 /* TournamentKit */,
				9476F4EB1B3C3F8300A158F8 /* tournamentd */,
				AD51C5341AFFC9210084B25E /* Frameworks */,
				AD8E68441A6C606700E5A4D8 /* Products */,
			);
			sourceTree = "<group>";
		};
		AD8E68441A6C606700E5A4D8 /* Products */ = {
			isa = PBXGroup;
			children = (
				AD8E68431A6C606700E5A4D8 /* Tournament Buddy.app */,
				9476F42A1B3C37D000A158F8 /* TBRemote.app */,
				9476F4C61B3C3F3D00A158F8 /* tournamentd */,
				944FF4B31B3D04CA000362ED /* TBPlayer.app */,
			);
			name = Products;
			sourceTree = "<group>";
		};
		AD8E68451A6C606700E5A4D8 /* Tournament Buddy */ = {
			isa = PBXGroup;
			children = (
				AD8E68481A6C606700E5A4D8 /* AppDelegate.h */,
				AD8E68491A6C606700E5A4D8 /* AppDelegate.m */,
				AD8E684D1A6C606700E5A4D8 /* Document.h */,
				AD8E684E1A6C606700E5A4D8 /* Document.m */,
				AD8E68501A6C606700E5A4D8 /* Document.xib */,
				AD8E68551A6C606700E5A4D8 /* MainMenu.xib */,
				AD60911B1A94EBB600AAF891 /* TBChipsTableCellView.h */,
				AD60911C1A94EBB600AAF891 /* TBChipsTableCellView.m */,
				AD98D95F1A7B330B00DA6B8B /* TBChipsViewController.h */,
				AD98D9601A7B330B00DA6B8B /* TBChipsViewController.m */,
				AD98D95D1A7B2DDA00DA6B8B /* TBChipsView.xib */,
				AD0EC5061AB33AA30071BD18 /* TBColorValueTransformer.h */,
				AD0EC5071AB33AA30071BD18 /* TBColorValueTransformer.m */,
				AD0EC5031AB331460071BD18 /* TBDurationNumberFormatter.h */,
				AD0EC5041AB331460071BD18 /* TBDurationNumberFormatter.m */,
				AD49306C1A885E1A008B1DCD /* TBFundingTableCellView.h */,
				AD49306D1A885E1A008B1DCD /* TBFundingTableCellView.m */,
				AD98D9621A7B331A00DA6B8B /* TBFundingViewController.h */,
				AD98D9631A7B331A00DA6B8B /* TBFundingViewController.m */,
				AD98D95A1A7B290500DA6B8B /* TBFundingView.xib */,
				AD0A75A21AA22012009E90A3 /* TBPlayersTableCellView.h */,
				AD0A75A41AA22028009E90A3 /* TBPlayersTableCellView.m */,
				AD98D9671A7B33F100DA6B8B /* TBPlayersViewController.h */,
				AD98D9681A7B33F100DA6B8B /* TBPlayersViewController.m */,
				AD98D9691A7B33F100DA6B8B /* TBPlayersView.xib */,
				ADA128161AACF2BD00DACDBA /* TBRoundsTableCellView.h */,
				ADA128171AACF2BD00DACDBA /* TBRoundsTableCellView.m */,
				AD98D96C1A7B342000DA6B8B /* TBRoundsViewController.h */,
				AD98D96D1A7B342000DA6B8B /* TBRoundsViewController.m */,
				AD98D96E1A7B342000DA6B8B /* TBRoundsView.xib */,
				AD98D9711A7B343600DA6B8B /* TBSeatingViewController.h */,
				AD98D9721A7B343600DA6B8B /* TBSeatingViewController.m */,
				AD98D9731A7B343600DA6B8B /* TBSeatingView.xib */,
				ADE4E1261A7DFFD000FC9EFC /* TBTableViewController.h */,
				ADE4E1271A7DFFD000FC9EFC /* TBTableViewController.m */,
				AD8E68531A6C606700E5A4D8 /* TBMac.xcassets */,
				AD8E68461A6C606700E5A4D8 /* Supporting Files */,
			);
			path = "Tournament Buddy";
			sourceTree = "<group>";
		};
		AD8E68461A6C606700E5A4D8 /* Supporting Files */ = {
			isa = PBXGroup;
			children = (
				AD8E68471A6C606700E5A4D8 /* Info.plist */,
				AD8E684B1A6C606700E5A4D8 /* main.m */,
			);
			name = "Supporting Files";
			sourceTree = "<group>";
		};
/* End PBXGroup section */

/* Begin PBXNativeTarget section */
		944FF4B21B3D04CA000362ED /* TBPlayer */ = {
			isa = PBXNativeTarget;
			buildConfigurationList = 944FF4D11B3D04CA000362ED /* Build configuration list for PBXNativeTarget "TBPlayer" */;
			buildPhases = (
				944FF4AF1B3D04CA000362ED /* Sources */,
				944FF4B01B3D04CA000362ED /* Frameworks */,
				944FF4B11B3D04CA000362ED /* Resources */,
			);
			buildRules = (
			);
			dependencies = (
			);
			name = TBPlayer;
			productName = TBPlayer;
			productReference = 944FF4B31B3D04CA000362ED /* TBPlayer.app */;
			productType = "com.apple.product-type.application";
		};
		9476F4291B3C37D000A158F8 /* TBRemote */ = {
			isa = PBXNativeTarget;
			buildConfigurationList = 9476F4511B3C37D000A158F8 /* Build configuration list for PBXNativeTarget "TBRemote" */;
			buildPhases = (
				9476F4261B3C37D000A158F8 /* Sources */,
				9476F4271B3C37D000A158F8 /* Frameworks */,
				9476F4281B3C37D000A158F8 /* Resources */,
			);
			buildRules = (
			);
			dependencies = (
			);
			name = TBRemote;
			productName = TBRemote;
			productReference = 9476F42A1B3C37D000A158F8 /* TBRemote.app */;
			productType = "com.apple.product-type.application";
		};
		9476F4C51B3C3F3D00A158F8 /* tournamentd */ = {
			isa = PBXNativeTarget;
			buildConfigurationList = 9476F4CA1B3C3F3D00A158F8 /* Build configuration list for PBXNativeTarget "tournamentd" */;
			buildPhases = (
				9476F4C21B3C3F3D00A158F8 /* Sources */,
				9476F4C31B3C3F3D00A158F8 /* Frameworks */,
				9476F4C41B3C3F3D00A158F8 /* CopyFiles */,
			);
			buildRules = (
			);
			dependencies = (
			);
			name = tournamentd;
			productName = tournamentd;
			productReference = 9476F4C61B3C3F3D00A158F8 /* tournamentd */;
			productType = "com.apple.product-type.tool";
		};
		AD8E68421A6C606700E5A4D8 /* Tournament Buddy */ = {
			isa = PBXNativeTarget;
			buildConfigurationList = AD8E68661A6C606700E5A4D8 /* Build configuration list for PBXNativeTarget "Tournament Buddy" */;
			buildPhases = (
				AD8E683F1A6C606700E5A4D8 /* Sources */,
				AD8E68401A6C606700E5A4D8 /* Frameworks */,
				AD8E68411A6C606700E5A4D8 /* Resources */,
			);
			buildRules = (
			);
			dependencies = (
			);
			name = "Tournament Buddy";
			productName = "Tournament Buddy";
			productReference = AD8E68431A6C606700E5A4D8 /* Tournament Buddy.app */;
			productType = "com.apple.product-type.application";
		};
/* End PBXNativeTarget section */

/* Begin PBXProject section */
		AD8E683B1A6C606700E5A4D8 /* Project object */ = {
			isa = PBXProject;
			attributes = {
				LastUpgradeCheck = 0610;
				ORGANIZATIONNAME = "HDna Studio";
				TargetAttributes = {
					944FF4B21B3D04CA000362ED = {
						CreatedOnToolsVersion = 6.3.2;
					};
					9476F4291B3C37D000A158F8 = {
						CreatedOnToolsVersion = 6.3.2;
					};
					9476F4C51B3C3F3D00A158F8 = {
						CreatedOnToolsVersion = 6.3.2;
					};
					AD8E68421A6C606700E5A4D8 = {
						CreatedOnToolsVersion = 6.1;
					};
				};
			};
			buildConfigurationList = AD8E683E1A6C606700E5A4D8 /* Build configuration list for PBXProject "td" */;
			compatibilityVersion = "Xcode 3.2";
			developmentRegion = English;
			hasScannedForEncodings = 0;
			knownRegions = (
				en,
				Base,
			);
			mainGroup = AD8E683A1A6C606700E5A4D8;
			productRefGroup = AD8E68441A6C606700E5A4D8 /* Products */;
			projectDirPath = "";
			projectRoot = "";
			targets = (
				AD8E68421A6C606700E5A4D8 /* Tournament Buddy */,
				944FF4B21B3D04CA000362ED /* TBPlayer */,
				9476F4291B3C37D000A158F8 /* TBRemote */,
				9476F4C51B3C3F3D00A158F8 /* tournamentd */,
			);
		};
/* End PBXProject section */

/* Begin PBXResourcesBuildPhase section */
		944FF4B11B3D04CA000362ED /* Resources */ = {
			isa = PBXResourcesBuildPhase;
			buildActionMask = 2147483647;
			files = (
				944FF4BD1B3D04CA000362ED /* TBPlayer.xcassets in Resources */,
				944FF4C01B3D04CA000362ED /* MainMenu.xib in Resources */,
				946288B81B3E578D0016FA36 /* TBPlayerWindowController.xib in Resources */,
			);
			runOnlyForDeploymentPostprocessing = 0;
		};
		9476F4281B3C37D000A158F8 /* Resources */ = {
			isa = PBXResourcesBuildPhase;
			buildActionMask = 2147483647;
			files = (
				9476F46C1B3C385400A158F8 /* Main.storyboard in Resources */,
				9476F46E1B3C385400A158F8 /* LaunchScreen.xib in Resources */,
				9476F46D1B3C385400A158F8 /* TBRemote.xcassets in Resources */,
			);
			runOnlyForDeploymentPostprocessing = 0;
		};
		AD8E68411A6C606700E5A4D8 /* Resources */ = {
			isa = PBXResourcesBuildPhase;
			buildActionMask = 2147483647;
			files = (
				AD8E68521A6C606700E5A4D8 /* Document.xib in Resources */,
				AD0A75A31AA22012009E90A3 /* TBPlayersTableCellView.h in Resources */,
				AD98D95E1A7B2DDA00DA6B8B /* TBChipsView.xib in Resources */,
				AD8E68541A6C606700E5A4D8 /* TBMac.xcassets in Resources */,
				AD98D95C1A7B290500DA6B8B /* TBFundingView.xib in Resources */,
				AD98D9751A7B343600DA6B8B /* TBSeatingView.xib in Resources */,
				AD98D9701A7B342000DA6B8B /* TBRoundsView.xib in Resources */,
				AD8E68571A6C606700E5A4D8 /* MainMenu.xib in Resources */,
				AD98D96B1A7B33F100DA6B8B /* TBPlayersView.xib in Resources */,
			);
			runOnlyForDeploymentPostprocessing = 0;
		};
/* End PBXResourcesBuildPhase section */

/* Begin PBXSourcesBuildPhase section */
		944FF4AF1B3D04CA000362ED /* Sources */ = {
			isa = PBXSourcesBuildPhase;
			buildActionMask = 2147483647;
			files = (
				94FDEAE61B5AE2D60026B25D /* CFStreamCreatePairWithUnixSocket.c in Sources */,
				943B00D41B3F429500CE55D4 /* server.cpp in Sources */,
				946288B71B3E578D0016FA36 /* TBPlayerWindowController.m in Sources */,
				943B00D01B3F429500CE55D4 /* datetime.cpp in Sources */,
				944FF4BB1B3D04CA000362ED /* main.m in Sources */,
				943B00C91B3F427700CE55D4 /* TournamentDaemon.mm in Sources */,
				94FDEAE91B5AE2D60026B25D /* FBKVOController.m in Sources */,
				94FDEAFA1B5AEB0B0026B25D /* TBActionClockView.m in Sources */,
				943B00CA1B3F427700CE55D4 /* TournamentSession.m in Sources */,
				943B00D61B3F429500CE55D4 /* tournament.cpp in Sources */,
				94FDEAF51B5AE7390026B25D /* NSFont+LineHeight.m in Sources */,
				94FDEAF81B5AE7920026B25D /* NSView+BackgroundColor.m in Sources */,
				943B00D21B3F429500CE55D4 /* json.cpp in Sources */,
				94FDEAEF1B5AE2D60026B25D /* NSObject+FBKVOController.m in Sources */,
				943B00D11B3F429500CE55D4 /* gameinfo.cpp in Sources */,
				94FDEAEC1B5AE2D60026B25D /* NSData+Delimiter.m in Sources */,
				943B00D31B3F429500CE55D4 /* logger.cpp in Sources */,
				944FF4B91B3D04CA000362ED /* AppDelegate.m in Sources */,
				9439701E1B405DC000BB0413 /* TournamentService.m in Sources */,
				943B00C71B3F15AA00CE55D4 /* TBResizeTextField.m in Sources */,
				943970191B3F9DB700BB0413 /* TournamentBrowser.m in Sources */,
				943B00D51B3F429500CE55D4 /* socket.cpp in Sources */,
				943B00D81B3F43FC00CE55D4 /* cJSON.c in Sources */,
				943B00C81B3F427700CE55D4 /* TournamentConnection.m in Sources */,
				943B00D71B3F429500CE55D4 /* types.cpp in Sources */,
			);
			runOnlyForDeploymentPostprocessing = 0;
		};
		9476F4261B3C37D000A158F8 /* Sources */ = {
			isa = PBXSourcesBuildPhase;
			buildActionMask = 2147483647;
			files = (
				9476F4691B3C385400A158F8 /* TBAppDelegate.m in Sources */,
				949D70A01B3C440E008D5CD1 /* types.cpp in Sources */,
				949D70A11B3C4411008D5CD1 /* tournament.cpp in Sources */,
				9439701F1B405DC000BB0413 /* TournamentService.m in Sources */,
				949D709D1B3C440E008D5CD1 /* json.cpp in Sources */,
				94FDEAE71B5AE2D60026B25D /* CFStreamCreatePairWithUnixSocket.c in Sources */,
				9476F46B1B3C385400A158F8 /* TBRemoteClockViewController.m in Sources */,
				949D70A41B3C442F008D5CD1 /* cJSON.c in Sources */,
				9476F4A71B3C3EA700A158F8 /* TournamentSession.m in Sources */,
				949D709F1B3C440E008D5CD1 /* server.cpp in Sources */,
				9439701A1B3F9DB700BB0413 /* TournamentBrowser.m in Sources */,
				94FDEAF01B5AE2D60026B25D /* NSObject+FBKVOController.m in Sources */,
				9476F46A1B3C385400A158F8 /* TBTournamentsViewController.m in Sources */,
				9476F4721B3C385400A158F8 /* main.m in Sources */,
				94FDEAED1B5AE2D60026B25D /* NSData+Delimiter.m in Sources */,
				949D70A21B3C441F008D5CD1 /* socket.cpp in Sources */,
				949D709C1B3C440E008D5CD1 /* gameinfo.cpp in Sources */,
				94FDEAFB1B5AEB0B0026B25D /* TBActionClockView.m in Sources */,
				94FDEAEA1B5AE2D60026B25D /* FBKVOController.m in Sources */,
				9476F4A31B3C3EA700A158F8 /* TournamentConnection.m in Sources */,
				949D709E1B3C440E008D5CD1 /* logger.cpp in Sources */,
				949D709B1B3C440E008D5CD1 /* datetime.cpp in Sources */,
				9476F4A51B3C3EA700A158F8 /* TournamentDaemon.mm in Sources */,
			);
			runOnlyForDeploymentPostprocessing = 0;
		};
		9476F4C21B3C3F3D00A158F8 /* Sources */ = {
			isa = PBXSourcesBuildPhase;
			buildActionMask = 2147483647;
			files = (
				9476F4EE1B3C3F8300A158F8 /* datetime.cpp in Sources */,
				9476F4F41B3C3F8300A158F8 /* program.cpp in Sources */,
				9476F4EC1B3C3F8300A158F8 /* cJSON.c in Sources */,
				9476F4ED1B3C3F8300A158F8 /* bonjour.cpp in Sources */,
				9476F4F71B3C3F8300A158F8 /* tournament.cpp in Sources */,
				9476F4F31B3C3F8300A158F8 /* process.cpp in Sources */,
				9476F4F11B3C3F8300A158F8 /* logger.cpp in Sources */,
				9476F4F21B3C3F8300A158F8 /* main.cpp in Sources */,
				9476F4F01B3C3F8300A158F8 /* json.cpp in Sources */,
				9476F4F51B3C3F8300A158F8 /* server.cpp in Sources */,
				9476F4F81B3C3F8300A158F8 /* types.cpp in Sources */,
				9476F4EF1B3C3F8300A158F8 /* gameinfo.cpp in Sources */,
				9476F4F61B3C3F8300A158F8 /* socket.cpp in Sources */,
			);
			runOnlyForDeploymentPostprocessing = 0;
		};
		AD8E683F1A6C606700E5A4D8 /* Sources */ = {
			isa = PBXSourcesBuildPhase;
			buildActionMask = 2147483647;
			files = (
				AD98D9651A7B331A00DA6B8B /* TBFundingViewController.m in Sources */,
				949D70971B3C440D008D5CD1 /* json.cpp in Sources */,
				ADA128181AACF2BD00DACDBA /* TBRoundsTableCellView.m in Sources */,
				949D70941B3C43DB008D5CD1 /* tournament.cpp in Sources */,
				AD98D96A1A7B33F100DA6B8B /* TBPlayersViewController.m in Sources */,
				9476F4A61B3C3EA700A158F8 /* TournamentSession.m in Sources */,
				AD98D96F1A7B342000DA6B8B /* TBRoundsViewController.m in Sources */,
				AD49306E1A885E1A008B1DCD /* TBFundingTableCellView.m in Sources */,
				94FDEAE81B5AE2D60026B25D /* FBKVOController.m in Sources */,
				AD8E684F1A6C606700E5A4D8 /* Document.m in Sources */,
				949D70981B3C440D008D5CD1 /* logger.cpp in Sources */,
				949D70951B3C440D008D5CD1 /* datetime.cpp in Sources */,
				949D70961B3C440D008D5CD1 /* gameinfo.cpp in Sources */,
				94FDEAE51B5AE2D60026B25D /* CFStreamCreatePairWithUnixSocket.c in Sources */,
				94FDEAEB1B5AE2D60026B25D /* NSData+Delimiter.m in Sources */,
				949D70A31B3C441F008D5CD1 /* socket.cpp in Sources */,
				AD98D9741A7B343600DA6B8B /* TBSeatingViewController.m in Sources */,
				94FDEADC1B5AE2560026B25D /* TBColor+CSS.m in Sources */,
				94FDEAEE1B5AE2D60026B25D /* NSObject+FBKVOController.m in Sources */,
				ADE4E1281A7DFFD000FC9EFC /* TBTableViewController.m in Sources */,
				AD8E684C1A6C606700E5A4D8 /* main.m in Sources */,
				AD0A75A51AA22028009E90A3 /* TBPlayersTableCellView.m in Sources */,
				949D70A51B3C442F008D5CD1 /* cJSON.c in Sources */,
				9476F4A41B3C3EA700A158F8 /* TournamentDaemon.mm in Sources */,
				AD98D9611A7B330B00DA6B8B /* TBChipsViewController.m in Sources */,
				949D70991B3C440D008D5CD1 /* server.cpp in Sources */,
				9439701D1B405DC000BB0413 /* TournamentService.m in Sources */,
				AD8E684A1A6C606700E5A4D8 /* AppDelegate.m in Sources */,
				9476F4A21B3C3EA700A158F8 /* TournamentConnection.m in Sources */,
				943970181B3F9DB700BB0413 /* TournamentBrowser.m in Sources */,
				AD0EC5081AB33AA30071BD18 /* TBColorValueTransformer.m in Sources */,
				AD60911D1A94EBB600AAF891 /* TBChipsTableCellView.m in Sources */,
				AD0EC5051AB331460071BD18 /* TBDurationNumberFormatter.m in Sources */,
				949D709A1B3C440D008D5CD1 /* types.cpp in Sources */,
			);
			runOnlyForDeploymentPostprocessing = 0;
		};
/* End PBXSourcesBuildPhase section */

/* Begin PBXVariantGroup section */
		944FF4BE1B3D04CA000362ED /* MainMenu.xib */ = {
			isa = PBXVariantGroup;
			children = (
				944FF4BF1B3D04CA000362ED /* Base */,
			);
			name = MainMenu.xib;
			sourceTree = "<group>";
		};
		9476F45C1B3C385400A158F8 /* Main.storyboard */ = {
			isa = PBXVariantGroup;
			children = (
				9476F45B1B3C385400A158F8 /* Base */,
			);
			name = Main.storyboard;
			sourceTree = "<group>";
		};
		9476F45F1B3C385400A158F8 /* LaunchScreen.xib */ = {
			isa = PBXVariantGroup;
			children = (
				9476F45E1B3C385400A158F8 /* Base */,
			);
			name = LaunchScreen.xib;
			sourceTree = "<group>";
		};
		AD8E68501A6C606700E5A4D8 /* Document.xib */ = {
			isa = PBXVariantGroup;
			children = (
				AD8E68511A6C606700E5A4D8 /* Base */,
			);
			name = Document.xib;
			sourceTree = "<group>";
		};
		AD8E68551A6C606700E5A4D8 /* MainMenu.xib */ = {
			isa = PBXVariantGroup;
			children = (
				AD8E68561A6C606700E5A4D8 /* Base */,
			);
			name = MainMenu.xib;
			sourceTree = "<group>";
		};
/* End PBXVariantGroup section */

/* Begin XCBuildConfiguration section */
		944FF4CD1B3D04CA000362ED /* Debug */ = {
			isa = XCBuildConfiguration;
			buildSettings = {
				ASSETCATALOG_COMPILER_APPICON_NAME = AppIcon;
				COMBINE_HIDPI_IMAGES = YES;
				INFOPLIST_FILE = TBPlayer/Info.plist;
				LD_RUNPATH_SEARCH_PATHS = "$(inherited) @executable_path/../Frameworks";
				MACOSX_DEPLOYMENT_TARGET = 10.8;
				PRODUCT_NAME = "$(TARGET_NAME)";
				SDKROOT = macosx;
			};
			name = Debug;
		};
		944FF4CE1B3D04CA000362ED /* Release */ = {
			isa = XCBuildConfiguration;
			buildSettings = {
				ASSETCATALOG_COMPILER_APPICON_NAME = AppIcon;
				COMBINE_HIDPI_IMAGES = YES;
				INFOPLIST_FILE = TBPlayer/Info.plist;
				LD_RUNPATH_SEARCH_PATHS = "$(inherited) @executable_path/../Frameworks";
				MACOSX_DEPLOYMENT_TARGET = 10.8;
				PRODUCT_NAME = "$(TARGET_NAME)";
				SDKROOT = macosx;
			};
			name = Release;
		};
		9476F44D1B3C37D000A158F8 /* Debug */ = {
			isa = XCBuildConfiguration;
			buildSettings = {
				ASSETCATALOG_COMPILER_APPICON_NAME = AppIcon;
				ASSETCATALOG_COMPILER_LAUNCHIMAGE_NAME = LaunchImage;
				"CODE_SIGN_IDENTITY[sdk=iphoneos*]" = "iPhone Developer";
				INFOPLIST_FILE = TBRemote/Info.plist;
				IPHONEOS_DEPLOYMENT_TARGET = 6.0;
				LD_RUNPATH_SEARCH_PATHS = "$(inherited) @executable_path/Frameworks";
				PRODUCT_NAME = "$(TARGET_NAME)";
				SDKROOT = iphoneos;
				TARGETED_DEVICE_FAMILY = "1,2";
			};
			name = Debug;
		};
		9476F44E1B3C37D000A158F8 /* Release */ = {
			isa = XCBuildConfiguration;
			buildSettings = {
				ASSETCATALOG_COMPILER_APPICON_NAME = AppIcon;
				ASSETCATALOG_COMPILER_LAUNCHIMAGE_NAME = LaunchImage;
				"CODE_SIGN_IDENTITY[sdk=iphoneos*]" = "iPhone Developer";
				INFOPLIST_FILE = TBRemote/Info.plist;
				IPHONEOS_DEPLOYMENT_TARGET = 6.0;
				LD_RUNPATH_SEARCH_PATHS = "$(inherited) @executable_path/Frameworks";
				PRODUCT_NAME = "$(TARGET_NAME)";
				SDKROOT = iphoneos;
				TARGETED_DEVICE_FAMILY = "1,2";
			};
			name = Release;
		};
		9476F4CB1B3C3F3D00A158F8 /* Debug */ = {
			isa = XCBuildConfiguration;
			buildSettings = {
				MACOSX_DEPLOYMENT_TARGET = 10.7;
				PRODUCT_NAME = "$(TARGET_NAME)";
				SDKROOT = macosx;
			};
			name = Debug;
		};
		9476F4CC1B3C3F3D00A158F8 /* Release */ = {
			isa = XCBuildConfiguration;
			buildSettings = {
				MACOSX_DEPLOYMENT_TARGET = 10.7;
				PRODUCT_NAME = "$(TARGET_NAME)";
				SDKROOT = macosx;
			};
			name = Release;
		};
		AD8E68641A6C606700E5A4D8 /* Debug */ = {
			isa = XCBuildConfiguration;
			buildSettings = {
				CLANG_CXX_LANGUAGE_STANDARD = "c++0x";
				CLANG_CXX_LIBRARY = "libc++";
				CLANG_ENABLE_MODULES = YES;
				CLANG_ENABLE_OBJC_ARC = YES;
				CLANG_WARN_BOOL_CONVERSION = YES;
				CLANG_WARN_CONSTANT_CONVERSION = YES;
				CLANG_WARN_DIRECT_OBJC_ISA_USAGE = YES_ERROR;
				CLANG_WARN_EMPTY_BODY = YES;
				CLANG_WARN_ENUM_CONVERSION = YES;
				CLANG_WARN_INT_CONVERSION = YES;
				CLANG_WARN_OBJC_ROOT_CLASS = YES_ERROR;
				CLANG_WARN_UNREACHABLE_CODE = YES;
				CLANG_WARN__DUPLICATE_METHOD_MATCH = YES;
				COPY_PHASE_STRIP = NO;
				DEBUG_INFORMATION_FORMAT = "dwarf-with-dsym";
				ENABLE_STRICT_OBJC_MSGSEND = YES;
				GCC_C_LANGUAGE_STANDARD = c99;
				GCC_OPTIMIZATION_LEVEL = 0;
				GCC_PREPROCESSOR_DEFINITIONS = (
					"DEBUG=1",
					"$(inherited)",
				);
				GCC_WARN_64_TO_32_BIT_CONVERSION = YES;
				GCC_WARN_ABOUT_RETURN_TYPE = YES_ERROR;
				GCC_WARN_UNDECLARED_SELECTOR = YES;
				GCC_WARN_UNINITIALIZED_AUTOS = YES_AGGRESSIVE;
				GCC_WARN_UNUSED_FUNCTION = YES;
				GCC_WARN_UNUSED_VARIABLE = YES;
				ONLY_ACTIVE_ARCH = YES;
				USER_HEADER_SEARCH_PATHS = .;
			};
			name = Debug;
		};
		AD8E68651A6C606700E5A4D8 /* Release */ = {
			isa = XCBuildConfiguration;
			buildSettings = {
				CLANG_CXX_LANGUAGE_STANDARD = "c++0x";
				CLANG_CXX_LIBRARY = "libc++";
				CLANG_ENABLE_MODULES = YES;
				CLANG_ENABLE_OBJC_ARC = YES;
				CLANG_WARN_BOOL_CONVERSION = YES;
				CLANG_WARN_CONSTANT_CONVERSION = YES;
				CLANG_WARN_DIRECT_OBJC_ISA_USAGE = YES_ERROR;
				CLANG_WARN_EMPTY_BODY = YES;
				CLANG_WARN_ENUM_CONVERSION = YES;
				CLANG_WARN_INT_CONVERSION = YES;
				CLANG_WARN_OBJC_ROOT_CLASS = YES_ERROR;
				CLANG_WARN_UNREACHABLE_CODE = YES;
				CLANG_WARN__DUPLICATE_METHOD_MATCH = YES;
				DEBUG_INFORMATION_FORMAT = "dwarf-with-dsym";
				ENABLE_NS_ASSERTIONS = NO;
				ENABLE_STRICT_OBJC_MSGSEND = YES;
				GCC_C_LANGUAGE_STANDARD = c99;
				GCC_WARN_64_TO_32_BIT_CONVERSION = YES;
				GCC_WARN_ABOUT_RETURN_TYPE = YES_ERROR;
				GCC_WARN_UNDECLARED_SELECTOR = YES;
				GCC_WARN_UNINITIALIZED_AUTOS = YES_AGGRESSIVE;
				GCC_WARN_UNUSED_FUNCTION = YES;
				GCC_WARN_UNUSED_VARIABLE = YES;
				USER_HEADER_SEARCH_PATHS = .;
				VALIDATE_PRODUCT = YES;
			};
			name = Release;
		};
		AD8E68671A6C606700E5A4D8 /* Debug */ = {
			isa = XCBuildConfiguration;
			buildSettings = {
				ASSETCATALOG_COMPILER_APPICON_NAME = AppIcon;
				COMBINE_HIDPI_IMAGES = YES;
				INFOPLIST_FILE = "Tournament Buddy/Info.plist";
				LD_RUNPATH_SEARCH_PATHS = "$(inherited) @executable_path/../Frameworks";
				MACOSX_DEPLOYMENT_TARGET = 10.8;
				PRODUCT_NAME = "$(TARGET_NAME)";
				SDKROOT = macosx;
			};
			name = Debug;
		};
		AD8E68681A6C606700E5A4D8 /* Release */ = {
			isa = XCBuildConfiguration;
			buildSettings = {
				ASSETCATALOG_COMPILER_APPICON_NAME = AppIcon;
				COMBINE_HIDPI_IMAGES = YES;
				INFOPLIST_FILE = "Tournament Buddy/Info.plist";
				LD_RUNPATH_SEARCH_PATHS = "$(inherited) @executable_path/../Frameworks";
				MACOSX_DEPLOYMENT_TARGET = 10.8;
				PRODUCT_NAME = "$(TARGET_NAME)";
				SDKROOT = macosx;
			};
			name = Release;
		};
/* End XCBuildConfiguration section */

/* Begin XCConfigurationList section */
		944FF4D11B3D04CA000362ED /* Build configuration list for PBXNativeTarget "TBPlayer" */ = {
			isa = XCConfigurationList;
			buildConfigurations = (
				944FF4CD1B3D04CA000362ED /* Debug */,
				944FF4CE1B3D04CA000362ED /* Release */,
			);
			defaultConfigurationIsVisible = 0;
			defaultConfigurationName = Release;
		};
		9476F4511B3C37D000A158F8 /* Build configuration list for PBXNativeTarget "TBRemote" */ = {
			isa = XCConfigurationList;
			buildConfigurations = (
				9476F44D1B3C37D000A158F8 /* Debug */,
				9476F44E1B3C37D000A158F8 /* Release */,
			);
			defaultConfigurationIsVisible = 0;
			defaultConfigurationName = Release;
		};
		9476F4CA1B3C3F3D00A158F8 /* Build configuration list for PBXNativeTarget "tournamentd" */ = {
			isa = XCConfigurationList;
			buildConfigurations = (
				9476F4CB1B3C3F3D00A158F8 /* Debug */,
				9476F4CC1B3C3F3D00A158F8 /* Release */,
			);
			defaultConfigurationIsVisible = 0;
			defaultConfigurationName = Release;
		};
		AD8E683E1A6C606700E5A4D8 /* Build configuration list for PBXProject "td" */ = {
			isa = XCConfigurationList;
			buildConfigurations = (
				AD8E68641A6C606700E5A4D8 /* Debug */,
				AD8E68651A6C606700E5A4D8 /* Release */,
			);
			defaultConfigurationIsVisible = 0;
			defaultConfigurationName = Release;
		};
		AD8E68661A6C606700E5A4D8 /* Build configuration list for PBXNativeTarget "Tournament Buddy" */ = {
			isa = XCConfigurationList;
			buildConfigurations = (
				AD8E68671A6C606700E5A4D8 /* Debug */,
				AD8E68681A6C606700E5A4D8 /* Release */,
			);
			defaultConfigurationIsVisible = 0;
			defaultConfigurationName = Release;
		};
/* End XCConfigurationList section */
	};
	rootObject = AD8E683B1A6C606700E5A4D8 /* Project object */;
}
